// !$*UTF8*$!
{
	archiveVersion = 1;
	classes = {
	};
	objectVersion = 46;
	objects = {

/* Begin PBXBuildFile section */
		95E588C81E1C588F00B05A52 /* AppDelegate.swift in Sources */ = {isa = PBXBuildFile; fileRef = 95E588C71E1C588F00B05A52 /* AppDelegate.swift */; };
		95E588CA1E1C588F00B05A52 /* ViewController.swift in Sources */ = {isa = PBXBuildFile; fileRef = 95E588C91E1C588F00B05A52 /* ViewController.swift */; };
		95E588CD1E1C588F00B05A52 /* Main.storyboard in Resources */ = {isa = PBXBuildFile; fileRef = 95E588CB1E1C588F00B05A52 /* Main.storyboard */; };
		95E588CF1E1C588F00B05A52 /* Assets.xcassets in Resources */ = {isa = PBXBuildFile; fileRef = 95E588CE1E1C588F00B05A52 /* Assets.xcassets */; };
		95E588D21E1C588F00B05A52 /* LaunchScreen.storyboard in Resources */ = {isa = PBXBuildFile; fileRef = 95E588D01E1C588F00B05A52 /* LaunchScreen.storyboard */; };
		95E588DA1E1C6D9900B05A52 /* Minecraft.ttf in Resources */ = {isa = PBXBuildFile; fileRef = 95E588D91E1C6D9900B05A52 /* Minecraft.ttf */; };
		95E588DC1E1C8D8300B05A52 /* btn.wav in Resources */ = {isa = PBXBuildFile; fileRef = 95E588DB1E1C8D8300B05A52 /* btn.wav */; };
/* End PBXBuildFile section */

/* Begin PBXFileReference section */
		95E588C41E1C588F00B05A52 /* RetroCalculator.app */ = {isa = PBXFileReference; explicitFileType = wrapper.application; includeInIndex = 0; path = RetroCalculator.app; sourceTree = BUILT_PRODUCTS_DIR; };
		95E588C71E1C588F00B05A52 /* AppDelegate.swift */ = {isa = PBXFileReference; lastKnownFileType = sourcecode.swift; path = AppDelegate.swift; sourceTree = "<group>"; };
		95E588C91E1C588F00B05A52 /* ViewController.swift */ = {isa = PBXFileReference; lastKnownFileType = sourcecode.swift; path = ViewController.swift; sourceTree = "<group>"; };
		95E588CC1E1C588F00B05A52 /* Base */ = {isa = PBXFileReference; lastKnownFileType = file.storyboard; name = Base; path = Base.lproj/Main.storyboard; sourceTree = "<group>"; };
		95E588CE1E1C588F00B05A52 /* Assets.xcassets */ = {isa = PBXFileReference; lastKnownFileType = folder.assetcatalog; path = Assets.xcassets; sourceTree = "<group>"; };
		95E588D11E1C588F00B05A52 /* Base */ = {isa = PBXFileReference; lastKnownFileType = file.storyboard; name = Base; path = Base.lproj/LaunchScreen.storyboard; sourceTree = "<group>"; };
		95E588D31E1C588F00B05A52 /* Info.plist */ = {isa = PBXFileReference; lastKnownFileType = text.plist.xml; path = Info.plist; sourceTree = "<group>"; };
		95E588D91E1C6D9900B05A52 /* Minecraft.ttf */ = {isa = PBXFileReference; lastKnownFileType = file; path = Minecraft.ttf; sourceTree = "<group>"; };
		95E588DB1E1C8D8300B05A52 /* btn.wav */ = {isa = PBXFileReference; lastKnownFileType = audio.wav; path = btn.wav; sourceTree = "<group>"; };
/* End PBXFileReference section */

/* Begin PBXFrameworksBuildPhase section */
		95E588C11E1C588F00B05A52 /* Frameworks */ = {
			isa = PBXFrameworksBuildPhase;
			buildActionMask = 2147483647;
			files = (
			);
			runOnlyForDeploymentPostprocessing = 0;
		};
/* End PBXFrameworksBuildPhase section */

/* Begin PBXGroup section */
		95E588BB1E1C588F00B05A52 = {
			isa = PBXGroup;
			children = (
				95E588C61E1C588F00B05A52 /* RetroCalculator */,
				95E588C51E1C588F00B05A52 /* Products */,
			);
			sourceTree = "<group>";
		};
		95E588C51E1C588F00B05A52 /* Products */ = {
			isa = PBXGroup;
			children = (
				95E588C41E1C588F00B05A52 /* RetroCalculator.app */,
			);
			name = Products;
			sourceTree = "<group>";
		};
		95E588C61E1C588F00B05A52 /* RetroCalculator */ = {
			isa = PBXGroup;
			children = (
				95E588DB1E1C8D8300B05A52 /* btn.wav */,
				95E588D91E1C6D9900B05A52 /* Minecraft.ttf */,
				95E588C71E1C588F00B05A52 /* AppDelegate.swift */,
				95E588C91E1C588F00B05A52 /* ViewController.swift */,
				95E588CB1E1C588F00B05A52 /* Main.storyboard */,
				95E588CE1E1C588F00B05A52 /* Assets.xcassets */,
				95E588D01E1C588F00B05A52 /* LaunchScreen.storyboard */,
				95E588D31E1C588F00B05A52 /* Info.plist */,
			);
			path = RetroCalculator;
			sourceTree = "<group>";
		};
/* End PBXGroup section */

/* Begin PBXNativeTarget section */
		95E588C31E1C588F00B05A52 /* RetroCalculator */ = {
			isa = PBXNativeTarget;
			buildConfigurationList = 95E588D61E1C588F00B05A52 /* Build configuration list for PBXNativeTarget "RetroCalculator" */;
			buildPhases = (
				95E588C01E1C588F00B05A52 /* Sources */,
				95E588C11E1C588F00B05A52 /* Frameworks */,
				95E588C21E1C588F00B05A52 /* Resources */,
			);
			buildRules = (
			);
			dependencies = (
			);
			name = RetroCalculator;
			productName = RetroCalculator;
			productReference = 95E588C41E1C588F00B05A52 /* RetroCalculator.app */;
			productType = "com.apple.product-type.application";
		};
/* End PBXNativeTarget section */

/* Begin PBXProject section */
		95E588BC1E1C588F00B05A52 /* Project object */ = {
			isa = PBXProject;
			attributes = {
				LastSwiftUpdateCheck = 0820;
				LastUpgradeCheck = 0820;
				ORGANIZATIONNAME = "Jeffrey Eng";
				TargetAttributes = {
					95E588C31E1C588F00B05A52 = {
						CreatedOnToolsVersion = 8.2.1;
						DevelopmentTeam = C24EPTZG2L;
						ProvisioningStyle = Automatic;
					};
				};
			};
			buildConfigurationList = 95E588BF1E1C588F00B05A52 /* Build configuration list for PBXProject "RetroCalculator" */;
			compatibilityVersion = "Xcode 3.2";
			developmentRegion = English;
			hasScannedForEncodings = 0;
			knownRegions = (
				en,
				Base,
			);
			mainGroup = 95E588BB1E1C588F00B05A52;
			productRefGroup = 95E588C51E1C588F00B05A52 /* Products */;
			projectDirPath = "";
			projectRoot = "";
			targets = (
				95E588C31E1C588F00B05A52 /* RetroCalculator */,
			);
		};
/* End PBXProject section */

/* Begin PBXResourcesBuildPhase section */
		95E588C21E1C588F00B05A52 /* Resources */ = {
			isa = PBXResourcesBuildPhase;
			buildActionMask = 2147483647;
			files = (
				95E588DC1E1C8D8300B05A52 /* btn.wav in Resources */,
				95E588D21E1C588F00B05A52 /* LaunchScreen.storyboard in Resources */,
				95E588CF1E1C588F00B05A52 /* Assets.xcassets in Resources */,
				95E588DA1E1C6D9900B05A52 /* Minecraft.ttf in Resources */,
				95E588CD1E1C588F00B05A52 /* Main.storyboard in Resources */,
			);
			runOnlyForDeploymentPostprocessing = 0;
		};
/* End PBXResourcesBuildPhase section */

/* Begin PBXSourcesBuildPhase section */
		95E588C01E1C588F00B05A52 /* Sources */ = {
			isa = PBXSourcesBuildPhase;
			buildActionMask = 2147483647;
			files = (
				95E588CA1E1C588F00B05A52 /* ViewController.swift in Sources */,
				95E588C81E1C588F00B05A52 /* AppDelegate.swift in Sources */,
			);
			runOnlyForDeploymentPostprocessing = 0;
		};
/* End PBXSourcesBuildPhase section */

/* Begin PBXVariantGroup section */
		95E588CB1E1C588F00B05A52 /* Main.storyboard */ = {
			isa = PBXVariantGroup;
			children = (
				95E588CC1E1C588F00B05A52 /* Base */,
			);
			name = Main.storyboard;
			sourceTree = "<group>";
		};
		95E588D01E1C588F00B05A52 /* LaunchScreen.storyboard */ = {
			isa = PBXVariantGroup;
			children = (
				95E588D11E1C588F00B05A52 /* Base */,
			);
			name = LaunchScreen.storyboard;
			sourceTree = "<group>";
		};
/* End PBXVariantGroup section */

/* Begin XCBuildConfiguration section */
		95E588D41E1C588F00B05A52 /* Debug */ = {
			isa = XCBuildConfiguration;
			buildSettings = {
				ALWAYS_SEARCH_USER_PATHS = NO;
				CLANG_ANALYZER_NONNULL = YES;
				CLANG_CXX_LANGUAGE_STANDARD = "gnu++0x";
				CLANG_CXX_LIBRARY = "libc++";
				CLANG_ENABLE_MODULES = YES;
				CLANG_ENABLE_OBJC_ARC = YES;
				CLANG_WARN_BOOL_CONVERSION = YES;
				CLANG_WARN_CONSTANT_CONVERSION = YES;
				CLANG_WARN_DIRECT_OBJC_ISA_USAGE = YES_ERROR;
				CLANG_WARN_DOCUMENTATION_COMMENTS = YES;
				CLANG_WARN_EMPTY_BODY = YES;
				CLANG_WARN_ENUM_CONVERSION = YES;
				CLANG_WARN_INFINITE_RECURSION = YES;
				CLANG_WARN_INT_CONVERSION = YES;
				CLANG_WARN_OBJC_ROOT_CLASS = YES_ERROR;
				CLANG_WARN_SUSPICIOUS_MOVE = YES;
				CLANG_WARN_UNREACHABLE_CODE = YES;
				CLANG_WARN__DUPLICATE_METHOD_MATCH = YES;
				"CODE_SIGN_IDENTITY[sdk=iphoneos*]" = "iPhone Developer";
				COPY_PHASE_STRIP = NO;
				DEBUG_INFORMATION_FORMAT = dwarf;
				ENABLE_STRICT_OBJC_MSGSEND = YES;
				ENABLE_TESTABILITY = YES;
				GCC_C_LANGUAGE_STANDARD = gnu99;
				GCC_DYNAMIC_NO_PIC = NO;
				GCC_NO_COMMON_BLOCKS = YES;
				GCC_OPTIMIZATION_LEVEL = 0;
				GCC_PREPROCESSOR_DEFINITIONS = (
					"DEBUG=1",
					"$(inherited)",
				);
				GCC_WARN_64_TO_32_BIT_CONVERSION = YES;
				GCC_WARN_ABOUT_RETURN_TYPE = YES_ERROR;
				GCC_WARN_UNDECLARED_SELECTOR = YES;
				GCC_WARN_UNINITIALIZED_AUTOS = YES_AGGRESSIVE;
				GCC_WARN_UNUSED_FUNCTION = YES;
				GCC_WARN_UNUSED_VARIABLE = YES;
				IPHONEOS_DEPLOYMENT_TARGET = 10.2;
				MTL_ENABLE_DEBUG_INFO = YES;
				ONLY_ACTIVE_ARCH = YES;
				SDKROOT = iphoneos;
				SWIFT_ACTIVE_COMPILATION_CONDITIONS = DEBUG;
				SWIFT_OPTIMIZATION_LEVEL = "-Onone";
				TARGETED_DEVICE_FAMILY = "1,2";
			};
			name = Debug;
		};
		95E588D51E1C588F00B05A52 /* Release */ = {
			isa = XCBuildConfiguration;
			buildSettings = {
				ALWAYS_SEARCH_USER_PATHS = NO;
				CLANG_ANALYZER_NONNULL = YES;
				CLANG_CXX_LANGUAGE_STANDARD = "gnu++0x";
				CLANG_CXX_LIBRARY = "libc++";
				CLANG_ENABLE_MODULES = YES;
				CLANG_ENABLE_OBJC_ARC = YES;
				CLANG_WARN_BOOL_CONVERSION = YES;
				CLANG_WARN_CONSTANT_CONVERSION = YES;
				CLANG_WARN_DIRECT_OBJC_ISA_USAGE = YES_ERROR;
				CLANG_WARN_DOCUMENTATION_COMMENTS = YES;
				CLANG_WARN_EMPTY_BODY = YES;
				CLANG_WARN_ENUM_CONVERSION = YES;
				CLANG_WARN_INFINITE_RECURSION = YES;
				CLANG_WARN_INT_CONVERSION = YES;
				CLANG_WARN_OBJC_ROOT_CLASS = YES_ERROR;
				CLANG_WARN_SUSPICIOUS_MOVE = YES;
				CLANG_WARN_UNREACHABLE_CODE = YES;
				CLANG_WARN__DUPLICATE_METHOD_MATCH = YES;
				"CODE_SIGN_IDENTITY[sdk=iphoneos*]" = "iPhone Developer";
				COPY_PHASE_STRIP = NO;
				DEBUG_INFORMATION_FORMAT = "dwarf-with-dsym";
				ENABLE_NS_ASSERTIONS = NO;
				ENABLE_STRICT_OBJC_MSGSEND = YES;
				GCC_C_LANGUAGE_STANDARD = gnu99;
				GCC_NO_COMMON_BLOCKS = YES;
				GCC_WARN_64_TO_32_BIT_CONVERSION = YES;
				GCC_WARN_ABOUT_RETURN_TYPE = YES_ERROR;
				GCC_WARN_UNDECLARED_SELECTOR = YES;
				GCC_WARN_UNINITIALIZED_AUTOS = YES_AGGRESSIVE;
				GCC_WARN_UNUSED_FUNCTION = YES;
				GCC_WARN_UNUSED_VARIABLE = YES;
				IPHONEOS_DEPLOYMENT_TARGET = 10.2;
				MTL_ENABLE_DEBUG_INFO = NO;
				SDKROOT = iphoneos;
				SWIFT_OPTIMIZATION_LEVEL = "-Owholemodule";
				TARGETED_DEVICE_FAMILY = "1,2";
				VALIDATE_PRODUCT = YES;
			};
			name = Release;
		};
		95E588D71E1C588F00B05A52 /* Debug */ = {
			isa = XCBuildConfiguration;
			buildSettings = {
				ASSETCATALOG_COMPILER_APPICON_NAME = AppIcon;
				DEVELOPMENT_TEAM = C24EPTZG2L;
				INFOPLIST_FILE = RetroCalculator/Info.plist;
				IPHONEOS_DEPLOYMENT_TARGET = 10.1;
				LD_RUNPATH_SEARCH_PATHS = "$(inherited) @executable_path/Frameworks";
				PRODUCT_BUNDLE_IDENTIFIER = com.jeffeng.RetroCalculator;
				PRODUCT_NAME = "$(TARGET_NAME)";
				SWIFT_VERSION = 3.0;
			};
			name = Debug;
		};
		95E588D81E1C588F00B05A52 /* Release */ = {
			isa = XCBuildConfiguration;
			buildSettings = {
				ASSETCATALOG_COMPILER_APPICON_NAME = AppIcon;
				DEVELOPMENT_TEAM = C24EPTZG2L;
				INFOPLIST_FILE = RetroCalculator/Info.plist;
				IPHONEOS_DEPLOYMENT_TARGET = 10.1;
				LD_RUNPATH_SEARCH_PATHS = "$(inherited) @executable_path/Frameworks";
				PRODUCT_BUNDLE_IDENTIFIER = com.jeffeng.RetroCalculator;
				PRODUCT_NAME = "$(TARGET_NAME)";
				SWIFT_VERSION = 3.0;
			};
			name = Release;
		};
/* End XCBuildConfiguration section */

/* Begin XCConfigurationList section */
		95E588BF1E1C588F00B05A52 /* Build configuration list for PBXProject "RetroCalculator" */ = {
			isa = XCConfigurationList;
			buildConfigurations = (
				95E588D41E1C588F00B05A52 /* Debug */,
				95E588D51E1C588F00B05A52 /* Release */,
			);
			defaultConfigurationIsVisible = 0;
			defaultConfigurationName = Release;
		};
		95E588D61E1C588F00B05A52 /* Build configuration list for PBXNativeTarget "RetroCalculator" */ = {
			isa = XCConfigurationList;
			buildConfigurations = (
				95E588D71E1C588F00B05A52 /* Debug */,
				95E588D81E1C588F00B05A52 /* Release */,
			);
			defaultConfigurationIsVisible = 0;
			defaultConfigurationName = Release;
		};
/* End XCConfigurationList section */
	};
	rootObject = 95E588BC1E1C588F00B05A52 /* Project object */;
}
