// !$*UTF8*$!
{
	archiveVersion = 1;
	classes = {
	};
	objectVersion = 46;
	objects = {

/* Begin PBXBuildFile section */
		95220F531EA7DD3A00391593 /* main.m in Sources */ = {isa = PBXBuildFile; fileRef = 95220F521EA7DD3A00391593 /* main.m */; };
		95220F561EA7DD3A00391593 /* AppDelegate.m in Sources */ = {isa = PBXBuildFile; fileRef = 95220F551EA7DD3A00391593 /* AppDelegate.m */; };
		95220F591EA7DD3A00391593 /* ViewController.m in Sources */ = {isa = PBXBuildFile; fileRef = 95220F581EA7DD3A00391593 /* ViewController.m */; };
		95220F5C1EA7DD3A00391593 /* Main.storyboard in Resources */ = {isa = PBXBuildFile; fileRef = 95220F5A1EA7DD3A00391593 /* Main.storyboard */; };
		95220F5E1EA7DD3A00391593 /* Assets.xcassets in Resources */ = {isa = PBXBuildFile; fileRef = 95220F5D1EA7DD3A00391593 /* Assets.xcassets */; };
		95220F611EA7DD3A00391593 /* LaunchScreen.storyboard in Resources */ = {isa = PBXBuildFile; fileRef = 95220F5F1EA7DD3A00391593 /* LaunchScreen.storyboard */; };
/* End PBXBuildFile section */

/* Begin PBXFileReference section */
		95220F4E1EA7DD3A00391593 /* ClassAnatomy.app */ = {isa = PBXFileReference; explicitFileType = wrapper.application; includeInIndex = 0; path = ClassAnatomy.app; sourceTree = BUILT_PRODUCTS_DIR; };
		95220F521EA7DD3A00391593 /* main.m */ = {isa = PBXFileReference; lastKnownFileType = sourcecode.c.objc; path = main.m; sourceTree = "<group>"; };
		95220F541EA7DD3A00391593 /* AppDelegate.h */ = {isa = PBXFileReference; lastKnownFileType = sourcecode.c.h; path = AppDelegate.h; sourceTree = "<group>"; };
		95220F551EA7DD3A00391593 /* AppDelegate.m */ = {isa = PBXFileReference; lastKnownFileType = sourcecode.c.objc; path = AppDelegate.m; sourceTree = "<group>"; };
		95220F571EA7DD3A00391593 /* ViewController.h */ = {isa = PBXFileReference; lastKnownFileType = sourcecode.c.h; path = ViewController.h; sourceTree = "<group>"; };
		95220F581EA7DD3A00391593 /* ViewController.m */ = {isa = PBXFileReference; lastKnownFileType = sourcecode.c.objc; path = ViewController.m; sourceTree = "<group>"; };
		95220F5B1EA7DD3A00391593 /* Base */ = {isa = PBXFileReference; lastKnownFileType = file.storyboard; name = Base; path = Base.lproj/Main.storyboard; sourceTree = "<group>"; };
		95220F5D1EA7DD3A00391593 /* Assets.xcassets */ = {isa = PBXFileReference; lastKnownFileType = folder.assetcatalog; path = Assets.xcassets; sourceTree = "<group>"; };
		95220F601EA7DD3A00391593 /* Base */ = {isa = PBXFileReference; lastKnownFileType = file.storyboard; name = Base; path = Base.lproj/LaunchScreen.storyboard; sourceTree = "<group>"; };
		95220F621EA7DD3A00391593 /* Info.plist */ = {isa = PBXFileReference; lastKnownFileType = text.plist.xml; path = Info.plist; sourceTree = "<group>"; };
/* End PBXFileReference section */

/* Begin PBXFrameworksBuildPhase section */
		95220F4B1EA7DD3A00391593 /* Frameworks */ = {
			isa = PBXFrameworksBuildPhase;
			buildActionMask = 2147483647;
			files = (
			);
			runOnlyForDeploymentPostprocessing = 0;
		};
/* End PBXFrameworksBuildPhase section */

/* Begin PBXGroup section */
		95220F451EA7DD3A00391593 = {
			isa = PBXGroup;
			children = (
				95220F501EA7DD3A00391593 /* ClassAnatomy */,
				95220F4F1EA7DD3A00391593 /* Products */,
			);
			sourceTree = "<group>";
		};
		95220F4F1EA7DD3A00391593 /* Products */ = {
			isa = PBXGroup;
			children = (
				95220F4E1EA7DD3A00391593 /* ClassAnatomy.app */,
			);
			name = Products;
			sourceTree = "<group>";
		};
		95220F501EA7DD3A00391593 /* ClassAnatomy */ = {
			isa = PBXGroup;
			children = (
				95220F541EA7DD3A00391593 /* AppDelegate.h */,
				95220F551EA7DD3A00391593 /* AppDelegate.m */,
				95220F571EA7DD3A00391593 /* ViewController.h */,
				95220F581EA7DD3A00391593 /* ViewController.m */,
				95220F5A1EA7DD3A00391593 /* Main.storyboard */,
				95220F5D1EA7DD3A00391593 /* Assets.xcassets */,
				95220F5F1EA7DD3A00391593 /* LaunchScreen.storyboard */,
				95220F621EA7DD3A00391593 /* Info.plist */,
				95220F511EA7DD3A00391593 /* Supporting Files */,
			);
			path = ClassAnatomy;
			sourceTree = "<group>";
		};
		95220F511EA7DD3A00391593 /* Supporting Files */ = {
			isa = PBXGroup;
			children = (
				95220F521EA7DD3A00391593 /* main.m */,
			);
			name = "Supporting Files";
			sourceTree = "<group>";
		};
/* End PBXGroup section */

/* Begin PBXNativeTarget section */
		95220F4D1EA7DD3A00391593 /* ClassAnatomy */ = {
			isa = PBXNativeTarget;
			buildConfigurationList = 95220F651EA7DD3A00391593 /* Build configuration list for PBXNativeTarget "ClassAnatomy" */;
			buildPhases = (
				95220F4A1EA7DD3A00391593 /* Sources */,
				95220F4B1EA7DD3A00391593 /* Frameworks */,
				95220F4C1EA7DD3A00391593 /* Resources */,
			);
			buildRules = (
			);
			dependencies = (
			);
			name = ClassAnatomy;
			productName = ClassAnatomy;
			productReference = 95220F4E1EA7DD3A00391593 /* ClassAnatomy.app */;
			productType = "com.apple.product-type.application";
		};
/* End PBXNativeTarget section */

/* Begin PBXProject section */
		95220F461EA7DD3A00391593 /* Project object */ = {
			isa = PBXProject;
			attributes = {
				LastUpgradeCheck = 0830;
				ORGANIZATIONNAME = "Jeffrey Eng";
				TargetAttributes = {
					95220F4D1EA7DD3A00391593 = {
						CreatedOnToolsVersion = 8.3.1;
						ProvisioningStyle = Manual;
					};
				};
			};
			buildConfigurationList = 95220F491EA7DD3A00391593 /* Build configuration list for PBXProject "ClassAnatomy" */;
			compatibilityVersion = "Xcode 3.2";
			developmentRegion = English;
			hasScannedForEncodings = 0;
			knownRegions = (
				en,
				Base,
			);
			mainGroup = 95220F451EA7DD3A00391593;
			productRefGroup = 95220F4F1EA7DD3A00391593 /* Products */;
			projectDirPath = "";
			projectRoot = "";
			targets = (
				95220F4D1EA7DD3A00391593 /* ClassAnatomy */,
			);
		};
/* End PBXProject section */

/* Begin PBXResourcesBuildPhase section */
		95220F4C1EA7DD3A00391593 /* Resources */ = {
			isa = PBXResourcesBuildPhase;
			buildActionMask = 2147483647;
			files = (
				95220F611EA7DD3A00391593 /* LaunchScreen.storyboard in Resources */,
				95220F5E1EA7DD3A00391593 /* Assets.xcassets in Resources */,
				95220F5C1EA7DD3A00391593 /* Main.storyboard in Resources */,
			);
			runOnlyForDeploymentPostprocessing = 0;
		};
/* End PBXResourcesBuildPhase section */

/* Begin PBXSourcesBuildPhase section */
		95220F4A1EA7DD3A00391593 /* Sources */ = {
			isa = PBXSourcesBuildPhase;
			buildActionMask = 2147483647;
			files = (
				95220F591EA7DD3A00391593 /* ViewController.m in Sources */,
				95220F561EA7DD3A00391593 /* AppDelegate.m in Sources */,
				95220F531EA7DD3A00391593 /* main.m in Sources */,
			);
			runOnlyForDeploymentPostprocessing = 0;
		};
/* End PBXSourcesBuildPhase section */

/* Begin PBXVariantGroup section */
		95220F5A1EA7DD3A00391593 /* Main.storyboard */ = {
			isa = PBXVariantGroup;
			children = (
				95220F5B1EA7DD3A00391593 /* Base */,
			);
			name = Main.storyboard;
			sourceTree = "<group>";
		};
		95220F5F1EA7DD3A00391593 /* LaunchScreen.storyboard */ = {
			isa = PBXVariantGroup;
			children = (
				95220F601EA7DD3A00391593 /* Base */,
			);
			name = LaunchScreen.storyboard;
			sourceTree = "<group>";
		};
/* End PBXVariantGroup section */

/* Begin XCBuildConfiguration section */
		95220F631EA7DD3A00391593 /* Debug */ = {
			isa = XCBuildConfiguration;
			buildSettings = {
				ALWAYS_SEARCH_USER_PATHS = NO;
				CLANG_ANALYZER_NONNULL = YES;
				CLANG_ANALYZER_NUMBER_OBJECT_CONVERSION = YES_AGGRESSIVE;
				CLANG_CXX_LANGUAGE_STANDARD = "gnu++0x";
				CLANG_CXX_LIBRARY = "libc++";
				CLANG_ENABLE_MODULES = YES;
				CLANG_ENABLE_OBJC_ARC = YES;
				CLANG_WARN_BOOL_CONVERSION = YES;
				CLANG_WARN_CONSTANT_CONVERSION = YES;
				CLANG_WARN_DIRECT_OBJC_ISA_USAGE = YES_ERROR;
				CLANG_WARN_DOCUMENTATION_COMMENTS = YES;
				CLANG_WARN_EMPTY_BODY = YES;
				CLANG_WARN_ENUM_CONVERSION = YES;
				CLANG_WARN_INFINITE_RECURSION = YES;
				CLANG_WARN_INT_CONVERSION = YES;
				CLANG_WARN_OBJC_ROOT_CLASS = YES_ERROR;
				CLANG_WARN_SUSPICIOUS_MOVE = YES;
				CLANG_WARN_UNREACHABLE_CODE = YES;
				CLANG_WARN__DUPLICATE_METHOD_MATCH = YES;
				"CODE_SIGN_IDENTITY[sdk=iphoneos*]" = "iPhone Developer";
				COPY_PHASE_STRIP = NO;
				DEBUG_INFORMATION_FORMAT = dwarf;
				ENABLE_STRICT_OBJC_MSGSEND = YES;
				ENABLE_TESTABILITY = YES;
				GCC_C_LANGUAGE_STANDARD = gnu99;
				GCC_DYNAMIC_NO_PIC = NO;
				GCC_NO_COMMON_BLOCKS = YES;
				GCC_OPTIMIZATION_LEVEL = 0;
				GCC_PREPROCESSOR_DEFINITIONS = (
					"DEBUG=1",
					"$(inherited)",
				);
				GCC_WARN_64_TO_32_BIT_CONVERSION = YES;
				GCC_WARN_ABOUT_RETURN_TYPE = YES_ERROR;
				GCC_WARN_UNDECLARED_SELECTOR = YES;
				GCC_WARN_UNINITIALIZED_AUTOS = YES_AGGRESSIVE;
				GCC_WARN_UNUSED_FUNCTION = YES;
				GCC_WARN_UNUSED_VARIABLE = YES;
				IPHONEOS_DEPLOYMENT_TARGET = 10.3;
				MTL_ENABLE_DEBUG_INFO = YES;
				ONLY_ACTIVE_ARCH = YES;
				SDKROOT = iphoneos;
				TARGETED_DEVICE_FAMILY = "1,2";
			};
			name = Debug;
		};
		95220F641EA7DD3A00391593 /* Release */ = {
			isa = XCBuildConfiguration;
			buildSettings = {
				ALWAYS_SEARCH_USER_PATHS = NO;
				CLANG_ANALYZER_NONNULL = YES;
				CLANG_ANALYZER_NUMBER_OBJECT_CONVERSION = YES_AGGRESSIVE;
				CLANG_CXX_LANGUAGE_STANDARD = "gnu++0x";
				CLANG_CXX_LIBRARY = "libc++";
				CLANG_ENABLE_MODULES = YES;
				CLANG_ENABLE_OBJC_ARC = YES;
				CLANG_WARN_BOOL_CONVERSION = YES;
				CLANG_WARN_CONSTANT_CONVERSION = YES;
				CLANG_WARN_DIRECT_OBJC_ISA_USAGE = YES_ERROR;
				CLANG_WARN_DOCUMENTATION_COMMENTS = YES;
				CLANG_WARN_EMPTY_BODY = YES;
				CLANG_WARN_ENUM_CONVERSION = YES;
				CLANG_WARN_INFINITE_RECURSION = YES;
				CLANG_WARN_INT_CONVERSION = YES;
				CLANG_WARN_OBJC_ROOT_CLASS = YES_ERROR;
				CLANG_WARN_SUSPICIOUS_MOVE = YES;
				CLANG_WARN_UNREACHABLE_CODE = YES;
				CLANG_WARN__DUPLICATE_METHOD_MATCH = YES;
				"CODE_SIGN_IDENTITY[sdk=iphoneos*]" = "iPhone Developer";
				COPY_PHASE_STRIP = NO;
				DEBUG_INFORMATION_FORMAT = "dwarf-with-dsym";
				ENABLE_NS_ASSERTIONS = NO;
				ENABLE_STRICT_OBJC_MSGSEND = YES;
				GCC_C_LANGUAGE_STANDARD = gnu99;
				GCC_NO_COMMON_BLOCKS = YES;
				GCC_WARN_64_TO_32_BIT_CONVERSION = YES;
				GCC_WARN_ABOUT_RETURN_TYPE = YES_ERROR;
				GCC_WARN_UNDECLARED_SELECTOR = YES;
				GCC_WARN_UNINITIALIZED_AUTOS = YES_AGGRESSIVE;
				GCC_WARN_UNUSED_FUNCTION = YES;
				GCC_WARN_UNUSED_VARIABLE = YES;
				IPHONEOS_DEPLOYMENT_TARGET = 10.3;
				MTL_ENABLE_DEBUG_INFO = NO;
				SDKROOT = iphoneos;
				TARGETED_DEVICE_FAMILY = "1,2";
				VALIDATE_PRODUCT = YES;
			};
			name = Release;
		};
		95220F661EA7DD3A00391593 /* Debug */ = {
			isa = XCBuildConfiguration;
			buildSettings = {
				ASSETCATALOG_COMPILER_APPICON_NAME = AppIcon;
				DEVELOPMENT_TEAM = "";
				INFOPLIST_FILE = ClassAnatomy/Info.plist;
				LD_RUNPATH_SEARCH_PATHS = "$(inherited) @executable_path/Frameworks";
				PRODUCT_BUNDLE_IDENTIFIER = com.jeffeng.ClassAnatomy;
				PRODUCT_NAME = "$(TARGET_NAME)";
				PROVISIONING_PROFILE_SPECIFIER = "";
			};
			name = Debug;
		};
		95220F671EA7DD3A00391593 /* Release */ = {
			isa = XCBuildConfiguration;
			buildSettings = {
				ASSETCATALOG_COMPILER_APPICON_NAME = AppIcon;
				DEVELOPMENT_TEAM = "";
				INFOPLIST_FILE = ClassAnatomy/Info.plist;
				LD_RUNPATH_SEARCH_PATHS = "$(inherited) @executable_path/Frameworks";
				PRODUCT_BUNDLE_IDENTIFIER = com.jeffeng.ClassAnatomy;
				PRODUCT_NAME = "$(TARGET_NAME)";
				PROVISIONING_PROFILE_SPECIFIER = "";
			};
			name = Release;
		};
/* End XCBuildConfiguration section */

/* Begin XCConfigurationList section */
		95220F491EA7DD3A00391593 /* Build configuration list for PBXProject "ClassAnatomy" */ = {
			isa = XCConfigurationList;
			buildConfigurations = (
				95220F631EA7DD3A00391593 /* Debug */,
				95220F641EA7DD3A00391593 /* Release */,
			);
			defaultConfigurationIsVisible = 0;
			defaultConfigurationName = Release;
		};
		95220F651EA7DD3A00391593 /* Build configuration list for PBXNativeTarget "ClassAnatomy" */ = {
			isa = XCConfigurationList;
			buildConfigurations = (
				95220F661EA7DD3A00391593 /* Debug */,
				95220F671EA7DD3A00391593 /* Release */,
			);
			defaultConfigurationIsVisible = 0;
			defaultConfigurationName = Release;
		};
/* End XCConfigurationList section */
	};
	rootObject = 95220F461EA7DD3A00391593 /* Project object */;
}
