// !$*UTF8*$!
{
	archiveVersion = 1;
	classes = {
	};
	objectVersion = 46;
	objects = {

/* Begin PBXBuildFile section */
		95CCF1691E5233CC0081733D /* AppDelegate.swift in Sources */ = {isa = PBXBuildFile; fileRef = 95CCF1681E5233CC0081733D /* AppDelegate.swift */; };
		95CCF16E1E5233CC0081733D /* Main.storyboard in Resources */ = {isa = PBXBuildFile; fileRef = 95CCF16C1E5233CC0081733D /* Main.storyboard */; };
		95CCF1701E5233CC0081733D /* Assets.xcassets in Resources */ = {isa = PBXBuildFile; fileRef = 95CCF16F1E5233CC0081733D /* Assets.xcassets */; };
		95CCF1731E5233CC0081733D /* LaunchScreen.storyboard in Resources */ = {isa = PBXBuildFile; fileRef = 95CCF1711E5233CC0081733D /* LaunchScreen.storyboard */; };
		95CCF1811E5236520081733D /* MainVC.swift in Sources */ = {isa = PBXBuildFile; fileRef = 95CCF1801E5236520081733D /* MainVC.swift */; };
		95CCF1831E5240EE0081733D /* DropShadow.swift in Sources */ = {isa = PBXBuildFile; fileRef = 95CCF1821E5240EE0081733D /* DropShadow.swift */; };
		95CCF1851E52477E0081733D /* HeaderView.swift in Sources */ = {isa = PBXBuildFile; fileRef = 95CCF1841E52477E0081733D /* HeaderView.swift */; };
		95CCF1871E526D420081733D /* Taco.swift in Sources */ = {isa = PBXBuildFile; fileRef = 95CCF1861E526D420081733D /* Taco.swift */; };
		95CCF1891E5277FF0081733D /* DataService.swift in Sources */ = {isa = PBXBuildFile; fileRef = 95CCF1881E5277FF0081733D /* DataService.swift */; };
		95CCF18C1E52907A0081733D /* TacoCell.swift in Sources */ = {isa = PBXBuildFile; fileRef = 95CCF18A1E52907A0081733D /* TacoCell.swift */; };
		95CCF18D1E52907A0081733D /* TacoCell.xib in Resources */ = {isa = PBXBuildFile; fileRef = 95CCF18B1E52907A0081733D /* TacoCell.xib */; };
/* End PBXBuildFile section */

/* Begin PBXFileReference section */
		95CCF1651E5233CC0081733D /* TacoPOP.app */ = {isa = PBXFileReference; explicitFileType = wrapper.application; includeInIndex = 0; path = TacoPOP.app; sourceTree = BUILT_PRODUCTS_DIR; };
		95CCF1681E5233CC0081733D /* AppDelegate.swift */ = {isa = PBXFileReference; lastKnownFileType = sourcecode.swift; path = AppDelegate.swift; sourceTree = "<group>"; };
		95CCF16D1E5233CC0081733D /* Base */ = {isa = PBXFileReference; lastKnownFileType = file.storyboard; name = Base; path = Base.lproj/Main.storyboard; sourceTree = "<group>"; };
		95CCF16F1E5233CC0081733D /* Assets.xcassets */ = {isa = PBXFileReference; lastKnownFileType = folder.assetcatalog; path = Assets.xcassets; sourceTree = "<group>"; };
		95CCF1721E5233CC0081733D /* Base */ = {isa = PBXFileReference; lastKnownFileType = file.storyboard; name = Base; path = Base.lproj/LaunchScreen.storyboard; sourceTree = "<group>"; };
		95CCF1741E5233CC0081733D /* Info.plist */ = {isa = PBXFileReference; lastKnownFileType = text.plist.xml; path = Info.plist; sourceTree = "<group>"; };
		95CCF1801E5236520081733D /* MainVC.swift */ = {isa = PBXFileReference; fileEncoding = 4; lastKnownFileType = sourcecode.swift; path = MainVC.swift; sourceTree = "<group>"; };
		95CCF1821E5240EE0081733D /* DropShadow.swift */ = {isa = PBXFileReference; fileEncoding = 4; lastKnownFileType = sourcecode.swift; path = DropShadow.swift; sourceTree = "<group>"; };
		95CCF1841E52477E0081733D /* HeaderView.swift */ = {isa = PBXFileReference; fileEncoding = 4; lastKnownFileType = sourcecode.swift; path = HeaderView.swift; sourceTree = "<group>"; };
		95CCF1861E526D420081733D /* Taco.swift */ = {isa = PBXFileReference; fileEncoding = 4; lastKnownFileType = sourcecode.swift; path = Taco.swift; sourceTree = "<group>"; };
		95CCF1881E5277FF0081733D /* DataService.swift */ = {isa = PBXFileReference; fileEncoding = 4; lastKnownFileType = sourcecode.swift; path = DataService.swift; sourceTree = "<group>"; };
		95CCF18A1E52907A0081733D /* TacoCell.swift */ = {isa = PBXFileReference; fileEncoding = 4; lastKnownFileType = sourcecode.swift; path = TacoCell.swift; sourceTree = "<group>"; };
		95CCF18B1E52907A0081733D /* TacoCell.xib */ = {isa = PBXFileReference; fileEncoding = 4; lastKnownFileType = file.xib; path = TacoCell.xib; sourceTree = "<group>"; };
/* End PBXFileReference section */

/* Begin PBXFrameworksBuildPhase section */
		95CCF1621E5233CC0081733D /* Frameworks */ = {
			isa = PBXFrameworksBuildPhase;
			buildActionMask = 2147483647;
			files = (
			);
			runOnlyForDeploymentPostprocessing = 0;
		};
/* End PBXFrameworksBuildPhase section */

/* Begin PBXGroup section */
		95CCF15C1E5233CC0081733D = {
			isa = PBXGroup;
			children = (
				95CCF1671E5233CC0081733D /* TacoPOP */,
				95CCF1661E5233CC0081733D /* Products */,
			);
			sourceTree = "<group>";
		};
		95CCF1661E5233CC0081733D /* Products */ = {
			isa = PBXGroup;
			children = (
				95CCF1651E5233CC0081733D /* TacoPOP.app */,
			);
			name = Products;
			sourceTree = "<group>";
		};
		95CCF1671E5233CC0081733D /* TacoPOP */ = {
			isa = PBXGroup;
			children = (
				95CCF17E1E52353B0081733D /* Protocols */,
				95CCF17F1E52354A0081733D /* Extensions */,
				95CCF17C1E5233ED0081733D /* Model */,
				95CCF17B1E5233E60081733D /* View */,
				95CCF17A1E5233DF0081733D /* Controller */,
				95CCF17D1E5235240081733D /* Resources */,
				95CCF1681E5233CC0081733D /* AppDelegate.swift */,
				95CCF16C1E5233CC0081733D /* Main.storyboard */,
				95CCF16F1E5233CC0081733D /* Assets.xcassets */,
				95CCF1711E5233CC0081733D /* LaunchScreen.storyboard */,
				95CCF1741E5233CC0081733D /* Info.plist */,
			);
			path = TacoPOP;
			sourceTree = "<group>";
		};
		95CCF17A1E5233DF0081733D /* Controller */ = {
			isa = PBXGroup;
			children = (
				95CCF1801E5236520081733D /* MainVC.swift */,
			);
			name = Controller;
			sourceTree = "<group>";
		};
		95CCF17B1E5233E60081733D /* View */ = {
			isa = PBXGroup;
			children = (
				95CCF1841E52477E0081733D /* HeaderView.swift */,
				95CCF18A1E52907A0081733D /* TacoCell.swift */,
				95CCF18B1E52907A0081733D /* TacoCell.xib */,
			);
			name = View;
			sourceTree = "<group>";
		};
		95CCF17C1E5233ED0081733D /* Model */ = {
			isa = PBXGroup;
			children = (
				95CCF1861E526D420081733D /* Taco.swift */,
				95CCF1881E5277FF0081733D /* DataService.swift */,
			);
			name = Model;
			sourceTree = "<group>";
		};
		95CCF17D1E5235240081733D /* Resources */ = {
			isa = PBXGroup;
			children = (
			);
			name = Resources;
			sourceTree = "<group>";
		};
		95CCF17E1E52353B0081733D /* Protocols */ = {
			isa = PBXGroup;
			children = (
				95CCF1821E5240EE0081733D /* DropShadow.swift */,
			);
			name = Protocols;
			sourceTree = "<group>";
		};
		95CCF17F1E52354A0081733D /* Extensions */ = {
			isa = PBXGroup;
			children = (
			);
			name = Extensions;
			sourceTree = "<group>";
		};
/* End PBXGroup section */

/* Begin PBXNativeTarget section */
		95CCF1641E5233CC0081733D /* TacoPOP */ = {
			isa = PBXNativeTarget;
			buildConfigurationList = 95CCF1771E5233CC0081733D /* Build configuration list for PBXNativeTarget "TacoPOP" */;
			buildPhases = (
				95CCF1611E5233CC0081733D /* Sources */,
				95CCF1621E5233CC0081733D /* Frameworks */,
				95CCF1631E5233CC0081733D /* Resources */,
			);
			buildRules = (
			);
			dependencies = (
			);
			name = TacoPOP;
			productName = TacoPOP;
			productReference = 95CCF1651E5233CC0081733D /* TacoPOP.app */;
			productType = "com.apple.product-type.application";
		};
/* End PBXNativeTarget section */

/* Begin PBXProject section */
		95CCF15D1E5233CC0081733D /* Project object */ = {
			isa = PBXProject;
			attributes = {
				LastSwiftUpdateCheck = 0820;
				LastUpgradeCheck = 0820;
				ORGANIZATIONNAME = "Jeffrey Eng";
				TargetAttributes = {
					95CCF1641E5233CC0081733D = {
						CreatedOnToolsVersion = 8.2.1;
						DevelopmentTeam = C24EPTZG2L;
						ProvisioningStyle = Automatic;
					};
				};
			};
			buildConfigurationList = 95CCF1601E5233CC0081733D /* Build configuration list for PBXProject "TacoPOP" */;
			compatibilityVersion = "Xcode 3.2";
			developmentRegion = English;
			hasScannedForEncodings = 0;
			knownRegions = (
				en,
				Base,
			);
			mainGroup = 95CCF15C1E5233CC0081733D;
			productRefGroup = 95CCF1661E5233CC0081733D /* Products */;
			projectDirPath = "";
			projectRoot = "";
			targets = (
				95CCF1641E5233CC0081733D /* TacoPOP */,
			);
		};
/* End PBXProject section */

/* Begin PBXResourcesBuildPhase section */
		95CCF1631E5233CC0081733D /* Resources */ = {
			isa = PBXResourcesBuildPhase;
			buildActionMask = 2147483647;
			files = (
				95CCF18D1E52907A0081733D /* TacoCell.xib in Resources */,
				95CCF1731E5233CC0081733D /* LaunchScreen.storyboard in Resources */,
				95CCF1701E5233CC0081733D /* Assets.xcassets in Resources */,
				95CCF16E1E5233CC0081733D /* Main.storyboard in Resources */,
			);
			runOnlyForDeploymentPostprocessing = 0;
		};
/* End PBXResourcesBuildPhase section */

/* Begin PBXSourcesBuildPhase section */
		95CCF1611E5233CC0081733D /* Sources */ = {
			isa = PBXSourcesBuildPhase;
			buildActionMask = 2147483647;
			files = (
				95CCF18C1E52907A0081733D /* TacoCell.swift in Sources */,
				95CCF1691E5233CC0081733D /* AppDelegate.swift in Sources */,
				95CCF1831E5240EE0081733D /* DropShadow.swift in Sources */,
				95CCF1811E5236520081733D /* MainVC.swift in Sources */,
				95CCF1891E5277FF0081733D /* DataService.swift in Sources */,
				95CCF1871E526D420081733D /* Taco.swift in Sources */,
				95CCF1851E52477E0081733D /* HeaderView.swift in Sources */,
			);
			runOnlyForDeploymentPostprocessing = 0;
		};
/* End PBXSourcesBuildPhase section */

/* Begin PBXVariantGroup section */
		95CCF16C1E5233CC0081733D /* Main.storyboard */ = {
			isa = PBXVariantGroup;
			children = (
				95CCF16D1E5233CC0081733D /* Base */,
			);
			name = Main.storyboard;
			sourceTree = "<group>";
		};
		95CCF1711E5233CC0081733D /* LaunchScreen.storyboard */ = {
			isa = PBXVariantGroup;
			children = (
				95CCF1721E5233CC0081733D /* Base */,
			);
			name = LaunchScreen.storyboard;
			sourceTree = "<group>";
		};
/* End PBXVariantGroup section */

/* Begin XCBuildConfiguration section */
		95CCF1751E5233CC0081733D /* Debug */ = {
			isa = XCBuildConfiguration;
			buildSettings = {
				ALWAYS_SEARCH_USER_PATHS = NO;
				CLANG_ANALYZER_NONNULL = YES;
				CLANG_CXX_LANGUAGE_STANDARD = "gnu++0x";
				CLANG_CXX_LIBRARY = "libc++";
				CLANG_ENABLE_MODULES = YES;
				CLANG_ENABLE_OBJC_ARC = YES;
				CLANG_WARN_BOOL_CONVERSION = YES;
				CLANG_WARN_CONSTANT_CONVERSION = YES;
				CLANG_WARN_DIRECT_OBJC_ISA_USAGE = YES_ERROR;
				CLANG_WARN_DOCUMENTATION_COMMENTS = YES;
				CLANG_WARN_EMPTY_BODY = YES;
				CLANG_WARN_ENUM_CONVERSION = YES;
				CLANG_WARN_INFINITE_RECURSION = YES;
				CLANG_WARN_INT_CONVERSION = YES;
				CLANG_WARN_OBJC_ROOT_CLASS = YES_ERROR;
				CLANG_WARN_SUSPICIOUS_MOVE = YES;
				CLANG_WARN_UNREACHABLE_CODE = YES;
				CLANG_WARN__DUPLICATE_METHOD_MATCH = YES;
				"CODE_SIGN_IDENTITY[sdk=iphoneos*]" = "iPhone Developer";
				COPY_PHASE_STRIP = NO;
				DEBUG_INFORMATION_FORMAT = dwarf;
				ENABLE_STRICT_OBJC_MSGSEND = YES;
				ENABLE_TESTABILITY = YES;
				GCC_C_LANGUAGE_STANDARD = gnu99;
				GCC_DYNAMIC_NO_PIC = NO;
				GCC_NO_COMMON_BLOCKS = YES;
				GCC_OPTIMIZATION_LEVEL = 0;
				GCC_PREPROCESSOR_DEFINITIONS = (
					"DEBUG=1",
					"$(inherited)",
				);
				GCC_WARN_64_TO_32_BIT_CONVERSION = YES;
				GCC_WARN_ABOUT_RETURN_TYPE = YES_ERROR;
				GCC_WARN_UNDECLARED_SELECTOR = YES;
				GCC_WARN_UNINITIALIZED_AUTOS = YES_AGGRESSIVE;
				GCC_WARN_UNUSED_FUNCTION = YES;
				GCC_WARN_UNUSED_VARIABLE = YES;
				IPHONEOS_DEPLOYMENT_TARGET = 10.2;
				MTL_ENABLE_DEBUG_INFO = YES;
				ONLY_ACTIVE_ARCH = YES;
				SDKROOT = iphoneos;
				SWIFT_ACTIVE_COMPILATION_CONDITIONS = DEBUG;
				SWIFT_OPTIMIZATION_LEVEL = "-Onone";
				TARGETED_DEVICE_FAMILY = "1,2";
			};
			name = Debug;
		};
		95CCF1761E5233CC0081733D /* Release */ = {
			isa = XCBuildConfiguration;
			buildSettings = {
				ALWAYS_SEARCH_USER_PATHS = NO;
				CLANG_ANALYZER_NONNULL = YES;
				CLANG_CXX_LANGUAGE_STANDARD = "gnu++0x";
				CLANG_CXX_LIBRARY = "libc++";
				CLANG_ENABLE_MODULES = YES;
				CLANG_ENABLE_OBJC_ARC = YES;
				CLANG_WARN_BOOL_CONVERSION = YES;
				CLANG_WARN_CONSTANT_CONVERSION = YES;
				CLANG_WARN_DIRECT_OBJC_ISA_USAGE = YES_ERROR;
				CLANG_WARN_DOCUMENTATION_COMMENTS = YES;
				CLANG_WARN_EMPTY_BODY = YES;
				CLANG_WARN_ENUM_CONVERSION = YES;
				CLANG_WARN_INFINITE_RECURSION = YES;
				CLANG_WARN_INT_CONVERSION = YES;
				CLANG_WARN_OBJC_ROOT_CLASS = YES_ERROR;
				CLANG_WARN_SUSPICIOUS_MOVE = YES;
				CLANG_WARN_UNREACHABLE_CODE = YES;
				CLANG_WARN__DUPLICATE_METHOD_MATCH = YES;
				"CODE_SIGN_IDENTITY[sdk=iphoneos*]" = "iPhone Developer";
				COPY_PHASE_STRIP = NO;
				DEBUG_INFORMATION_FORMAT = "dwarf-with-dsym";
				ENABLE_NS_ASSERTIONS = NO;
				ENABLE_STRICT_OBJC_MSGSEND = YES;
				GCC_C_LANGUAGE_STANDARD = gnu99;
				GCC_NO_COMMON_BLOCKS = YES;
				GCC_WARN_64_TO_32_BIT_CONVERSION = YES;
				GCC_WARN_ABOUT_RETURN_TYPE = YES_ERROR;
				GCC_WARN_UNDECLARED_SELECTOR = YES;
				GCC_WARN_UNINITIALIZED_AUTOS = YES_AGGRESSIVE;
				GCC_WARN_UNUSED_FUNCTION = YES;
				GCC_WARN_UNUSED_VARIABLE = YES;
				IPHONEOS_DEPLOYMENT_TARGET = 10.2;
				MTL_ENABLE_DEBUG_INFO = NO;
				SDKROOT = iphoneos;
				SWIFT_OPTIMIZATION_LEVEL = "-Owholemodule";
				TARGETED_DEVICE_FAMILY = "1,2";
				VALIDATE_PRODUCT = YES;
			};
			name = Release;
		};
		95CCF1781E5233CC0081733D /* Debug */ = {
			isa = XCBuildConfiguration;
			buildSettings = {
				ASSETCATALOG_COMPILER_APPICON_NAME = AppIcon;
				DEVELOPMENT_TEAM = C24EPTZG2L;
				INFOPLIST_FILE = TacoPOP/Info.plist;
				LD_RUNPATH_SEARCH_PATHS = "$(inherited) @executable_path/Frameworks";
				PRODUCT_BUNDLE_IDENTIFIER = com.jeffeng.TacoPOP;
				PRODUCT_NAME = "$(TARGET_NAME)";
				SWIFT_VERSION = 3.0;
			};
			name = Debug;
		};
		95CCF1791E5233CC0081733D /* Release */ = {
			isa = XCBuildConfiguration;
			buildSettings = {
				ASSETCATALOG_COMPILER_APPICON_NAME = AppIcon;
				DEVELOPMENT_TEAM = C24EPTZG2L;
				INFOPLIST_FILE = TacoPOP/Info.plist;
				LD_RUNPATH_SEARCH_PATHS = "$(inherited) @executable_path/Frameworks";
				PRODUCT_BUNDLE_IDENTIFIER = com.jeffeng.TacoPOP;
				PRODUCT_NAME = "$(TARGET_NAME)";
				SWIFT_VERSION = 3.0;
			};
			name = Release;
		};
/* End XCBuildConfiguration section */

/* Begin XCConfigurationList section */
		95CCF1601E5233CC0081733D /* Build configuration list for PBXProject "TacoPOP" */ = {
			isa = XCConfigurationList;
			buildConfigurations = (
				95CCF1751E5233CC0081733D /* Debug */,
				95CCF1761E5233CC0081733D /* Release */,
			);
			defaultConfigurationIsVisible = 0;
			defaultConfigurationName = Release;
		};
		95CCF1771E5233CC0081733D /* Build configuration list for PBXNativeTarget "TacoPOP" */ = {
			isa = XCConfigurationList;
			buildConfigurations = (
				95CCF1781E5233CC0081733D /* Debug */,
				95CCF1791E5233CC0081733D /* Release */,
			);
			defaultConfigurationIsVisible = 0;
		};
/* End XCConfigurationList section */
	};
	rootObject = 95CCF15D1E5233CC0081733D /* Project object */;
}
