// !$*UTF8*$!
{
	archiveVersion = 1;
	classes = {
	};
	objectVersion = 46;
	objects = {

/* Begin PBXBuildFile section */
		7033B6B0F610A94E3337F496 /* Pods_Social_Network.framework in Frameworks */ = {isa = PBXBuildFile; fileRef = AA9ABCF6EE68BB62210D31BA /* Pods_Social_Network.framework */; };
		95882EF01E7770C200014FD2 /* AppDelegate.swift in Sources */ = {isa = PBXBuildFile; fileRef = 95882EEF1E7770C200014FD2 /* AppDelegate.swift */; };
		95882EF21E7770C200014FD2 /* SignInVC.swift in Sources */ = {isa = PBXBuildFile; fileRef = 95882EF11E7770C200014FD2 /* SignInVC.swift */; };
		95882EF51E7770C200014FD2 /* Main.storyboard in Resources */ = {isa = PBXBuildFile; fileRef = 95882EF31E7770C200014FD2 /* Main.storyboard */; };
		95882EF71E7770C200014FD2 /* Assets.xcassets in Resources */ = {isa = PBXBuildFile; fileRef = 95882EF61E7770C200014FD2 /* Assets.xcassets */; };
		95882EFA1E7770C200014FD2 /* LaunchScreen.storyboard in Resources */ = {isa = PBXBuildFile; fileRef = 95882EF81E7770C200014FD2 /* LaunchScreen.storyboard */; };
		95882F021E777D6A00014FD2 /* GoogleService-Info.plist in Resources */ = {isa = PBXBuildFile; fileRef = 95882F011E777D6A00014FD2 /* GoogleService-Info.plist */; };
		95882F081E79ECC200014FD2 /* DropShadow.swift in Sources */ = {isa = PBXBuildFile; fileRef = 95882F071E79ECC200014FD2 /* DropShadow.swift */; };
		95882F0B1E79EE6E00014FD2 /* Constants.swift in Sources */ = {isa = PBXBuildFile; fileRef = 95882F0A1E79EE6E00014FD2 /* Constants.swift */; };
		95882F0D1E79F6FD00014FD2 /* RoundButton.swift in Sources */ = {isa = PBXBuildFile; fileRef = 95882F0C1E79F6FD00014FD2 /* RoundButton.swift */; };
/* End PBXBuildFile section */

/* Begin PBXFileReference section */
		8418560DB6C8D25C2F32B98A /* Pods-Social Network.release.xcconfig */ = {isa = PBXFileReference; includeInIndex = 1; lastKnownFileType = text.xcconfig; name = "Pods-Social Network.release.xcconfig"; path = "Pods/Target Support Files/Pods-Social Network/Pods-Social Network.release.xcconfig"; sourceTree = "<group>"; };
		95882EEC1E7770C100014FD2 /* Social Network.app */ = {isa = PBXFileReference; explicitFileType = wrapper.application; includeInIndex = 0; path = "Social Network.app"; sourceTree = BUILT_PRODUCTS_DIR; };
		95882EEF1E7770C200014FD2 /* AppDelegate.swift */ = {isa = PBXFileReference; lastKnownFileType = sourcecode.swift; path = AppDelegate.swift; sourceTree = "<group>"; };
		95882EF11E7770C200014FD2 /* SignInVC.swift */ = {isa = PBXFileReference; lastKnownFileType = sourcecode.swift; path = SignInVC.swift; sourceTree = "<group>"; };
		95882EF41E7770C200014FD2 /* Base */ = {isa = PBXFileReference; lastKnownFileType = file.storyboard; name = Base; path = Base.lproj/Main.storyboard; sourceTree = "<group>"; };
		95882EF61E7770C200014FD2 /* Assets.xcassets */ = {isa = PBXFileReference; lastKnownFileType = folder.assetcatalog; path = Assets.xcassets; sourceTree = "<group>"; };
		95882EF91E7770C200014FD2 /* Base */ = {isa = PBXFileReference; lastKnownFileType = file.storyboard; name = Base; path = Base.lproj/LaunchScreen.storyboard; sourceTree = "<group>"; };
		95882EFB1E7770C200014FD2 /* Info.plist */ = {isa = PBXFileReference; lastKnownFileType = text.plist.xml; path = Info.plist; sourceTree = "<group>"; };
		95882F011E777D6A00014FD2 /* GoogleService-Info.plist */ = {isa = PBXFileReference; fileEncoding = 4; lastKnownFileType = text.plist.xml; path = "GoogleService-Info.plist"; sourceTree = "<group>"; };
		95882F071E79ECC200014FD2 /* DropShadow.swift */ = {isa = PBXFileReference; fileEncoding = 4; lastKnownFileType = sourcecode.swift; path = DropShadow.swift; sourceTree = "<group>"; };
		95882F0A1E79EE6E00014FD2 /* Constants.swift */ = {isa = PBXFileReference; fileEncoding = 4; lastKnownFileType = sourcecode.swift; path = Constants.swift; sourceTree = "<group>"; };
		95882F0C1E79F6FD00014FD2 /* RoundButton.swift */ = {isa = PBXFileReference; fileEncoding = 4; lastKnownFileType = sourcecode.swift; path = RoundButton.swift; sourceTree = "<group>"; };
		AA9ABCF6EE68BB62210D31BA /* Pods_Social_Network.framework */ = {isa = PBXFileReference; explicitFileType = wrapper.framework; includeInIndex = 0; path = Pods_Social_Network.framework; sourceTree = BUILT_PRODUCTS_DIR; };
		B429160B9003FF9146BF6B14 /* Pods-Social Network.debug.xcconfig */ = {isa = PBXFileReference; includeInIndex = 1; lastKnownFileType = text.xcconfig; name = "Pods-Social Network.debug.xcconfig"; path = "Pods/Target Support Files/Pods-Social Network/Pods-Social Network.debug.xcconfig"; sourceTree = "<group>"; };
/* End PBXFileReference section */

/* Begin PBXFrameworksBuildPhase section */
		95882EE91E7770C100014FD2 /* Frameworks */ = {
			isa = PBXFrameworksBuildPhase;
			buildActionMask = 2147483647;
			files = (
				7033B6B0F610A94E3337F496 /* Pods_Social_Network.framework in Frameworks */,
			);
			runOnlyForDeploymentPostprocessing = 0;
		};
/* End PBXFrameworksBuildPhase section */

/* Begin PBXGroup section */
		35D0710DC3CA5A56FE4C4590 /* Pods */ = {
			isa = PBXGroup;
			children = (
				B429160B9003FF9146BF6B14 /* Pods-Social Network.debug.xcconfig */,
				8418560DB6C8D25C2F32B98A /* Pods-Social Network.release.xcconfig */,
			);
			name = Pods;
			sourceTree = "<group>";
		};
		95882EE31E7770C100014FD2 = {
			isa = PBXGroup;
			children = (
				95882EEE1E7770C100014FD2 /* Social Network */,
				95882EED1E7770C100014FD2 /* Products */,
				35D0710DC3CA5A56FE4C4590 /* Pods */,
				BB4D2A0175FDEBD4E86CCC7A /* Frameworks */,
			);
			sourceTree = "<group>";
		};
		95882EED1E7770C100014FD2 /* Products */ = {
			isa = PBXGroup;
			children = (
				95882EEC1E7770C100014FD2 /* Social Network.app */,
			);
			name = Products;
			sourceTree = "<group>";
		};
		95882EEE1E7770C100014FD2 /* Social Network */ = {
			isa = PBXGroup;
			children = (
				95882F091E79EE5100014FD2 /* Utilities */,
				95882F051E77A6F300014FD2 /* Model */,
				95882F041E77A6ED00014FD2 /* View */,
				95882F031E77A6E600014FD2 /* Controller */,
				95882F061E77A70100014FD2 /* Storyboards */,
				95882EEF1E7770C200014FD2 /* AppDelegate.swift */,
				95882EF61E7770C200014FD2 /* Assets.xcassets */,
				95882F011E777D6A00014FD2 /* GoogleService-Info.plist */,
				95882EFB1E7770C200014FD2 /* Info.plist */,
			);
			path = "Social Network";
			sourceTree = "<group>";
		};
		95882F031E77A6E600014FD2 /* Controller */ = {
			isa = PBXGroup;
			children = (
				95882EF11E7770C200014FD2 /* SignInVC.swift */,
			);
			name = Controller;
			sourceTree = "<group>";
		};
		95882F041E77A6ED00014FD2 /* View */ = {
			isa = PBXGroup;
			children = (
				95882F071E79ECC200014FD2 /* DropShadow.swift */,
				95882F0C1E79F6FD00014FD2 /* RoundButton.swift */,
			);
			name = View;
			sourceTree = "<group>";
		};
		95882F051E77A6F300014FD2 /* Model */ = {
			isa = PBXGroup;
			children = (
			);
			name = Model;
			sourceTree = "<group>";
		};
		95882F061E77A70100014FD2 /* Storyboards */ = {
			isa = PBXGroup;
			children = (
				95882EF31E7770C200014FD2 /* Main.storyboard */,
				95882EF81E7770C200014FD2 /* LaunchScreen.storyboard */,
			);
			name = Storyboards;
			sourceTree = "<group>";
		};
		95882F091E79EE5100014FD2 /* Utilities */ = {
			isa = PBXGroup;
			children = (
				95882F0A1E79EE6E00014FD2 /* Constants.swift */,
			);
			name = Utilities;
			sourceTree = "<group>";
		};
		BB4D2A0175FDEBD4E86CCC7A /* Frameworks */ = {
			isa = PBXGroup;
			children = (
				AA9ABCF6EE68BB62210D31BA /* Pods_Social_Network.framework */,
			);
			name = Frameworks;
			sourceTree = "<group>";
		};
/* End PBXGroup section */

/* Begin PBXNativeTarget section */
		95882EEB1E7770C100014FD2 /* Social Network */ = {
			isa = PBXNativeTarget;
			buildConfigurationList = 95882EFE1E7770C200014FD2 /* Build configuration list for PBXNativeTarget "Social Network" */;
			buildPhases = (
				A5D7C0D6649D970047A40DBF /* [CP] Check Pods Manifest.lock */,
				95882EE81E7770C100014FD2 /* Sources */,
				95882EE91E7770C100014FD2 /* Frameworks */,
				95882EEA1E7770C100014FD2 /* Resources */,
				D031285216DAFA477C172B3A /* [CP] Embed Pods Frameworks */,
				8A8A2998CAAB9EEACB9DD8E3 /* [CP] Copy Pods Resources */,
			);
			buildRules = (
			);
			dependencies = (
			);
			name = "Social Network";
			productName = "Social Network";
			productReference = 95882EEC1E7770C100014FD2 /* Social Network.app */;
			productType = "com.apple.product-type.application";
		};
/* End PBXNativeTarget section */

/* Begin PBXProject section */
		95882EE41E7770C100014FD2 /* Project object */ = {
			isa = PBXProject;
			attributes = {
				LastSwiftUpdateCheck = 0820;
				LastUpgradeCheck = 0820;
				ORGANIZATIONNAME = "Jeffrey Eng";
				TargetAttributes = {
					95882EEB1E7770C100014FD2 = {
						CreatedOnToolsVersion = 8.2.1;
						DevelopmentTeam = C24EPTZG2L;
						ProvisioningStyle = Automatic;
					};
				};
			};
			buildConfigurationList = 95882EE71E7770C100014FD2 /* Build configuration list for PBXProject "Social Network" */;
			compatibilityVersion = "Xcode 3.2";
			developmentRegion = English;
			hasScannedForEncodings = 0;
			knownRegions = (
				en,
				Base,
			);
			mainGroup = 95882EE31E7770C100014FD2;
			productRefGroup = 95882EED1E7770C100014FD2 /* Products */;
			projectDirPath = "";
			projectRoot = "";
			targets = (
				95882EEB1E7770C100014FD2 /* Social Network */,
			);
		};
/* End PBXProject section */

/* Begin PBXResourcesBuildPhase section */
		95882EEA1E7770C100014FD2 /* Resources */ = {
			isa = PBXResourcesBuildPhase;
			buildActionMask = 2147483647;
			files = (
				95882EFA1E7770C200014FD2 /* LaunchScreen.storyboard in Resources */,
				95882EF71E7770C200014FD2 /* Assets.xcassets in Resources */,
				95882EF51E7770C200014FD2 /* Main.storyboard in Resources */,
				95882F021E777D6A00014FD2 /* GoogleService-Info.plist in Resources */,
			);
			runOnlyForDeploymentPostprocessing = 0;
		};
/* End PBXResourcesBuildPhase section */

/* Begin PBXShellScriptBuildPhase section */
		8A8A2998CAAB9EEACB9DD8E3 /* [CP] Copy Pods Resources */ = {
			isa = PBXShellScriptBuildPhase;
			buildActionMask = 2147483647;
			files = (
			);
			inputPaths = (
			);
			name = "[CP] Copy Pods Resources";
			outputPaths = (
			);
			runOnlyForDeploymentPostprocessing = 0;
			shellPath = /bin/sh;
			shellScript = "\"${SRCROOT}/Pods/Target Support Files/Pods-Social Network/Pods-Social Network-resources.sh\"\n";
			showEnvVarsInLog = 0;
		};
		A5D7C0D6649D970047A40DBF /* [CP] Check Pods Manifest.lock */ = {
			isa = PBXShellScriptBuildPhase;
			buildActionMask = 2147483647;
			files = (
			);
			inputPaths = (
			);
			name = "[CP] Check Pods Manifest.lock";
			outputPaths = (
			);
			runOnlyForDeploymentPostprocessing = 0;
			shellPath = /bin/sh;
			shellScript = "diff \"${PODS_ROOT}/../Podfile.lock\" \"${PODS_ROOT}/Manifest.lock\" > /dev/null\nif [ $? != 0 ] ; then\n    # print error to STDERR\n    echo \"error: The sandbox is not in sync with the Podfile.lock. Run 'pod install' or update your CocoaPods installation.\" >&2\n    exit 1\nfi\n";
			showEnvVarsInLog = 0;
		};
		D031285216DAFA477C172B3A /* [CP] Embed Pods Frameworks */ = {
			isa = PBXShellScriptBuildPhase;
			buildActionMask = 2147483647;
			files = (
			);
			inputPaths = (
			);
			name = "[CP] Embed Pods Frameworks";
			outputPaths = (
			);
			runOnlyForDeploymentPostprocessing = 0;
			shellPath = /bin/sh;
			shellScript = "\"${SRCROOT}/Pods/Target Support Files/Pods-Social Network/Pods-Social Network-frameworks.sh\"\n";
			showEnvVarsInLog = 0;
		};
/* End PBXShellScriptBuildPhase section */

/* Begin PBXSourcesBuildPhase section */
		95882EE81E7770C100014FD2 /* Sources */ = {
			isa = PBXSourcesBuildPhase;
			buildActionMask = 2147483647;
			files = (
				95882F081E79ECC200014FD2 /* DropShadow.swift in Sources */,
				95882F0D1E79F6FD00014FD2 /* RoundButton.swift in Sources */,
				95882EF21E7770C200014FD2 /* SignInVC.swift in Sources */,
				95882EF01E7770C200014FD2 /* AppDelegate.swift in Sources */,
				95882F0B1E79EE6E00014FD2 /* Constants.swift in Sources */,
			);
			runOnlyForDeploymentPostprocessing = 0;
		};
/* End PBXSourcesBuildPhase section */

/* Begin PBXVariantGroup section */
		95882EF31E7770C200014FD2 /* Main.storyboard */ = {
			isa = PBXVariantGroup;
			children = (
				95882EF41E7770C200014FD2 /* Base */,
			);
			name = Main.storyboard;
			sourceTree = "<group>";
		};
		95882EF81E7770C200014FD2 /* LaunchScreen.storyboard */ = {
			isa = PBXVariantGroup;
			children = (
				95882EF91E7770C200014FD2 /* Base */,
			);
			name = LaunchScreen.storyboard;
			sourceTree = "<group>";
		};
/* End PBXVariantGroup section */

/* Begin XCBuildConfiguration section */
		95882EFC1E7770C200014FD2 /* Debug */ = {
			isa = XCBuildConfiguration;
			buildSettings = {
				ALWAYS_SEARCH_USER_PATHS = NO;
				CLANG_ANALYZER_NONNULL = YES;
				CLANG_CXX_LANGUAGE_STANDARD = "gnu++0x";
				CLANG_CXX_LIBRARY = "libc++";
				CLANG_ENABLE_MODULES = YES;
				CLANG_ENABLE_OBJC_ARC = YES;
				CLANG_WARN_BOOL_CONVERSION = YES;
				CLANG_WARN_CONSTANT_CONVERSION = YES;
				CLANG_WARN_DIRECT_OBJC_ISA_USAGE = YES_ERROR;
				CLANG_WARN_DOCUMENTATION_COMMENTS = YES;
				CLANG_WARN_EMPTY_BODY = YES;
				CLANG_WARN_ENUM_CONVERSION = YES;
				CLANG_WARN_INFINITE_RECURSION = YES;
				CLANG_WARN_INT_CONVERSION = YES;
				CLANG_WARN_OBJC_ROOT_CLASS = YES_ERROR;
				CLANG_WARN_SUSPICIOUS_MOVE = YES;
				CLANG_WARN_UNREACHABLE_CODE = YES;
				CLANG_WARN__DUPLICATE_METHOD_MATCH = YES;
				"CODE_SIGN_IDENTITY[sdk=iphoneos*]" = "iPhone Developer";
				COPY_PHASE_STRIP = NO;
				DEBUG_INFORMATION_FORMAT = dwarf;
				ENABLE_STRICT_OBJC_MSGSEND = YES;
				ENABLE_TESTABILITY = YES;
				GCC_C_LANGUAGE_STANDARD = gnu99;
				GCC_DYNAMIC_NO_PIC = NO;
				GCC_NO_COMMON_BLOCKS = YES;
				GCC_OPTIMIZATION_LEVEL = 0;
				GCC_PREPROCESSOR_DEFINITIONS = (
					"DEBUG=1",
					"$(inherited)",
				);
				GCC_WARN_64_TO_32_BIT_CONVERSION = YES;
				GCC_WARN_ABOUT_RETURN_TYPE = YES_ERROR;
				GCC_WARN_UNDECLARED_SELECTOR = YES;
				GCC_WARN_UNINITIALIZED_AUTOS = YES_AGGRESSIVE;
				GCC_WARN_UNUSED_FUNCTION = YES;
				GCC_WARN_UNUSED_VARIABLE = YES;
				IPHONEOS_DEPLOYMENT_TARGET = 10.2;
				MTL_ENABLE_DEBUG_INFO = YES;
				ONLY_ACTIVE_ARCH = YES;
				SDKROOT = iphoneos;
				SWIFT_ACTIVE_COMPILATION_CONDITIONS = DEBUG;
				SWIFT_OPTIMIZATION_LEVEL = "-Onone";
				TARGETED_DEVICE_FAMILY = "1,2";
			};
			name = Debug;
		};
		95882EFD1E7770C200014FD2 /* Release */ = {
			isa = XCBuildConfiguration;
			buildSettings = {
				ALWAYS_SEARCH_USER_PATHS = NO;
				CLANG_ANALYZER_NONNULL = YES;
				CLANG_CXX_LANGUAGE_STANDARD = "gnu++0x";
				CLANG_CXX_LIBRARY = "libc++";
				CLANG_ENABLE_MODULES = YES;
				CLANG_ENABLE_OBJC_ARC = YES;
				CLANG_WARN_BOOL_CONVERSION = YES;
				CLANG_WARN_CONSTANT_CONVERSION = YES;
				CLANG_WARN_DIRECT_OBJC_ISA_USAGE = YES_ERROR;
				CLANG_WARN_DOCUMENTATION_COMMENTS = YES;
				CLANG_WARN_EMPTY_BODY = YES;
				CLANG_WARN_ENUM_CONVERSION = YES;
				CLANG_WARN_INFINITE_RECURSION = YES;
				CLANG_WARN_INT_CONVERSION = YES;
				CLANG_WARN_OBJC_ROOT_CLASS = YES_ERROR;
				CLANG_WARN_SUSPICIOUS_MOVE = YES;
				CLANG_WARN_UNREACHABLE_CODE = YES;
				CLANG_WARN__DUPLICATE_METHOD_MATCH = YES;
				"CODE_SIGN_IDENTITY[sdk=iphoneos*]" = "iPhone Developer";
				COPY_PHASE_STRIP = NO;
				DEBUG_INFORMATION_FORMAT = "dwarf-with-dsym";
				ENABLE_NS_ASSERTIONS = NO;
				ENABLE_STRICT_OBJC_MSGSEND = YES;
				GCC_C_LANGUAGE_STANDARD = gnu99;
				GCC_NO_COMMON_BLOCKS = YES;
				GCC_WARN_64_TO_32_BIT_CONVERSION = YES;
				GCC_WARN_ABOUT_RETURN_TYPE = YES_ERROR;
				GCC_WARN_UNDECLARED_SELECTOR = YES;
				GCC_WARN_UNINITIALIZED_AUTOS = YES_AGGRESSIVE;
				GCC_WARN_UNUSED_FUNCTION = YES;
				GCC_WARN_UNUSED_VARIABLE = YES;
				IPHONEOS_DEPLOYMENT_TARGET = 10.2;
				MTL_ENABLE_DEBUG_INFO = NO;
				SDKROOT = iphoneos;
				SWIFT_OPTIMIZATION_LEVEL = "-Owholemodule";
				TARGETED_DEVICE_FAMILY = "1,2";
				VALIDATE_PRODUCT = YES;
			};
			name = Release;
		};
		95882EFF1E7770C200014FD2 /* Debug */ = {
			isa = XCBuildConfiguration;
			baseConfigurationReference = B429160B9003FF9146BF6B14 /* Pods-Social Network.debug.xcconfig */;
			buildSettings = {
				ASSETCATALOG_COMPILER_APPICON_NAME = AppIcon;
				DEVELOPMENT_TEAM = C24EPTZG2L;
				INFOPLIST_FILE = "Social Network/Info.plist";
				LD_RUNPATH_SEARCH_PATHS = "$(inherited) @executable_path/Frameworks";
				PRODUCT_BUNDLE_IDENTIFIER = "com.jeffeng.Social-Network";
				PRODUCT_NAME = "$(TARGET_NAME)";
				SWIFT_VERSION = 3.0;
			};
			name = Debug;
		};
		95882F001E7770C200014FD2 /* Release */ = {
			isa = XCBuildConfiguration;
			baseConfigurationReference = 8418560DB6C8D25C2F32B98A /* Pods-Social Network.release.xcconfig */;
			buildSettings = {
				ASSETCATALOG_COMPILER_APPICON_NAME = AppIcon;
				DEVELOPMENT_TEAM = C24EPTZG2L;
				INFOPLIST_FILE = "Social Network/Info.plist";
				LD_RUNPATH_SEARCH_PATHS = "$(inherited) @executable_path/Frameworks";
				PRODUCT_BUNDLE_IDENTIFIER = "com.jeffeng.Social-Network";
				PRODUCT_NAME = "$(TARGET_NAME)";
				SWIFT_VERSION = 3.0;
			};
			name = Release;
		};
/* End XCBuildConfiguration section */

/* Begin XCConfigurationList section */
		95882EE71E7770C100014FD2 /* Build configuration list for PBXProject "Social Network" */ = {
			isa = XCConfigurationList;
			buildConfigurations = (
				95882EFC1E7770C200014FD2 /* Debug */,
				95882EFD1E7770C200014FD2 /* Release */,
			);
			defaultConfigurationIsVisible = 0;
			defaultConfigurationName = Release;
		};
		95882EFE1E7770C200014FD2 /* Build configuration list for PBXNativeTarget "Social Network" */ = {
			isa = XCConfigurationList;
			buildConfigurations = (
				95882EFF1E7770C200014FD2 /* Debug */,
				95882F001E7770C200014FD2 /* Release */,
			);
			defaultConfigurationIsVisible = 0;
			defaultConfigurationName = Release;
		};
/* End XCConfigurationList section */
	};
	rootObject = 95882EE41E7770C100014FD2 /* Project object */;
}
