// !$*UTF8*$!
{
	archiveVersion = 1;
	classes = {
	};
	objectVersion = 46;
	objects = {

/* Begin PBXBuildFile section */
		9530850E1E270030000795DF /* AppDelegate.swift in Sources */ = {isa = PBXBuildFile; fileRef = 9530850D1E270030000795DF /* AppDelegate.swift */; };
		953085101E270030000795DF /* ViewController.swift in Sources */ = {isa = PBXBuildFile; fileRef = 9530850F1E270030000795DF /* ViewController.swift */; };
		953085131E270030000795DF /* Main.storyboard in Resources */ = {isa = PBXBuildFile; fileRef = 953085111E270030000795DF /* Main.storyboard */; };
		953085151E270030000795DF /* Assets.xcassets in Resources */ = {isa = PBXBuildFile; fileRef = 953085141E270030000795DF /* Assets.xcassets */; };
		953085181E270030000795DF /* LaunchScreen.storyboard in Resources */ = {isa = PBXBuildFile; fileRef = 953085161E270030000795DF /* LaunchScreen.storyboard */; };
		953085231E270094000795DF /* ProgressBarDraw.swift in Sources */ = {isa = PBXBuildFile; fileRef = 953085221E270094000795DF /* ProgressBarDraw.swift */; };
/* End PBXBuildFile section */

/* Begin PBXFileReference section */
		9530850A1E270030000795DF /* ProgressBarFun.app */ = {isa = PBXFileReference; explicitFileType = wrapper.application; includeInIndex = 0; path = ProgressBarFun.app; sourceTree = BUILT_PRODUCTS_DIR; };
		9530850D1E270030000795DF /* AppDelegate.swift */ = {isa = PBXFileReference; lastKnownFileType = sourcecode.swift; path = AppDelegate.swift; sourceTree = "<group>"; };
		9530850F1E270030000795DF /* ViewController.swift */ = {isa = PBXFileReference; lastKnownFileType = sourcecode.swift; path = ViewController.swift; sourceTree = "<group>"; };
		953085121E270030000795DF /* Base */ = {isa = PBXFileReference; lastKnownFileType = file.storyboard; name = Base; path = Base.lproj/Main.storyboard; sourceTree = "<group>"; };
		953085141E270030000795DF /* Assets.xcassets */ = {isa = PBXFileReference; lastKnownFileType = folder.assetcatalog; path = Assets.xcassets; sourceTree = "<group>"; };
		953085171E270030000795DF /* Base */ = {isa = PBXFileReference; lastKnownFileType = file.storyboard; name = Base; path = Base.lproj/LaunchScreen.storyboard; sourceTree = "<group>"; };
		953085191E270030000795DF /* Info.plist */ = {isa = PBXFileReference; lastKnownFileType = text.plist.xml; path = Info.plist; sourceTree = "<group>"; };
		953085221E270094000795DF /* ProgressBarDraw.swift */ = {isa = PBXFileReference; fileEncoding = 4; lastKnownFileType = sourcecode.swift; path = ProgressBarDraw.swift; sourceTree = "<group>"; };
/* End PBXFileReference section */

/* Begin PBXFrameworksBuildPhase section */
		953085071E270030000795DF /* Frameworks */ = {
			isa = PBXFrameworksBuildPhase;
			buildActionMask = 2147483647;
			files = (
			);
			runOnlyForDeploymentPostprocessing = 0;
		};
/* End PBXFrameworksBuildPhase section */

/* Begin PBXGroup section */
		953085011E270030000795DF = {
			isa = PBXGroup;
			children = (
				9530850C1E270030000795DF /* ProgressBarFun */,
				9530850B1E270030000795DF /* Products */,
			);
			sourceTree = "<group>";
		};
		9530850B1E270030000795DF /* Products */ = {
			isa = PBXGroup;
			children = (
				9530850A1E270030000795DF /* ProgressBarFun.app */,
			);
			name = Products;
			sourceTree = "<group>";
		};
		9530850C1E270030000795DF /* ProgressBarFun */ = {
			isa = PBXGroup;
			children = (
				953085211E270046000795DF /* Model */,
				953085201E270041000795DF /* View */,
				9530851F1E270039000795DF /* Controller */,
				9530850D1E270030000795DF /* AppDelegate.swift */,
				953085111E270030000795DF /* Main.storyboard */,
				953085141E270030000795DF /* Assets.xcassets */,
				953085161E270030000795DF /* LaunchScreen.storyboard */,
				953085191E270030000795DF /* Info.plist */,
			);
			path = ProgressBarFun;
			sourceTree = "<group>";
		};
		9530851F1E270039000795DF /* Controller */ = {
			isa = PBXGroup;
			children = (
				9530850F1E270030000795DF /* ViewController.swift */,
			);
			name = Controller;
			sourceTree = "<group>";
		};
		953085201E270041000795DF /* View */ = {
			isa = PBXGroup;
			children = (
				953085221E270094000795DF /* ProgressBarDraw.swift */,
			);
			name = View;
			sourceTree = "<group>";
		};
		953085211E270046000795DF /* Model */ = {
			isa = PBXGroup;
			children = (
			);
			name = Model;
			sourceTree = "<group>";
		};
/* End PBXGroup section */

/* Begin PBXNativeTarget section */
		953085091E270030000795DF /* ProgressBarFun */ = {
			isa = PBXNativeTarget;
			buildConfigurationList = 9530851C1E270030000795DF /* Build configuration list for PBXNativeTarget "ProgressBarFun" */;
			buildPhases = (
				953085061E270030000795DF /* Sources */,
				953085071E270030000795DF /* Frameworks */,
				953085081E270030000795DF /* Resources */,
			);
			buildRules = (
			);
			dependencies = (
			);
			name = ProgressBarFun;
			productName = ProgressBarFun;
			productReference = 9530850A1E270030000795DF /* ProgressBarFun.app */;
			productType = "com.apple.product-type.application";
		};
/* End PBXNativeTarget section */

/* Begin PBXProject section */
		953085021E270030000795DF /* Project object */ = {
			isa = PBXProject;
			attributes = {
				LastSwiftUpdateCheck = 0820;
				LastUpgradeCheck = 0820;
				ORGANIZATIONNAME = "Jeffrey Eng";
				TargetAttributes = {
					953085091E270030000795DF = {
						CreatedOnToolsVersion = 8.2.1;
						DevelopmentTeam = C24EPTZG2L;
						ProvisioningStyle = Automatic;
					};
				};
			};
			buildConfigurationList = 953085051E270030000795DF /* Build configuration list for PBXProject "ProgressBarFun" */;
			compatibilityVersion = "Xcode 3.2";
			developmentRegion = English;
			hasScannedForEncodings = 0;
			knownRegions = (
				en,
				Base,
			);
			mainGroup = 953085011E270030000795DF;
			productRefGroup = 9530850B1E270030000795DF /* Products */;
			projectDirPath = "";
			projectRoot = "";
			targets = (
				953085091E270030000795DF /* ProgressBarFun */,
			);
		};
/* End PBXProject section */

/* Begin PBXResourcesBuildPhase section */
		953085081E270030000795DF /* Resources */ = {
			isa = PBXResourcesBuildPhase;
			buildActionMask = 2147483647;
			files = (
				953085181E270030000795DF /* LaunchScreen.storyboard in Resources */,
				953085151E270030000795DF /* Assets.xcassets in Resources */,
				953085131E270030000795DF /* Main.storyboard in Resources */,
			);
			runOnlyForDeploymentPostprocessing = 0;
		};
/* End PBXResourcesBuildPhase section */

/* Begin PBXSourcesBuildPhase section */
		953085061E270030000795DF /* Sources */ = {
			isa = PBXSourcesBuildPhase;
			buildActionMask = 2147483647;
			files = (
				953085231E270094000795DF /* ProgressBarDraw.swift in Sources */,
				953085101E270030000795DF /* ViewController.swift in Sources */,
				9530850E1E270030000795DF /* AppDelegate.swift in Sources */,
			);
			runOnlyForDeploymentPostprocessing = 0;
		};
/* End PBXSourcesBuildPhase section */

/* Begin PBXVariantGroup section */
		953085111E270030000795DF /* Main.storyboard */ = {
			isa = PBXVariantGroup;
			children = (
				953085121E270030000795DF /* Base */,
			);
			name = Main.storyboard;
			sourceTree = "<group>";
		};
		953085161E270030000795DF /* LaunchScreen.storyboard */ = {
			isa = PBXVariantGroup;
			children = (
				953085171E270030000795DF /* Base */,
			);
			name = LaunchScreen.storyboard;
			sourceTree = "<group>";
		};
/* End PBXVariantGroup section */

/* Begin XCBuildConfiguration section */
		9530851A1E270030000795DF /* Debug */ = {
			isa = XCBuildConfiguration;
			buildSettings = {
				ALWAYS_SEARCH_USER_PATHS = NO;
				CLANG_ANALYZER_NONNULL = YES;
				CLANG_CXX_LANGUAGE_STANDARD = "gnu++0x";
				CLANG_CXX_LIBRARY = "libc++";
				CLANG_ENABLE_MODULES = YES;
				CLANG_ENABLE_OBJC_ARC = YES;
				CLANG_WARN_BOOL_CONVERSION = YES;
				CLANG_WARN_CONSTANT_CONVERSION = YES;
				CLANG_WARN_DIRECT_OBJC_ISA_USAGE = YES_ERROR;
				CLANG_WARN_DOCUMENTATION_COMMENTS = YES;
				CLANG_WARN_EMPTY_BODY = YES;
				CLANG_WARN_ENUM_CONVERSION = YES;
				CLANG_WARN_INFINITE_RECURSION = YES;
				CLANG_WARN_INT_CONVERSION = YES;
				CLANG_WARN_OBJC_ROOT_CLASS = YES_ERROR;
				CLANG_WARN_SUSPICIOUS_MOVE = YES;
				CLANG_WARN_UNREACHABLE_CODE = YES;
				CLANG_WARN__DUPLICATE_METHOD_MATCH = YES;
				"CODE_SIGN_IDENTITY[sdk=iphoneos*]" = "iPhone Developer";
				COPY_PHASE_STRIP = NO;
				DEBUG_INFORMATION_FORMAT = dwarf;
				ENABLE_STRICT_OBJC_MSGSEND = YES;
				ENABLE_TESTABILITY = YES;
				GCC_C_LANGUAGE_STANDARD = gnu99;
				GCC_DYNAMIC_NO_PIC = NO;
				GCC_NO_COMMON_BLOCKS = YES;
				GCC_OPTIMIZATION_LEVEL = 0;
				GCC_PREPROCESSOR_DEFINITIONS = (
					"DEBUG=1",
					"$(inherited)",
				);
				GCC_WARN_64_TO_32_BIT_CONVERSION = YES;
				GCC_WARN_ABOUT_RETURN_TYPE = YES_ERROR;
				GCC_WARN_UNDECLARED_SELECTOR = YES;
				GCC_WARN_UNINITIALIZED_AUTOS = YES_AGGRESSIVE;
				GCC_WARN_UNUSED_FUNCTION = YES;
				GCC_WARN_UNUSED_VARIABLE = YES;
				IPHONEOS_DEPLOYMENT_TARGET = 10.2;
				MTL_ENABLE_DEBUG_INFO = YES;
				ONLY_ACTIVE_ARCH = YES;
				SDKROOT = iphoneos;
				SWIFT_ACTIVE_COMPILATION_CONDITIONS = DEBUG;
				SWIFT_OPTIMIZATION_LEVEL = "-Onone";
				TARGETED_DEVICE_FAMILY = "1,2";
			};
			name = Debug;
		};
		9530851B1E270030000795DF /* Release */ = {
			isa = XCBuildConfiguration;
			buildSettings = {
				ALWAYS_SEARCH_USER_PATHS = NO;
				CLANG_ANALYZER_NONNULL = YES;
				CLANG_CXX_LANGUAGE_STANDARD = "gnu++0x";
				CLANG_CXX_LIBRARY = "libc++";
				CLANG_ENABLE_MODULES = YES;
				CLANG_ENABLE_OBJC_ARC = YES;
				CLANG_WARN_BOOL_CONVERSION = YES;
				CLANG_WARN_CONSTANT_CONVERSION = YES;
				CLANG_WARN_DIRECT_OBJC_ISA_USAGE = YES_ERROR;
				CLANG_WARN_DOCUMENTATION_COMMENTS = YES;
				CLANG_WARN_EMPTY_BODY = YES;
				CLANG_WARN_ENUM_CONVERSION = YES;
				CLANG_WARN_INFINITE_RECURSION = YES;
				CLANG_WARN_INT_CONVERSION = YES;
				CLANG_WARN_OBJC_ROOT_CLASS = YES_ERROR;
				CLANG_WARN_SUSPICIOUS_MOVE = YES;
				CLANG_WARN_UNREACHABLE_CODE = YES;
				CLANG_WARN__DUPLICATE_METHOD_MATCH = YES;
				"CODE_SIGN_IDENTITY[sdk=iphoneos*]" = "iPhone Developer";
				COPY_PHASE_STRIP = NO;
				DEBUG_INFORMATION_FORMAT = "dwarf-with-dsym";
				ENABLE_NS_ASSERTIONS = NO;
				ENABLE_STRICT_OBJC_MSGSEND = YES;
				GCC_C_LANGUAGE_STANDARD = gnu99;
				GCC_NO_COMMON_BLOCKS = YES;
				GCC_WARN_64_TO_32_BIT_CONVERSION = YES;
				GCC_WARN_ABOUT_RETURN_TYPE = YES_ERROR;
				GCC_WARN_UNDECLARED_SELECTOR = YES;
				GCC_WARN_UNINITIALIZED_AUTOS = YES_AGGRESSIVE;
				GCC_WARN_UNUSED_FUNCTION = YES;
				GCC_WARN_UNUSED_VARIABLE = YES;
				IPHONEOS_DEPLOYMENT_TARGET = 10.2;
				MTL_ENABLE_DEBUG_INFO = NO;
				SDKROOT = iphoneos;
				SWIFT_OPTIMIZATION_LEVEL = "-Owholemodule";
				TARGETED_DEVICE_FAMILY = "1,2";
				VALIDATE_PRODUCT = YES;
			};
			name = Release;
		};
		9530851D1E270030000795DF /* Debug */ = {
			isa = XCBuildConfiguration;
			buildSettings = {
				ASSETCATALOG_COMPILER_APPICON_NAME = AppIcon;
				DEVELOPMENT_TEAM = C24EPTZG2L;
				INFOPLIST_FILE = ProgressBarFun/Info.plist;
				LD_RUNPATH_SEARCH_PATHS = "$(inherited) @executable_path/Frameworks";
				PRODUCT_BUNDLE_IDENTIFIER = com.jeffeng.ProgressBarFun;
				PRODUCT_NAME = "$(TARGET_NAME)";
				SWIFT_VERSION = 3.0;
			};
			name = Debug;
		};
		9530851E1E270030000795DF /* Release */ = {
			isa = XCBuildConfiguration;
			buildSettings = {
				ASSETCATALOG_COMPILER_APPICON_NAME = AppIcon;
				DEVELOPMENT_TEAM = C24EPTZG2L;
				INFOPLIST_FILE = ProgressBarFun/Info.plist;
				LD_RUNPATH_SEARCH_PATHS = "$(inherited) @executable_path/Frameworks";
				PRODUCT_BUNDLE_IDENTIFIER = com.jeffeng.ProgressBarFun;
				PRODUCT_NAME = "$(TARGET_NAME)";
				SWIFT_VERSION = 3.0;
			};
			name = Release;
		};
/* End XCBuildConfiguration section */

/* Begin XCConfigurationList section */
		953085051E270030000795DF /* Build configuration list for PBXProject "ProgressBarFun" */ = {
			isa = XCConfigurationList;
			buildConfigurations = (
				9530851A1E270030000795DF /* Debug */,
				9530851B1E270030000795DF /* Release */,
			);
			defaultConfigurationIsVisible = 0;
			defaultConfigurationName = Release;
		};
		9530851C1E270030000795DF /* Build configuration list for PBXNativeTarget "ProgressBarFun" */ = {
			isa = XCConfigurationList;
			buildConfigurations = (
				9530851D1E270030000795DF /* Debug */,
				9530851E1E270030000795DF /* Release */,
			);
			defaultConfigurationIsVisible = 0;
		};
/* End XCConfigurationList section */
	};
	rootObject = 953085021E270030000795DF /* Project object */;
}
