// !$*UTF8*$!
{
	archiveVersion = 1;
	classes = {
	};
	objectVersion = 46;
	objects = {

/* Begin PBXBuildFile section */
		953DCC231E244D05007C6C6B /* AppDelegate.swift in Sources */ = {isa = PBXBuildFile; fileRef = 953DCC221E244D05007C6C6B /* AppDelegate.swift */; };
		953DCC251E244D05007C6C6B /* MainVC.swift in Sources */ = {isa = PBXBuildFile; fileRef = 953DCC241E244D05007C6C6B /* MainVC.swift */; };
		953DCC281E244D05007C6C6B /* Main.storyboard in Resources */ = {isa = PBXBuildFile; fileRef = 953DCC261E244D05007C6C6B /* Main.storyboard */; };
		953DCC2A1E244D05007C6C6B /* Assets.xcassets in Resources */ = {isa = PBXBuildFile; fileRef = 953DCC291E244D05007C6C6B /* Assets.xcassets */; };
		953DCC2D1E244D05007C6C6B /* LaunchScreen.storyboard in Resources */ = {isa = PBXBuildFile; fileRef = 953DCC2B1E244D05007C6C6B /* LaunchScreen.storyboard */; };
		953DCC381E245C18007C6C6B /* still time.ttf in Resources */ = {isa = PBXBuildFile; fileRef = 953DCC371E245C18007C6C6B /* still time.ttf */; };
		953DCC3B1E245E4F007C6C6B /* VideoVC.swift in Sources */ = {isa = PBXBuildFile; fileRef = 953DCC3A1E245E4F007C6C6B /* VideoVC.swift */; };
		953DCC3D1E255EB7007C6C6B /* PartyCell.swift in Sources */ = {isa = PBXBuildFile; fileRef = 953DCC3C1E255EB7007C6C6B /* PartyCell.swift */; };
		953DCC3F1E2566D9007C6C6B /* PartyRock.swift in Sources */ = {isa = PBXBuildFile; fileRef = 953DCC3E1E2566D9007C6C6B /* PartyRock.swift */; };
/* End PBXBuildFile section */

/* Begin PBXFileReference section */
		953DCC1F1E244D05007C6C6B /* PartyRockApp.app */ = {isa = PBXFileReference; explicitFileType = wrapper.application; includeInIndex = 0; path = PartyRockApp.app; sourceTree = BUILT_PRODUCTS_DIR; };
		953DCC221E244D05007C6C6B /* AppDelegate.swift */ = {isa = PBXFileReference; lastKnownFileType = sourcecode.swift; path = AppDelegate.swift; sourceTree = "<group>"; };
		953DCC241E244D05007C6C6B /* MainVC.swift */ = {isa = PBXFileReference; lastKnownFileType = sourcecode.swift; path = MainVC.swift; sourceTree = "<group>"; };
		953DCC271E244D05007C6C6B /* Base */ = {isa = PBXFileReference; lastKnownFileType = file.storyboard; name = Base; path = Base.lproj/Main.storyboard; sourceTree = "<group>"; };
		953DCC291E244D05007C6C6B /* Assets.xcassets */ = {isa = PBXFileReference; lastKnownFileType = folder.assetcatalog; path = Assets.xcassets; sourceTree = "<group>"; };
		953DCC2C1E244D05007C6C6B /* Base */ = {isa = PBXFileReference; lastKnownFileType = file.storyboard; name = Base; path = Base.lproj/LaunchScreen.storyboard; sourceTree = "<group>"; };
		953DCC2E1E244D05007C6C6B /* Info.plist */ = {isa = PBXFileReference; lastKnownFileType = text.plist.xml; path = Info.plist; sourceTree = "<group>"; };
		953DCC371E245C18007C6C6B /* still time.ttf */ = {isa = PBXFileReference; lastKnownFileType = file; name = "still time.ttf"; path = "PartyRockApp/still time.ttf"; sourceTree = "<group>"; };
		953DCC3A1E245E4F007C6C6B /* VideoVC.swift */ = {isa = PBXFileReference; fileEncoding = 4; lastKnownFileType = sourcecode.swift; path = VideoVC.swift; sourceTree = "<group>"; };
		953DCC3C1E255EB7007C6C6B /* PartyCell.swift */ = {isa = PBXFileReference; fileEncoding = 4; lastKnownFileType = sourcecode.swift; path = PartyCell.swift; sourceTree = "<group>"; };
		953DCC3E1E2566D9007C6C6B /* PartyRock.swift */ = {isa = PBXFileReference; fileEncoding = 4; lastKnownFileType = sourcecode.swift; path = PartyRock.swift; sourceTree = "<group>"; };
/* End PBXFileReference section */

/* Begin PBXFrameworksBuildPhase section */
		953DCC1C1E244D05007C6C6B /* Frameworks */ = {
			isa = PBXFrameworksBuildPhase;
			buildActionMask = 2147483647;
			files = (
			);
			runOnlyForDeploymentPostprocessing = 0;
		};
/* End PBXFrameworksBuildPhase section */

/* Begin PBXGroup section */
		953DCC161E244D05007C6C6B = {
			isa = PBXGroup;
			children = (
				953DCC211E244D05007C6C6B /* PartyRockApp */,
				953DCC201E244D05007C6C6B /* Products */,
			);
			sourceTree = "<group>";
		};
		953DCC201E244D05007C6C6B /* Products */ = {
			isa = PBXGroup;
			children = (
				953DCC1F1E244D05007C6C6B /* PartyRockApp.app */,
			);
			name = Products;
			sourceTree = "<group>";
		};
		953DCC211E244D05007C6C6B /* PartyRockApp */ = {
			isa = PBXGroup;
			children = (
				953DCC391E245C37007C6C6B /* Files */,
				953DCC361E244F73007C6C6B /* Model */,
				953DCC351E244F6A007C6C6B /* View */,
				953DCC341E244F41007C6C6B /* Controller */,
				953DCC221E244D05007C6C6B /* AppDelegate.swift */,
				953DCC2B1E244D05007C6C6B /* LaunchScreen.storyboard */,
				953DCC261E244D05007C6C6B /* Main.storyboard */,
				953DCC291E244D05007C6C6B /* Assets.xcassets */,
				953DCC2E1E244D05007C6C6B /* Info.plist */,
			);
			path = PartyRockApp;
			sourceTree = "<group>";
		};
		953DCC341E244F41007C6C6B /* Controller */ = {
			isa = PBXGroup;
			children = (
				953DCC241E244D05007C6C6B /* MainVC.swift */,
				953DCC3A1E245E4F007C6C6B /* VideoVC.swift */,
			);
			name = Controller;
			sourceTree = "<group>";
		};
		953DCC351E244F6A007C6C6B /* View */ = {
			isa = PBXGroup;
			children = (
				953DCC3C1E255EB7007C6C6B /* PartyCell.swift */,
			);
			name = View;
			sourceTree = "<group>";
		};
		953DCC361E244F73007C6C6B /* Model */ = {
			isa = PBXGroup;
			children = (
				953DCC3E1E2566D9007C6C6B /* PartyRock.swift */,
			);
			name = Model;
			sourceTree = "<group>";
		};
		953DCC391E245C37007C6C6B /* Files */ = {
			isa = PBXGroup;
			children = (
				953DCC371E245C18007C6C6B /* still time.ttf */,
			);
			name = Files;
			path = ..;
			sourceTree = "<group>";
		};
/* End PBXGroup section */

/* Begin PBXNativeTarget section */
		953DCC1E1E244D05007C6C6B /* PartyRockApp */ = {
			isa = PBXNativeTarget;
			buildConfigurationList = 953DCC311E244D05007C6C6B /* Build configuration list for PBXNativeTarget "PartyRockApp" */;
			buildPhases = (
				953DCC1B1E244D05007C6C6B /* Sources */,
				953DCC1C1E244D05007C6C6B /* Frameworks */,
				953DCC1D1E244D05007C6C6B /* Resources */,
			);
			buildRules = (
			);
			dependencies = (
			);
			name = PartyRockApp;
			productName = PartyRockApp;
			productReference = 953DCC1F1E244D05007C6C6B /* PartyRockApp.app */;
			productType = "com.apple.product-type.application";
		};
/* End PBXNativeTarget section */

/* Begin PBXProject section */
		953DCC171E244D05007C6C6B /* Project object */ = {
			isa = PBXProject;
			attributes = {
				LastSwiftUpdateCheck = 0820;
				LastUpgradeCheck = 0820;
				ORGANIZATIONNAME = "Jeffrey Eng";
				TargetAttributes = {
					953DCC1E1E244D05007C6C6B = {
						CreatedOnToolsVersion = 8.2.1;
						DevelopmentTeam = C24EPTZG2L;
						ProvisioningStyle = Automatic;
					};
				};
			};
			buildConfigurationList = 953DCC1A1E244D05007C6C6B /* Build configuration list for PBXProject "PartyRockApp" */;
			compatibilityVersion = "Xcode 3.2";
			developmentRegion = English;
			hasScannedForEncodings = 0;
			knownRegions = (
				en,
				Base,
			);
			mainGroup = 953DCC161E244D05007C6C6B;
			productRefGroup = 953DCC201E244D05007C6C6B /* Products */;
			projectDirPath = "";
			projectRoot = "";
			targets = (
				953DCC1E1E244D05007C6C6B /* PartyRockApp */,
			);
		};
/* End PBXProject section */

/* Begin PBXResourcesBuildPhase section */
		953DCC1D1E244D05007C6C6B /* Resources */ = {
			isa = PBXResourcesBuildPhase;
			buildActionMask = 2147483647;
			files = (
				953DCC2D1E244D05007C6C6B /* LaunchScreen.storyboard in Resources */,
				953DCC381E245C18007C6C6B /* still time.ttf in Resources */,
				953DCC2A1E244D05007C6C6B /* Assets.xcassets in Resources */,
				953DCC281E244D05007C6C6B /* Main.storyboard in Resources */,
			);
			runOnlyForDeploymentPostprocessing = 0;
		};
/* End PBXResourcesBuildPhase section */

/* Begin PBXSourcesBuildPhase section */
		953DCC1B1E244D05007C6C6B /* Sources */ = {
			isa = PBXSourcesBuildPhase;
			buildActionMask = 2147483647;
			files = (
				953DCC3B1E245E4F007C6C6B /* VideoVC.swift in Sources */,
				953DCC251E244D05007C6C6B /* MainVC.swift in Sources */,
				953DCC3F1E2566D9007C6C6B /* PartyRock.swift in Sources */,
				953DCC3D1E255EB7007C6C6B /* PartyCell.swift in Sources */,
				953DCC231E244D05007C6C6B /* AppDelegate.swift in Sources */,
			);
			runOnlyForDeploymentPostprocessing = 0;
		};
/* End PBXSourcesBuildPhase section */

/* Begin PBXVariantGroup section */
		953DCC261E244D05007C6C6B /* Main.storyboard */ = {
			isa = PBXVariantGroup;
			children = (
				953DCC271E244D05007C6C6B /* Base */,
			);
			name = Main.storyboard;
			sourceTree = "<group>";
		};
		953DCC2B1E244D05007C6C6B /* LaunchScreen.storyboard */ = {
			isa = PBXVariantGroup;
			children = (
				953DCC2C1E244D05007C6C6B /* Base */,
			);
			name = LaunchScreen.storyboard;
			sourceTree = "<group>";
		};
/* End PBXVariantGroup section */

/* Begin XCBuildConfiguration section */
		953DCC2F1E244D05007C6C6B /* Debug */ = {
			isa = XCBuildConfiguration;
			buildSettings = {
				ALWAYS_SEARCH_USER_PATHS = NO;
				CLANG_ANALYZER_NONNULL = YES;
				CLANG_CXX_LANGUAGE_STANDARD = "gnu++0x";
				CLANG_CXX_LIBRARY = "libc++";
				CLANG_ENABLE_MODULES = YES;
				CLANG_ENABLE_OBJC_ARC = YES;
				CLANG_WARN_BOOL_CONVERSION = YES;
				CLANG_WARN_CONSTANT_CONVERSION = YES;
				CLANG_WARN_DIRECT_OBJC_ISA_USAGE = YES_ERROR;
				CLANG_WARN_DOCUMENTATION_COMMENTS = YES;
				CLANG_WARN_EMPTY_BODY = YES;
				CLANG_WARN_ENUM_CONVERSION = YES;
				CLANG_WARN_INFINITE_RECURSION = YES;
				CLANG_WARN_INT_CONVERSION = YES;
				CLANG_WARN_OBJC_ROOT_CLASS = YES_ERROR;
				CLANG_WARN_SUSPICIOUS_MOVE = YES;
				CLANG_WARN_UNREACHABLE_CODE = YES;
				CLANG_WARN__DUPLICATE_METHOD_MATCH = YES;
				"CODE_SIGN_IDENTITY[sdk=iphoneos*]" = "iPhone Developer";
				COPY_PHASE_STRIP = NO;
				DEBUG_INFORMATION_FORMAT = dwarf;
				ENABLE_STRICT_OBJC_MSGSEND = YES;
				ENABLE_TESTABILITY = YES;
				GCC_C_LANGUAGE_STANDARD = gnu99;
				GCC_DYNAMIC_NO_PIC = NO;
				GCC_NO_COMMON_BLOCKS = YES;
				GCC_OPTIMIZATION_LEVEL = 0;
				GCC_PREPROCESSOR_DEFINITIONS = (
					"DEBUG=1",
					"$(inherited)",
				);
				GCC_WARN_64_TO_32_BIT_CONVERSION = YES;
				GCC_WARN_ABOUT_RETURN_TYPE = YES_ERROR;
				GCC_WARN_UNDECLARED_SELECTOR = YES;
				GCC_WARN_UNINITIALIZED_AUTOS = YES_AGGRESSIVE;
				GCC_WARN_UNUSED_FUNCTION = YES;
				GCC_WARN_UNUSED_VARIABLE = YES;
				IPHONEOS_DEPLOYMENT_TARGET = 10.2;
				MTL_ENABLE_DEBUG_INFO = YES;
				ONLY_ACTIVE_ARCH = YES;
				SDKROOT = iphoneos;
				SWIFT_ACTIVE_COMPILATION_CONDITIONS = DEBUG;
				SWIFT_OPTIMIZATION_LEVEL = "-Onone";
				TARGETED_DEVICE_FAMILY = "1,2";
			};
			name = Debug;
		};
		953DCC301E244D05007C6C6B /* Release */ = {
			isa = XCBuildConfiguration;
			buildSettings = {
				ALWAYS_SEARCH_USER_PATHS = NO;
				CLANG_ANALYZER_NONNULL = YES;
				CLANG_CXX_LANGUAGE_STANDARD = "gnu++0x";
				CLANG_CXX_LIBRARY = "libc++";
				CLANG_ENABLE_MODULES = YES;
				CLANG_ENABLE_OBJC_ARC = YES;
				CLANG_WARN_BOOL_CONVERSION = YES;
				CLANG_WARN_CONSTANT_CONVERSION = YES;
				CLANG_WARN_DIRECT_OBJC_ISA_USAGE = YES_ERROR;
				CLANG_WARN_DOCUMENTATION_COMMENTS = YES;
				CLANG_WARN_EMPTY_BODY = YES;
				CLANG_WARN_ENUM_CONVERSION = YES;
				CLANG_WARN_INFINITE_RECURSION = YES;
				CLANG_WARN_INT_CONVERSION = YES;
				CLANG_WARN_OBJC_ROOT_CLASS = YES_ERROR;
				CLANG_WARN_SUSPICIOUS_MOVE = YES;
				CLANG_WARN_UNREACHABLE_CODE = YES;
				CLANG_WARN__DUPLICATE_METHOD_MATCH = YES;
				"CODE_SIGN_IDENTITY[sdk=iphoneos*]" = "iPhone Developer";
				COPY_PHASE_STRIP = NO;
				DEBUG_INFORMATION_FORMAT = "dwarf-with-dsym";
				ENABLE_NS_ASSERTIONS = NO;
				ENABLE_STRICT_OBJC_MSGSEND = YES;
				GCC_C_LANGUAGE_STANDARD = gnu99;
				GCC_NO_COMMON_BLOCKS = YES;
				GCC_WARN_64_TO_32_BIT_CONVERSION = YES;
				GCC_WARN_ABOUT_RETURN_TYPE = YES_ERROR;
				GCC_WARN_UNDECLARED_SELECTOR = YES;
				GCC_WARN_UNINITIALIZED_AUTOS = YES_AGGRESSIVE;
				GCC_WARN_UNUSED_FUNCTION = YES;
				GCC_WARN_UNUSED_VARIABLE = YES;
				IPHONEOS_DEPLOYMENT_TARGET = 10.2;
				MTL_ENABLE_DEBUG_INFO = NO;
				SDKROOT = iphoneos;
				SWIFT_OPTIMIZATION_LEVEL = "-Owholemodule";
				TARGETED_DEVICE_FAMILY = "1,2";
				VALIDATE_PRODUCT = YES;
			};
			name = Release;
		};
		953DCC321E244D05007C6C6B /* Debug */ = {
			isa = XCBuildConfiguration;
			buildSettings = {
				ASSETCATALOG_COMPILER_APPICON_NAME = AppIcon;
				DEVELOPMENT_TEAM = C24EPTZG2L;
				INFOPLIST_FILE = PartyRockApp/Info.plist;
				LD_RUNPATH_SEARCH_PATHS = "$(inherited) @executable_path/Frameworks";
				PRODUCT_BUNDLE_IDENTIFIER = com.jeffeng.PartyRockApp;
				PRODUCT_NAME = "$(TARGET_NAME)";
				SWIFT_VERSION = 3.0;
			};
			name = Debug;
		};
		953DCC331E244D05007C6C6B /* Release */ = {
			isa = XCBuildConfiguration;
			buildSettings = {
				ASSETCATALOG_COMPILER_APPICON_NAME = AppIcon;
				DEVELOPMENT_TEAM = C24EPTZG2L;
				INFOPLIST_FILE = PartyRockApp/Info.plist;
				LD_RUNPATH_SEARCH_PATHS = "$(inherited) @executable_path/Frameworks";
				PRODUCT_BUNDLE_IDENTIFIER = com.jeffeng.PartyRockApp;
				PRODUCT_NAME = "$(TARGET_NAME)";
				SWIFT_VERSION = 3.0;
			};
			name = Release;
		};
/* End XCBuildConfiguration section */

/* Begin XCConfigurationList section */
		953DCC1A1E244D05007C6C6B /* Build configuration list for PBXProject "PartyRockApp" */ = {
			isa = XCConfigurationList;
			buildConfigurations = (
				953DCC2F1E244D05007C6C6B /* Debug */,
				953DCC301E244D05007C6C6B /* Release */,
			);
			defaultConfigurationIsVisible = 0;
			defaultConfigurationName = Release;
		};
		953DCC311E244D05007C6C6B /* Build configuration list for PBXNativeTarget "PartyRockApp" */ = {
			isa = XCConfigurationList;
			buildConfigurations = (
				953DCC321E244D05007C6C6B /* Debug */,
				953DCC331E244D05007C6C6B /* Release */,
			);
			defaultConfigurationIsVisible = 0;
			defaultConfigurationName = Release;
		};
/* End XCConfigurationList section */
	};
	rootObject = 953DCC171E244D05007C6C6B /* Project object */;
}
