// !$*UTF8*$!
{
	archiveVersion = 1;
	classes = {
	};
	objectVersion = 46;
	objects = {

/* Begin PBXBuildFile section */
		95DF40691EAFD9E500CABB1D /* main.m in Sources */ = {isa = PBXBuildFile; fileRef = 95DF40681EAFD9E500CABB1D /* main.m */; };
		95DF406C1EAFD9E500CABB1D /* AppDelegate.m in Sources */ = {isa = PBXBuildFile; fileRef = 95DF406B1EAFD9E500CABB1D /* AppDelegate.m */; };
		95DF406F1EAFD9E500CABB1D /* ViewController.m in Sources */ = {isa = PBXBuildFile; fileRef = 95DF406E1EAFD9E500CABB1D /* ViewController.m */; };
		95DF40721EAFD9E500CABB1D /* Main.storyboard in Resources */ = {isa = PBXBuildFile; fileRef = 95DF40701EAFD9E500CABB1D /* Main.storyboard */; };
		95DF40741EAFD9E500CABB1D /* Assets.xcassets in Resources */ = {isa = PBXBuildFile; fileRef = 95DF40731EAFD9E500CABB1D /* Assets.xcassets */; };
		95DF40771EAFD9E500CABB1D /* LaunchScreen.storyboard in Resources */ = {isa = PBXBuildFile; fileRef = 95DF40751EAFD9E500CABB1D /* LaunchScreen.storyboard */; };
		95DF40801EAFDB7500CABB1D /* SecondVC.swift in Sources */ = {isa = PBXBuildFile; fileRef = 95DF407F1EAFDB7500CABB1D /* SecondVC.swift */; };
/* End PBXBuildFile section */

/* Begin PBXFileReference section */
		95DF40641EAFD9E500CABB1D /* Swift and OBJC Interoperability.app */ = {isa = PBXFileReference; explicitFileType = wrapper.application; includeInIndex = 0; path = "Swift and OBJC Interoperability.app"; sourceTree = BUILT_PRODUCTS_DIR; };
		95DF40681EAFD9E500CABB1D /* main.m */ = {isa = PBXFileReference; lastKnownFileType = sourcecode.c.objc; path = main.m; sourceTree = "<group>"; };
		95DF406A1EAFD9E500CABB1D /* AppDelegate.h */ = {isa = PBXFileReference; lastKnownFileType = sourcecode.c.h; path = AppDelegate.h; sourceTree = "<group>"; };
		95DF406B1EAFD9E500CABB1D /* AppDelegate.m */ = {isa = PBXFileReference; lastKnownFileType = sourcecode.c.objc; path = AppDelegate.m; sourceTree = "<group>"; };
		95DF406D1EAFD9E500CABB1D /* ViewController.h */ = {isa = PBXFileReference; lastKnownFileType = sourcecode.c.h; path = ViewController.h; sourceTree = "<group>"; };
		95DF406E1EAFD9E500CABB1D /* ViewController.m */ = {isa = PBXFileReference; lastKnownFileType = sourcecode.c.objc; path = ViewController.m; sourceTree = "<group>"; };
		95DF40711EAFD9E500CABB1D /* Base */ = {isa = PBXFileReference; lastKnownFileType = file.storyboard; name = Base; path = Base.lproj/Main.storyboard; sourceTree = "<group>"; };
		95DF40731EAFD9E500CABB1D /* Assets.xcassets */ = {isa = PBXFileReference; lastKnownFileType = folder.assetcatalog; path = Assets.xcassets; sourceTree = "<group>"; };
		95DF40761EAFD9E500CABB1D /* Base */ = {isa = PBXFileReference; lastKnownFileType = file.storyboard; name = Base; path = Base.lproj/LaunchScreen.storyboard; sourceTree = "<group>"; };
		95DF40781EAFD9E500CABB1D /* Info.plist */ = {isa = PBXFileReference; lastKnownFileType = text.plist.xml; path = Info.plist; sourceTree = "<group>"; };
		95DF407E1EAFDB7400CABB1D /* Swift and OBJC Interoperability-Bridging-Header.h */ = {isa = PBXFileReference; lastKnownFileType = sourcecode.c.h; path = "Swift and OBJC Interoperability-Bridging-Header.h"; sourceTree = "<group>"; };
		95DF407F1EAFDB7500CABB1D /* SecondVC.swift */ = {isa = PBXFileReference; fileEncoding = 4; lastKnownFileType = sourcecode.swift; path = SecondVC.swift; sourceTree = "<group>"; };
/* End PBXFileReference section */

/* Begin PBXFrameworksBuildPhase section */
		95DF40611EAFD9E500CABB1D /* Frameworks */ = {
			isa = PBXFrameworksBuildPhase;
			buildActionMask = 2147483647;
			files = (
			);
			runOnlyForDeploymentPostprocessing = 0;
		};
/* End PBXFrameworksBuildPhase section */

/* Begin PBXGroup section */
		95DF405B1EAFD9E500CABB1D = {
			isa = PBXGroup;
			children = (
				95DF40661EAFD9E500CABB1D /* Swift and OBJC Interoperability */,
				95DF40651EAFD9E500CABB1D /* Products */,
			);
			sourceTree = "<group>";
		};
		95DF40651EAFD9E500CABB1D /* Products */ = {
			isa = PBXGroup;
			children = (
				95DF40641EAFD9E500CABB1D /* Swift and OBJC Interoperability.app */,
			);
			name = Products;
			sourceTree = "<group>";
		};
		95DF40661EAFD9E500CABB1D /* Swift and OBJC Interoperability */ = {
			isa = PBXGroup;
			children = (
				95DF406A1EAFD9E500CABB1D /* AppDelegate.h */,
				95DF406B1EAFD9E500CABB1D /* AppDelegate.m */,
				95DF406D1EAFD9E500CABB1D /* ViewController.h */,
				95DF406E1EAFD9E500CABB1D /* ViewController.m */,
				95DF40701EAFD9E500CABB1D /* Main.storyboard */,
				95DF40731EAFD9E500CABB1D /* Assets.xcassets */,
				95DF40751EAFD9E500CABB1D /* LaunchScreen.storyboard */,
				95DF40781EAFD9E500CABB1D /* Info.plist */,
				95DF40671EAFD9E500CABB1D /* Supporting Files */,
				95DF407F1EAFDB7500CABB1D /* SecondVC.swift */,
				95DF407E1EAFDB7400CABB1D /* Swift and OBJC Interoperability-Bridging-Header.h */,
			);
			path = "Swift and OBJC Interoperability";
			sourceTree = "<group>";
		};
		95DF40671EAFD9E500CABB1D /* Supporting Files */ = {
			isa = PBXGroup;
			children = (
				95DF40681EAFD9E500CABB1D /* main.m */,
			);
			name = "Supporting Files";
			sourceTree = "<group>";
		};
/* End PBXGroup section */

/* Begin PBXNativeTarget section */
		95DF40631EAFD9E500CABB1D /* Swift and OBJC Interoperability */ = {
			isa = PBXNativeTarget;
			buildConfigurationList = 95DF407B1EAFD9E500CABB1D /* Build configuration list for PBXNativeTarget "Swift and OBJC Interoperability" */;
			buildPhases = (
				95DF40601EAFD9E500CABB1D /* Sources */,
				95DF40611EAFD9E500CABB1D /* Frameworks */,
				95DF40621EAFD9E500CABB1D /* Resources */,
			);
			buildRules = (
			);
			dependencies = (
			);
			name = "Swift and OBJC Interoperability";
			productName = "Swift and OBJC Interoperability";
			productReference = 95DF40641EAFD9E500CABB1D /* Swift and OBJC Interoperability.app */;
			productType = "com.apple.product-type.application";
		};
/* End PBXNativeTarget section */

/* Begin PBXProject section */
		95DF405C1EAFD9E500CABB1D /* Project object */ = {
			isa = PBXProject;
			attributes = {
				LastUpgradeCheck = 0830;
				ORGANIZATIONNAME = "Jeffrey Eng";
				TargetAttributes = {
					95DF40631EAFD9E500CABB1D = {
						CreatedOnToolsVersion = 8.3.2;
						LastSwiftMigration = 0830;
						ProvisioningStyle = Manual;
					};
				};
			};
			buildConfigurationList = 95DF405F1EAFD9E500CABB1D /* Build configuration list for PBXProject "Swift and OBJC Interoperability" */;
			compatibilityVersion = "Xcode 3.2";
			developmentRegion = English;
			hasScannedForEncodings = 0;
			knownRegions = (
				en,
				Base,
			);
			mainGroup = 95DF405B1EAFD9E500CABB1D;
			productRefGroup = 95DF40651EAFD9E500CABB1D /* Products */;
			projectDirPath = "";
			projectRoot = "";
			targets = (
				95DF40631EAFD9E500CABB1D /* Swift and OBJC Interoperability */,
			);
		};
/* End PBXProject section */

/* Begin PBXResourcesBuildPhase section */
		95DF40621EAFD9E500CABB1D /* Resources */ = {
			isa = PBXResourcesBuildPhase;
			buildActionMask = 2147483647;
			files = (
				95DF40771EAFD9E500CABB1D /* LaunchScreen.storyboard in Resources */,
				95DF40741EAFD9E500CABB1D /* Assets.xcassets in Resources */,
				95DF40721EAFD9E500CABB1D /* Main.storyboard in Resources */,
			);
			runOnlyForDeploymentPostprocessing = 0;
		};
/* End PBXResourcesBuildPhase section */

/* Begin PBXSourcesBuildPhase section */
		95DF40601EAFD9E500CABB1D /* Sources */ = {
			isa = PBXSourcesBuildPhase;
			buildActionMask = 2147483647;
			files = (
				95DF406F1EAFD9E500CABB1D /* ViewController.m in Sources */,
				95DF406C1EAFD9E500CABB1D /* AppDelegate.m in Sources */,
				95DF40801EAFDB7500CABB1D /* SecondVC.swift in Sources */,
				95DF40691EAFD9E500CABB1D /* main.m in Sources */,
			);
			runOnlyForDeploymentPostprocessing = 0;
		};
/* End PBXSourcesBuildPhase section */

/* Begin PBXVariantGroup section */
		95DF40701EAFD9E500CABB1D /* Main.storyboard */ = {
			isa = PBXVariantGroup;
			children = (
				95DF40711EAFD9E500CABB1D /* Base */,
			);
			name = Main.storyboard;
			sourceTree = "<group>";
		};
		95DF40751EAFD9E500CABB1D /* LaunchScreen.storyboard */ = {
			isa = PBXVariantGroup;
			children = (
				95DF40761EAFD9E500CABB1D /* Base */,
			);
			name = LaunchScreen.storyboard;
			sourceTree = "<group>";
		};
/* End PBXVariantGroup section */

/* Begin XCBuildConfiguration section */
		95DF40791EAFD9E500CABB1D /* Debug */ = {
			isa = XCBuildConfiguration;
			buildSettings = {
				ALWAYS_SEARCH_USER_PATHS = NO;
				CLANG_ANALYZER_NONNULL = YES;
				CLANG_ANALYZER_NUMBER_OBJECT_CONVERSION = YES_AGGRESSIVE;
				CLANG_CXX_LANGUAGE_STANDARD = "gnu++0x";
				CLANG_CXX_LIBRARY = "libc++";
				CLANG_ENABLE_MODULES = YES;
				CLANG_ENABLE_OBJC_ARC = YES;
				CLANG_WARN_BOOL_CONVERSION = YES;
				CLANG_WARN_CONSTANT_CONVERSION = YES;
				CLANG_WARN_DIRECT_OBJC_ISA_USAGE = YES_ERROR;
				CLANG_WARN_DOCUMENTATION_COMMENTS = YES;
				CLANG_WARN_EMPTY_BODY = YES;
				CLANG_WARN_ENUM_CONVERSION = YES;
				CLANG_WARN_INFINITE_RECURSION = YES;
				CLANG_WARN_INT_CONVERSION = YES;
				CLANG_WARN_OBJC_ROOT_CLASS = YES_ERROR;
				CLANG_WARN_SUSPICIOUS_MOVE = YES;
				CLANG_WARN_UNREACHABLE_CODE = YES;
				CLANG_WARN__DUPLICATE_METHOD_MATCH = YES;
				"CODE_SIGN_IDENTITY[sdk=iphoneos*]" = "iPhone Developer";
				COPY_PHASE_STRIP = NO;
				DEBUG_INFORMATION_FORMAT = dwarf;
				ENABLE_STRICT_OBJC_MSGSEND = YES;
				ENABLE_TESTABILITY = YES;
				GCC_C_LANGUAGE_STANDARD = gnu99;
				GCC_DYNAMIC_NO_PIC = NO;
				GCC_NO_COMMON_BLOCKS = YES;
				GCC_OPTIMIZATION_LEVEL = 0;
				GCC_PREPROCESSOR_DEFINITIONS = (
					"DEBUG=1",
					"$(inherited)",
				);
				GCC_WARN_64_TO_32_BIT_CONVERSION = YES;
				GCC_WARN_ABOUT_RETURN_TYPE = YES_ERROR;
				GCC_WARN_UNDECLARED_SELECTOR = YES;
				GCC_WARN_UNINITIALIZED_AUTOS = YES_AGGRESSIVE;
				GCC_WARN_UNUSED_FUNCTION = YES;
				GCC_WARN_UNUSED_VARIABLE = YES;
				IPHONEOS_DEPLOYMENT_TARGET = 10.3;
				MTL_ENABLE_DEBUG_INFO = YES;
				ONLY_ACTIVE_ARCH = YES;
				SDKROOT = iphoneos;
				TARGETED_DEVICE_FAMILY = "1,2";
			};
			name = Debug;
		};
		95DF407A1EAFD9E500CABB1D /* Release */ = {
			isa = XCBuildConfiguration;
			buildSettings = {
				ALWAYS_SEARCH_USER_PATHS = NO;
				CLANG_ANALYZER_NONNULL = YES;
				CLANG_ANALYZER_NUMBER_OBJECT_CONVERSION = YES_AGGRESSIVE;
				CLANG_CXX_LANGUAGE_STANDARD = "gnu++0x";
				CLANG_CXX_LIBRARY = "libc++";
				CLANG_ENABLE_MODULES = YES;
				CLANG_ENABLE_OBJC_ARC = YES;
				CLANG_WARN_BOOL_CONVERSION = YES;
				CLANG_WARN_CONSTANT_CONVERSION = YES;
				CLANG_WARN_DIRECT_OBJC_ISA_USAGE = YES_ERROR;
				CLANG_WARN_DOCUMENTATION_COMMENTS = YES;
				CLANG_WARN_EMPTY_BODY = YES;
				CLANG_WARN_ENUM_CONVERSION = YES;
				CLANG_WARN_INFINITE_RECURSION = YES;
				CLANG_WARN_INT_CONVERSION = YES;
				CLANG_WARN_OBJC_ROOT_CLASS = YES_ERROR;
				CLANG_WARN_SUSPICIOUS_MOVE = YES;
				CLANG_WARN_UNREACHABLE_CODE = YES;
				CLANG_WARN__DUPLICATE_METHOD_MATCH = YES;
				"CODE_SIGN_IDENTITY[sdk=iphoneos*]" = "iPhone Developer";
				COPY_PHASE_STRIP = NO;
				DEBUG_INFORMATION_FORMAT = "dwarf-with-dsym";
				ENABLE_NS_ASSERTIONS = NO;
				ENABLE_STRICT_OBJC_MSGSEND = YES;
				GCC_C_LANGUAGE_STANDARD = gnu99;
				GCC_NO_COMMON_BLOCKS = YES;
				GCC_WARN_64_TO_32_BIT_CONVERSION = YES;
				GCC_WARN_ABOUT_RETURN_TYPE = YES_ERROR;
				GCC_WARN_UNDECLARED_SELECTOR = YES;
				GCC_WARN_UNINITIALIZED_AUTOS = YES_AGGRESSIVE;
				GCC_WARN_UNUSED_FUNCTION = YES;
				GCC_WARN_UNUSED_VARIABLE = YES;
				IPHONEOS_DEPLOYMENT_TARGET = 10.3;
				MTL_ENABLE_DEBUG_INFO = NO;
				SDKROOT = iphoneos;
				TARGETED_DEVICE_FAMILY = "1,2";
				VALIDATE_PRODUCT = YES;
			};
			name = Release;
		};
		95DF407C1EAFD9E500CABB1D /* Debug */ = {
			isa = XCBuildConfiguration;
			buildSettings = {
				ASSETCATALOG_COMPILER_APPICON_NAME = AppIcon;
				CLANG_ENABLE_MODULES = YES;
				DEVELOPMENT_TEAM = "";
				INFOPLIST_FILE = "Swift and OBJC Interoperability/Info.plist";
				LD_RUNPATH_SEARCH_PATHS = "$(inherited) @executable_path/Frameworks";
				PRODUCT_BUNDLE_IDENTIFIER = "com.jeffeng.Swift-and-OBJC-Interoperability";
				PRODUCT_NAME = "$(TARGET_NAME)";
				PROVISIONING_PROFILE_SPECIFIER = "";
				SWIFT_OBJC_BRIDGING_HEADER = "Swift and OBJC Interoperability/Swift and OBJC Interoperability-Bridging-Header.h";
				SWIFT_OPTIMIZATION_LEVEL = "-Onone";
				SWIFT_VERSION = 3.0;
			};
			name = Debug;
		};
		95DF407D1EAFD9E500CABB1D /* Release */ = {
			isa = XCBuildConfiguration;
			buildSettings = {
				ASSETCATALOG_COMPILER_APPICON_NAME = AppIcon;
				CLANG_ENABLE_MODULES = YES;
				DEVELOPMENT_TEAM = "";
				INFOPLIST_FILE = "Swift and OBJC Interoperability/Info.plist";
				LD_RUNPATH_SEARCH_PATHS = "$(inherited) @executable_path/Frameworks";
				PRODUCT_BUNDLE_IDENTIFIER = "com.jeffeng.Swift-and-OBJC-Interoperability";
				PRODUCT_NAME = "$(TARGET_NAME)";
				PROVISIONING_PROFILE_SPECIFIER = "";
				SWIFT_OBJC_BRIDGING_HEADER = "Swift and OBJC Interoperability/Swift and OBJC Interoperability-Bridging-Header.h";
				SWIFT_VERSION = 3.0;
			};
			name = Release;
		};
/* End XCBuildConfiguration section */

/* Begin XCConfigurationList section */
		95DF405F1EAFD9E500CABB1D /* Build configuration list for PBXProject "Swift and OBJC Interoperability" */ = {
			isa = XCConfigurationList;
			buildConfigurations = (
				95DF40791EAFD9E500CABB1D /* Debug */,
				95DF407A1EAFD9E500CABB1D /* Release */,
			);
			defaultConfigurationIsVisible = 0;
			defaultConfigurationName = Release;
		};
		95DF407B1EAFD9E500CABB1D /* Build configuration list for PBXNativeTarget "Swift and OBJC Interoperability" */ = {
			isa = XCConfigurationList;
			buildConfigurations = (
				95DF407C1EAFD9E500CABB1D /* Debug */,
				95DF407D1EAFD9E500CABB1D /* Release */,
			);
			defaultConfigurationIsVisible = 0;
		};
/* End XCConfigurationList section */
	};
	rootObject = 95DF405C1EAFD9E500CABB1D /* Project object */;
}
