// !$*UTF8*$!
{
	archiveVersion = 1;
	classes = {
	};
	objectVersion = 46;
	objects = {

/* Begin PBXBuildFile section */
		95C5A2791EA91C4400880EEE /* main.m in Sources */ = {isa = PBXBuildFile; fileRef = 95C5A2781EA91C4400880EEE /* main.m */; };
		95C5A27C1EA91C4400880EEE /* AppDelegate.m in Sources */ = {isa = PBXBuildFile; fileRef = 95C5A27B1EA91C4400880EEE /* AppDelegate.m */; };
		95C5A27F1EA91C4400880EEE /* ViewController.m in Sources */ = {isa = PBXBuildFile; fileRef = 95C5A27E1EA91C4400880EEE /* ViewController.m */; };
		95C5A2821EA91C4400880EEE /* Main.storyboard in Resources */ = {isa = PBXBuildFile; fileRef = 95C5A2801EA91C4400880EEE /* Main.storyboard */; };
		95C5A2841EA91C4400880EEE /* Assets.xcassets in Resources */ = {isa = PBXBuildFile; fileRef = 95C5A2831EA91C4400880EEE /* Assets.xcassets */; };
		95C5A2871EA91C4400880EEE /* LaunchScreen.storyboard in Resources */ = {isa = PBXBuildFile; fileRef = 95C5A2851EA91C4400880EEE /* LaunchScreen.storyboard */; };
/* End PBXBuildFile section */

/* Begin PBXFileReference section */
		95C5A2741EA91C4400880EEE /* StringFling.app */ = {isa = PBXFileReference; explicitFileType = wrapper.application; includeInIndex = 0; path = StringFling.app; sourceTree = BUILT_PRODUCTS_DIR; };
		95C5A2781EA91C4400880EEE /* main.m */ = {isa = PBXFileReference; lastKnownFileType = sourcecode.c.objc; path = main.m; sourceTree = "<group>"; };
		95C5A27A1EA91C4400880EEE /* AppDelegate.h */ = {isa = PBXFileReference; lastKnownFileType = sourcecode.c.h; path = AppDelegate.h; sourceTree = "<group>"; };
		95C5A27B1EA91C4400880EEE /* AppDelegate.m */ = {isa = PBXFileReference; lastKnownFileType = sourcecode.c.objc; path = AppDelegate.m; sourceTree = "<group>"; };
		95C5A27D1EA91C4400880EEE /* ViewController.h */ = {isa = PBXFileReference; lastKnownFileType = sourcecode.c.h; path = ViewController.h; sourceTree = "<group>"; };
		95C5A27E1EA91C4400880EEE /* ViewController.m */ = {isa = PBXFileReference; lastKnownFileType = sourcecode.c.objc; path = ViewController.m; sourceTree = "<group>"; };
		95C5A2811EA91C4400880EEE /* Base */ = {isa = PBXFileReference; lastKnownFileType = file.storyboard; name = Base; path = Base.lproj/Main.storyboard; sourceTree = "<group>"; };
		95C5A2831EA91C4400880EEE /* Assets.xcassets */ = {isa = PBXFileReference; lastKnownFileType = folder.assetcatalog; path = Assets.xcassets; sourceTree = "<group>"; };
		95C5A2861EA91C4400880EEE /* Base */ = {isa = PBXFileReference; lastKnownFileType = file.storyboard; name = Base; path = Base.lproj/LaunchScreen.storyboard; sourceTree = "<group>"; };
		95C5A2881EA91C4400880EEE /* Info.plist */ = {isa = PBXFileReference; lastKnownFileType = text.plist.xml; path = Info.plist; sourceTree = "<group>"; };
/* End PBXFileReference section */

/* Begin PBXFrameworksBuildPhase section */
		95C5A2711EA91C4400880EEE /* Frameworks */ = {
			isa = PBXFrameworksBuildPhase;
			buildActionMask = 2147483647;
			files = (
			);
			runOnlyForDeploymentPostprocessing = 0;
		};
/* End PBXFrameworksBuildPhase section */

/* Begin PBXGroup section */
		95C5A26B1EA91C4400880EEE = {
			isa = PBXGroup;
			children = (
				95C5A2761EA91C4400880EEE /* StringFling */,
				95C5A2751EA91C4400880EEE /* Products */,
			);
			sourceTree = "<group>";
		};
		95C5A2751EA91C4400880EEE /* Products */ = {
			isa = PBXGroup;
			children = (
				95C5A2741EA91C4400880EEE /* StringFling.app */,
			);
			name = Products;
			sourceTree = "<group>";
		};
		95C5A2761EA91C4400880EEE /* StringFling */ = {
			isa = PBXGroup;
			children = (
				95C5A27A1EA91C4400880EEE /* AppDelegate.h */,
				95C5A27B1EA91C4400880EEE /* AppDelegate.m */,
				95C5A27D1EA91C4400880EEE /* ViewController.h */,
				95C5A27E1EA91C4400880EEE /* ViewController.m */,
				95C5A2801EA91C4400880EEE /* Main.storyboard */,
				95C5A2831EA91C4400880EEE /* Assets.xcassets */,
				95C5A2851EA91C4400880EEE /* LaunchScreen.storyboard */,
				95C5A2881EA91C4400880EEE /* Info.plist */,
				95C5A2771EA91C4400880EEE /* Supporting Files */,
			);
			path = StringFling;
			sourceTree = "<group>";
		};
		95C5A2771EA91C4400880EEE /* Supporting Files */ = {
			isa = PBXGroup;
			children = (
				95C5A2781EA91C4400880EEE /* main.m */,
			);
			name = "Supporting Files";
			sourceTree = "<group>";
		};
/* End PBXGroup section */

/* Begin PBXNativeTarget section */
		95C5A2731EA91C4400880EEE /* StringFling */ = {
			isa = PBXNativeTarget;
			buildConfigurationList = 95C5A28B1EA91C4400880EEE /* Build configuration list for PBXNativeTarget "StringFling" */;
			buildPhases = (
				95C5A2701EA91C4400880EEE /* Sources */,
				95C5A2711EA91C4400880EEE /* Frameworks */,
				95C5A2721EA91C4400880EEE /* Resources */,
			);
			buildRules = (
			);
			dependencies = (
			);
			name = StringFling;
			productName = StringFling;
			productReference = 95C5A2741EA91C4400880EEE /* StringFling.app */;
			productType = "com.apple.product-type.application";
		};
/* End PBXNativeTarget section */

/* Begin PBXProject section */
		95C5A26C1EA91C4400880EEE /* Project object */ = {
			isa = PBXProject;
			attributes = {
				LastUpgradeCheck = 0830;
				ORGANIZATIONNAME = "Jeffrey Eng";
				TargetAttributes = {
					95C5A2731EA91C4400880EEE = {
						CreatedOnToolsVersion = 8.3.2;
						DevelopmentTeam = C24EPTZG2L;
						ProvisioningStyle = Automatic;
					};
				};
			};
			buildConfigurationList = 95C5A26F1EA91C4400880EEE /* Build configuration list for PBXProject "StringFling" */;
			compatibilityVersion = "Xcode 3.2";
			developmentRegion = English;
			hasScannedForEncodings = 0;
			knownRegions = (
				en,
				Base,
			);
			mainGroup = 95C5A26B1EA91C4400880EEE;
			productRefGroup = 95C5A2751EA91C4400880EEE /* Products */;
			projectDirPath = "";
			projectRoot = "";
			targets = (
				95C5A2731EA91C4400880EEE /* StringFling */,
			);
		};
/* End PBXProject section */

/* Begin PBXResourcesBuildPhase section */
		95C5A2721EA91C4400880EEE /* Resources */ = {
			isa = PBXResourcesBuildPhase;
			buildActionMask = 2147483647;
			files = (
				95C5A2871EA91C4400880EEE /* LaunchScreen.storyboard in Resources */,
				95C5A2841EA91C4400880EEE /* Assets.xcassets in Resources */,
				95C5A2821EA91C4400880EEE /* Main.storyboard in Resources */,
			);
			runOnlyForDeploymentPostprocessing = 0;
		};
/* End PBXResourcesBuildPhase section */

/* Begin PBXSourcesBuildPhase section */
		95C5A2701EA91C4400880EEE /* Sources */ = {
			isa = PBXSourcesBuildPhase;
			buildActionMask = 2147483647;
			files = (
				95C5A27F1EA91C4400880EEE /* ViewController.m in Sources */,
				95C5A27C1EA91C4400880EEE /* AppDelegate.m in Sources */,
				95C5A2791EA91C4400880EEE /* main.m in Sources */,
			);
			runOnlyForDeploymentPostprocessing = 0;
		};
/* End PBXSourcesBuildPhase section */

/* Begin PBXVariantGroup section */
		95C5A2801EA91C4400880EEE /* Main.storyboard */ = {
			isa = PBXVariantGroup;
			children = (
				95C5A2811EA91C4400880EEE /* Base */,
			);
			name = Main.storyboard;
			sourceTree = "<group>";
		};
		95C5A2851EA91C4400880EEE /* LaunchScreen.storyboard */ = {
			isa = PBXVariantGroup;
			children = (
				95C5A2861EA91C4400880EEE /* Base */,
			);
			name = LaunchScreen.storyboard;
			sourceTree = "<group>";
		};
/* End PBXVariantGroup section */

/* Begin XCBuildConfiguration section */
		95C5A2891EA91C4400880EEE /* Debug */ = {
			isa = XCBuildConfiguration;
			buildSettings = {
				ALWAYS_SEARCH_USER_PATHS = NO;
				CLANG_ANALYZER_NONNULL = YES;
				CLANG_ANALYZER_NUMBER_OBJECT_CONVERSION = YES_AGGRESSIVE;
				CLANG_CXX_LANGUAGE_STANDARD = "gnu++0x";
				CLANG_CXX_LIBRARY = "libc++";
				CLANG_ENABLE_MODULES = YES;
				CLANG_ENABLE_OBJC_ARC = YES;
				CLANG_WARN_BOOL_CONVERSION = YES;
				CLANG_WARN_CONSTANT_CONVERSION = YES;
				CLANG_WARN_DIRECT_OBJC_ISA_USAGE = YES_ERROR;
				CLANG_WARN_DOCUMENTATION_COMMENTS = YES;
				CLANG_WARN_EMPTY_BODY = YES;
				CLANG_WARN_ENUM_CONVERSION = YES;
				CLANG_WARN_INFINITE_RECURSION = YES;
				CLANG_WARN_INT_CONVERSION = YES;
				CLANG_WARN_OBJC_ROOT_CLASS = YES_ERROR;
				CLANG_WARN_SUSPICIOUS_MOVE = YES;
				CLANG_WARN_UNREACHABLE_CODE = YES;
				CLANG_WARN__DUPLICATE_METHOD_MATCH = YES;
				"CODE_SIGN_IDENTITY[sdk=iphoneos*]" = "iPhone Developer";
				COPY_PHASE_STRIP = NO;
				DEBUG_INFORMATION_FORMAT = dwarf;
				ENABLE_STRICT_OBJC_MSGSEND = YES;
				ENABLE_TESTABILITY = YES;
				GCC_C_LANGUAGE_STANDARD = gnu99;
				GCC_DYNAMIC_NO_PIC = NO;
				GCC_NO_COMMON_BLOCKS = YES;
				GCC_OPTIMIZATION_LEVEL = 0;
				GCC_PREPROCESSOR_DEFINITIONS = (
					"DEBUG=1",
					"$(inherited)",
				);
				GCC_WARN_64_TO_32_BIT_CONVERSION = YES;
				GCC_WARN_ABOUT_RETURN_TYPE = YES_ERROR;
				GCC_WARN_UNDECLARED_SELECTOR = YES;
				GCC_WARN_UNINITIALIZED_AUTOS = YES_AGGRESSIVE;
				GCC_WARN_UNUSED_FUNCTION = YES;
				GCC_WARN_UNUSED_VARIABLE = YES;
				IPHONEOS_DEPLOYMENT_TARGET = 10.3;
				MTL_ENABLE_DEBUG_INFO = YES;
				ONLY_ACTIVE_ARCH = YES;
				SDKROOT = iphoneos;
				TARGETED_DEVICE_FAMILY = "1,2";
			};
			name = Debug;
		};
		95C5A28A1EA91C4400880EEE /* Release */ = {
			isa = XCBuildConfiguration;
			buildSettings = {
				ALWAYS_SEARCH_USER_PATHS = NO;
				CLANG_ANALYZER_NONNULL = YES;
				CLANG_ANALYZER_NUMBER_OBJECT_CONVERSION = YES_AGGRESSIVE;
				CLANG_CXX_LANGUAGE_STANDARD = "gnu++0x";
				CLANG_CXX_LIBRARY = "libc++";
				CLANG_ENABLE_MODULES = YES;
				CLANG_ENABLE_OBJC_ARC = YES;
				CLANG_WARN_BOOL_CONVERSION = YES;
				CLANG_WARN_CONSTANT_CONVERSION = YES;
				CLANG_WARN_DIRECT_OBJC_ISA_USAGE = YES_ERROR;
				CLANG_WARN_DOCUMENTATION_COMMENTS = YES;
				CLANG_WARN_EMPTY_BODY = YES;
				CLANG_WARN_ENUM_CONVERSION = YES;
				CLANG_WARN_INFINITE_RECURSION = YES;
				CLANG_WARN_INT_CONVERSION = YES;
				CLANG_WARN_OBJC_ROOT_CLASS = YES_ERROR;
				CLANG_WARN_SUSPICIOUS_MOVE = YES;
				CLANG_WARN_UNREACHABLE_CODE = YES;
				CLANG_WARN__DUPLICATE_METHOD_MATCH = YES;
				"CODE_SIGN_IDENTITY[sdk=iphoneos*]" = "iPhone Developer";
				COPY_PHASE_STRIP = NO;
				DEBUG_INFORMATION_FORMAT = "dwarf-with-dsym";
				ENABLE_NS_ASSERTIONS = NO;
				ENABLE_STRICT_OBJC_MSGSEND = YES;
				GCC_C_LANGUAGE_STANDARD = gnu99;
				GCC_NO_COMMON_BLOCKS = YES;
				GCC_WARN_64_TO_32_BIT_CONVERSION = YES;
				GCC_WARN_ABOUT_RETURN_TYPE = YES_ERROR;
				GCC_WARN_UNDECLARED_SELECTOR = YES;
				GCC_WARN_UNINITIALIZED_AUTOS = YES_AGGRESSIVE;
				GCC_WARN_UNUSED_FUNCTION = YES;
				GCC_WARN_UNUSED_VARIABLE = YES;
				IPHONEOS_DEPLOYMENT_TARGET = 10.3;
				MTL_ENABLE_DEBUG_INFO = NO;
				SDKROOT = iphoneos;
				TARGETED_DEVICE_FAMILY = "1,2";
				VALIDATE_PRODUCT = YES;
			};
			name = Release;
		};
		95C5A28C1EA91C4400880EEE /* Debug */ = {
			isa = XCBuildConfiguration;
			buildSettings = {
				ASSETCATALOG_COMPILER_APPICON_NAME = AppIcon;
				DEVELOPMENT_TEAM = C24EPTZG2L;
				INFOPLIST_FILE = StringFling/Info.plist;
				LD_RUNPATH_SEARCH_PATHS = "$(inherited) @executable_path/Frameworks";
				PRODUCT_BUNDLE_IDENTIFIER = com.jeffeng.StringFling;
				PRODUCT_NAME = "$(TARGET_NAME)";
			};
			name = Debug;
		};
		95C5A28D1EA91C4400880EEE /* Release */ = {
			isa = XCBuildConfiguration;
			buildSettings = {
				ASSETCATALOG_COMPILER_APPICON_NAME = AppIcon;
				DEVELOPMENT_TEAM = C24EPTZG2L;
				INFOPLIST_FILE = StringFling/Info.plist;
				LD_RUNPATH_SEARCH_PATHS = "$(inherited) @executable_path/Frameworks";
				PRODUCT_BUNDLE_IDENTIFIER = com.jeffeng.StringFling;
				PRODUCT_NAME = "$(TARGET_NAME)";
			};
			name = Release;
		};
/* End XCBuildConfiguration section */

/* Begin XCConfigurationList section */
		95C5A26F1EA91C4400880EEE /* Build configuration list for PBXProject "StringFling" */ = {
			isa = XCConfigurationList;
			buildConfigurations = (
				95C5A2891EA91C4400880EEE /* Debug */,
				95C5A28A1EA91C4400880EEE /* Release */,
			);
			defaultConfigurationIsVisible = 0;
			defaultConfigurationName = Release;
		};
		95C5A28B1EA91C4400880EEE /* Build configuration list for PBXNativeTarget "StringFling" */ = {
			isa = XCConfigurationList;
			buildConfigurations = (
				95C5A28C1EA91C4400880EEE /* Debug */,
				95C5A28D1EA91C4400880EEE /* Release */,
			);
			defaultConfigurationIsVisible = 0;
		};
/* End XCConfigurationList section */
	};
	rootObject = 95C5A26C1EA91C4400880EEE /* Project object */;
}
