// !$*UTF8*$!
{
	archiveVersion = 1;
	classes = {
	};
	objectVersion = 46;
	objects = {

/* Begin PBXBuildFile section */
		95802B411E2830F600BA76D2 /* AppDelegate.swift in Sources */ = {isa = PBXBuildFile; fileRef = 95802B401E2830F600BA76D2 /* AppDelegate.swift */; };
		95802B431E2830F600BA76D2 /* ViewController.swift in Sources */ = {isa = PBXBuildFile; fileRef = 95802B421E2830F600BA76D2 /* ViewController.swift */; };
		95802B461E2830F600BA76D2 /* Main.storyboard in Resources */ = {isa = PBXBuildFile; fileRef = 95802B441E2830F600BA76D2 /* Main.storyboard */; };
		95802B491E2830F600BA76D2 /* DreamLister.xcdatamodeld in Sources */ = {isa = PBXBuildFile; fileRef = 95802B471E2830F600BA76D2 /* DreamLister.xcdatamodeld */; };
		95802B4B1E2830F600BA76D2 /* Assets.xcassets in Resources */ = {isa = PBXBuildFile; fileRef = 95802B4A1E2830F600BA76D2 /* Assets.xcassets */; };
		95802B4E1E2830F600BA76D2 /* LaunchScreen.storyboard in Resources */ = {isa = PBXBuildFile; fileRef = 95802B4C1E2830F600BA76D2 /* LaunchScreen.storyboard */; };
		95802B6F1E2851B900BA76D2 /* Store+CoreDataClass.swift in Sources */ = {isa = PBXBuildFile; fileRef = 95802B671E2851B900BA76D2 /* Store+CoreDataClass.swift */; };
		95802B701E2851B900BA76D2 /* Store+CoreDataProperties.swift in Sources */ = {isa = PBXBuildFile; fileRef = 95802B681E2851B900BA76D2 /* Store+CoreDataProperties.swift */; };
		95802B711E2851B900BA76D2 /* ItemType+CoreDataClass.swift in Sources */ = {isa = PBXBuildFile; fileRef = 95802B691E2851B900BA76D2 /* ItemType+CoreDataClass.swift */; };
		95802B721E2851B900BA76D2 /* ItemType+CoreDataProperties.swift in Sources */ = {isa = PBXBuildFile; fileRef = 95802B6A1E2851B900BA76D2 /* ItemType+CoreDataProperties.swift */; };
		95802B731E2851B900BA76D2 /* Item+CoreDataClass.swift in Sources */ = {isa = PBXBuildFile; fileRef = 95802B6B1E2851B900BA76D2 /* Item+CoreDataClass.swift */; };
		95802B741E2851B900BA76D2 /* Item+CoreDataProperties.swift in Sources */ = {isa = PBXBuildFile; fileRef = 95802B6C1E2851B900BA76D2 /* Item+CoreDataProperties.swift */; };
		95802B751E2851B900BA76D2 /* Image+CoreDataClass.swift in Sources */ = {isa = PBXBuildFile; fileRef = 95802B6D1E2851B900BA76D2 /* Image+CoreDataClass.swift */; };
		95802B761E2851B900BA76D2 /* Image+CoreDataProperties.swift in Sources */ = {isa = PBXBuildFile; fileRef = 95802B6E1E2851B900BA76D2 /* Image+CoreDataProperties.swift */; };
/* End PBXBuildFile section */

/* Begin PBXFileReference section */
		95802B3D1E2830F600BA76D2 /* DreamLister.app */ = {isa = PBXFileReference; explicitFileType = wrapper.application; includeInIndex = 0; path = DreamLister.app; sourceTree = BUILT_PRODUCTS_DIR; };
		95802B401E2830F600BA76D2 /* AppDelegate.swift */ = {isa = PBXFileReference; lastKnownFileType = sourcecode.swift; path = AppDelegate.swift; sourceTree = "<group>"; };
		95802B421E2830F600BA76D2 /* ViewController.swift */ = {isa = PBXFileReference; lastKnownFileType = sourcecode.swift; path = ViewController.swift; sourceTree = "<group>"; };
		95802B451E2830F600BA76D2 /* Base */ = {isa = PBXFileReference; lastKnownFileType = file.storyboard; name = Base; path = Base.lproj/Main.storyboard; sourceTree = "<group>"; };
		95802B481E2830F600BA76D2 /* DreamLister.xcdatamodel */ = {isa = PBXFileReference; lastKnownFileType = wrapper.xcdatamodel; path = DreamLister.xcdatamodel; sourceTree = "<group>"; };
		95802B4A1E2830F600BA76D2 /* Assets.xcassets */ = {isa = PBXFileReference; lastKnownFileType = folder.assetcatalog; path = Assets.xcassets; sourceTree = "<group>"; };
		95802B4D1E2830F600BA76D2 /* Base */ = {isa = PBXFileReference; lastKnownFileType = file.storyboard; name = Base; path = Base.lproj/LaunchScreen.storyboard; sourceTree = "<group>"; };
		95802B4F1E2830F600BA76D2 /* Info.plist */ = {isa = PBXFileReference; lastKnownFileType = text.plist.xml; path = Info.plist; sourceTree = "<group>"; };
		95802B671E2851B900BA76D2 /* Store+CoreDataClass.swift */ = {isa = PBXFileReference; fileEncoding = 4; lastKnownFileType = sourcecode.swift; path = "Store+CoreDataClass.swift"; sourceTree = "<group>"; };
		95802B681E2851B900BA76D2 /* Store+CoreDataProperties.swift */ = {isa = PBXFileReference; fileEncoding = 4; lastKnownFileType = sourcecode.swift; path = "Store+CoreDataProperties.swift"; sourceTree = "<group>"; };
		95802B691E2851B900BA76D2 /* ItemType+CoreDataClass.swift */ = {isa = PBXFileReference; fileEncoding = 4; lastKnownFileType = sourcecode.swift; path = "ItemType+CoreDataClass.swift"; sourceTree = "<group>"; };
		95802B6A1E2851B900BA76D2 /* ItemType+CoreDataProperties.swift */ = {isa = PBXFileReference; fileEncoding = 4; lastKnownFileType = sourcecode.swift; path = "ItemType+CoreDataProperties.swift"; sourceTree = "<group>"; };
		95802B6B1E2851B900BA76D2 /* Item+CoreDataClass.swift */ = {isa = PBXFileReference; fileEncoding = 4; lastKnownFileType = sourcecode.swift; path = "Item+CoreDataClass.swift"; sourceTree = "<group>"; };
		95802B6C1E2851B900BA76D2 /* Item+CoreDataProperties.swift */ = {isa = PBXFileReference; fileEncoding = 4; lastKnownFileType = sourcecode.swift; path = "Item+CoreDataProperties.swift"; sourceTree = "<group>"; };
		95802B6D1E2851B900BA76D2 /* Image+CoreDataClass.swift */ = {isa = PBXFileReference; fileEncoding = 4; lastKnownFileType = sourcecode.swift; path = "Image+CoreDataClass.swift"; sourceTree = "<group>"; };
		95802B6E1E2851B900BA76D2 /* Image+CoreDataProperties.swift */ = {isa = PBXFileReference; fileEncoding = 4; lastKnownFileType = sourcecode.swift; path = "Image+CoreDataProperties.swift"; sourceTree = "<group>"; };
/* End PBXFileReference section */

/* Begin PBXFrameworksBuildPhase section */
		95802B3A1E2830F600BA76D2 /* Frameworks */ = {
			isa = PBXFrameworksBuildPhase;
			buildActionMask = 2147483647;
			files = (
			);
			runOnlyForDeploymentPostprocessing = 0;
		};
/* End PBXFrameworksBuildPhase section */

/* Begin PBXGroup section */
		95802B341E2830F600BA76D2 = {
			isa = PBXGroup;
			children = (
				95802B3F1E2830F600BA76D2 /* DreamLister */,
				95802B3E1E2830F600BA76D2 /* Products */,
			);
			sourceTree = "<group>";
		};
		95802B3E1E2830F600BA76D2 /* Products */ = {
			isa = PBXGroup;
			children = (
				95802B3D1E2830F600BA76D2 /* DreamLister.app */,
			);
			name = Products;
			sourceTree = "<group>";
		};
		95802B3F1E2830F600BA76D2 /* DreamLister */ = {
			isa = PBXGroup;
			children = (
				95802B651E284E4D00BA76D2 /* Model */,
				95802B401E2830F600BA76D2 /* AppDelegate.swift */,
				95802B421E2830F600BA76D2 /* ViewController.swift */,
				95802B441E2830F600BA76D2 /* Main.storyboard */,
				95802B4A1E2830F600BA76D2 /* Assets.xcassets */,
				95802B4C1E2830F600BA76D2 /* LaunchScreen.storyboard */,
				95802B4F1E2830F600BA76D2 /* Info.plist */,
				95802B471E2830F600BA76D2 /* DreamLister.xcdatamodeld */,
			);
			path = DreamLister;
			sourceTree = "<group>";
		};
		95802B651E284E4D00BA76D2 /* Model */ = {
			isa = PBXGroup;
			children = (
				95802B671E2851B900BA76D2 /* Store+CoreDataClass.swift */,
				95802B691E2851B900BA76D2 /* ItemType+CoreDataClass.swift */,
				95802B6B1E2851B900BA76D2 /* Item+CoreDataClass.swift */,
				95802B6D1E2851B900BA76D2 /* Image+CoreDataClass.swift */,
				95802B661E284E6500BA76D2 /* Generated */,
			);
			name = Model;
			sourceTree = "<group>";
		};
		95802B661E284E6500BA76D2 /* Generated */ = {
			isa = PBXGroup;
			children = (
				95802B681E2851B900BA76D2 /* Store+CoreDataProperties.swift */,
				95802B6A1E2851B900BA76D2 /* ItemType+CoreDataProperties.swift */,
				95802B6C1E2851B900BA76D2 /* Item+CoreDataProperties.swift */,
				95802B6E1E2851B900BA76D2 /* Image+CoreDataProperties.swift */,
			);
			name = Generated;
			sourceTree = "<group>";
		};
/* End PBXGroup section */

/* Begin PBXNativeTarget section */
		95802B3C1E2830F600BA76D2 /* DreamLister */ = {
			isa = PBXNativeTarget;
			buildConfigurationList = 95802B521E2830F600BA76D2 /* Build configuration list for PBXNativeTarget "DreamLister" */;
			buildPhases = (
				95802B391E2830F600BA76D2 /* Sources */,
				95802B3A1E2830F600BA76D2 /* Frameworks */,
				95802B3B1E2830F600BA76D2 /* Resources */,
			);
			buildRules = (
			);
			dependencies = (
			);
			name = DreamLister;
			productName = DreamLister;
			productReference = 95802B3D1E2830F600BA76D2 /* DreamLister.app */;
			productType = "com.apple.product-type.application";
		};
/* End PBXNativeTarget section */

/* Begin PBXProject section */
		95802B351E2830F600BA76D2 /* Project object */ = {
			isa = PBXProject;
			attributes = {
				LastSwiftUpdateCheck = 0820;
				LastUpgradeCheck = 0820;
				ORGANIZATIONNAME = "Jeffrey Eng";
				TargetAttributes = {
					95802B3C1E2830F600BA76D2 = {
						CreatedOnToolsVersion = 8.2.1;
						DevelopmentTeam = C24EPTZG2L;
						ProvisioningStyle = Automatic;
					};
				};
			};
			buildConfigurationList = 95802B381E2830F600BA76D2 /* Build configuration list for PBXProject "DreamLister" */;
			compatibilityVersion = "Xcode 3.2";
			developmentRegion = English;
			hasScannedForEncodings = 0;
			knownRegions = (
				en,
				Base,
			);
			mainGroup = 95802B341E2830F600BA76D2;
			productRefGroup = 95802B3E1E2830F600BA76D2 /* Products */;
			projectDirPath = "";
			projectRoot = "";
			targets = (
				95802B3C1E2830F600BA76D2 /* DreamLister */,
			);
		};
/* End PBXProject section */

/* Begin PBXResourcesBuildPhase section */
		95802B3B1E2830F600BA76D2 /* Resources */ = {
			isa = PBXResourcesBuildPhase;
			buildActionMask = 2147483647;
			files = (
				95802B4E1E2830F600BA76D2 /* LaunchScreen.storyboard in Resources */,
				95802B4B1E2830F600BA76D2 /* Assets.xcassets in Resources */,
				95802B461E2830F600BA76D2 /* Main.storyboard in Resources */,
			);
			runOnlyForDeploymentPostprocessing = 0;
		};
/* End PBXResourcesBuildPhase section */

/* Begin PBXSourcesBuildPhase section */
		95802B391E2830F600BA76D2 /* Sources */ = {
			isa = PBXSourcesBuildPhase;
			buildActionMask = 2147483647;
			files = (
				95802B711E2851B900BA76D2 /* ItemType+CoreDataClass.swift in Sources */,
				95802B701E2851B900BA76D2 /* Store+CoreDataProperties.swift in Sources */,
				95802B431E2830F600BA76D2 /* ViewController.swift in Sources */,
				95802B6F1E2851B900BA76D2 /* Store+CoreDataClass.swift in Sources */,
				95802B411E2830F600BA76D2 /* AppDelegate.swift in Sources */,
				95802B721E2851B900BA76D2 /* ItemType+CoreDataProperties.swift in Sources */,
				95802B741E2851B900BA76D2 /* Item+CoreDataProperties.swift in Sources */,
				95802B731E2851B900BA76D2 /* Item+CoreDataClass.swift in Sources */,
				95802B491E2830F600BA76D2 /* DreamLister.xcdatamodeld in Sources */,
				95802B751E2851B900BA76D2 /* Image+CoreDataClass.swift in Sources */,
				95802B761E2851B900BA76D2 /* Image+CoreDataProperties.swift in Sources */,
			);
			runOnlyForDeploymentPostprocessing = 0;
		};
/* End PBXSourcesBuildPhase section */

/* Begin PBXVariantGroup section */
		95802B441E2830F600BA76D2 /* Main.storyboard */ = {
			isa = PBXVariantGroup;
			children = (
				95802B451E2830F600BA76D2 /* Base */,
			);
			name = Main.storyboard;
			sourceTree = "<group>";
		};
		95802B4C1E2830F600BA76D2 /* LaunchScreen.storyboard */ = {
			isa = PBXVariantGroup;
			children = (
				95802B4D1E2830F600BA76D2 /* Base */,
			);
			name = LaunchScreen.storyboard;
			sourceTree = "<group>";
		};
/* End PBXVariantGroup section */

/* Begin XCBuildConfiguration section */
		95802B501E2830F600BA76D2 /* Debug */ = {
			isa = XCBuildConfiguration;
			buildSettings = {
				ALWAYS_SEARCH_USER_PATHS = NO;
				CLANG_ANALYZER_NONNULL = YES;
				CLANG_CXX_LANGUAGE_STANDARD = "gnu++0x";
				CLANG_CXX_LIBRARY = "libc++";
				CLANG_ENABLE_MODULES = YES;
				CLANG_ENABLE_OBJC_ARC = YES;
				CLANG_WARN_BOOL_CONVERSION = YES;
				CLANG_WARN_CONSTANT_CONVERSION = YES;
				CLANG_WARN_DIRECT_OBJC_ISA_USAGE = YES_ERROR;
				CLANG_WARN_DOCUMENTATION_COMMENTS = YES;
				CLANG_WARN_EMPTY_BODY = YES;
				CLANG_WARN_ENUM_CONVERSION = YES;
				CLANG_WARN_INFINITE_RECURSION = YES;
				CLANG_WARN_INT_CONVERSION = YES;
				CLANG_WARN_OBJC_ROOT_CLASS = YES_ERROR;
				CLANG_WARN_SUSPICIOUS_MOVE = YES;
				CLANG_WARN_UNREACHABLE_CODE = YES;
				CLANG_WARN__DUPLICATE_METHOD_MATCH = YES;
				"CODE_SIGN_IDENTITY[sdk=iphoneos*]" = "iPhone Developer";
				COPY_PHASE_STRIP = NO;
				DEBUG_INFORMATION_FORMAT = dwarf;
				ENABLE_STRICT_OBJC_MSGSEND = YES;
				ENABLE_TESTABILITY = YES;
				GCC_C_LANGUAGE_STANDARD = gnu99;
				GCC_DYNAMIC_NO_PIC = NO;
				GCC_NO_COMMON_BLOCKS = YES;
				GCC_OPTIMIZATION_LEVEL = 0;
				GCC_PREPROCESSOR_DEFINITIONS = (
					"DEBUG=1",
					"$(inherited)",
				);
				GCC_WARN_64_TO_32_BIT_CONVERSION = YES;
				GCC_WARN_ABOUT_RETURN_TYPE = YES_ERROR;
				GCC_WARN_UNDECLARED_SELECTOR = YES;
				GCC_WARN_UNINITIALIZED_AUTOS = YES_AGGRESSIVE;
				GCC_WARN_UNUSED_FUNCTION = YES;
				GCC_WARN_UNUSED_VARIABLE = YES;
				IPHONEOS_DEPLOYMENT_TARGET = 10.2;
				MTL_ENABLE_DEBUG_INFO = YES;
				ONLY_ACTIVE_ARCH = YES;
				SDKROOT = iphoneos;
				SWIFT_ACTIVE_COMPILATION_CONDITIONS = DEBUG;
				SWIFT_OPTIMIZATION_LEVEL = "-Onone";
				TARGETED_DEVICE_FAMILY = "1,2";
			};
			name = Debug;
		};
		95802B511E2830F600BA76D2 /* Release */ = {
			isa = XCBuildConfiguration;
			buildSettings = {
				ALWAYS_SEARCH_USER_PATHS = NO;
				CLANG_ANALYZER_NONNULL = YES;
				CLANG_CXX_LANGUAGE_STANDARD = "gnu++0x";
				CLANG_CXX_LIBRARY = "libc++";
				CLANG_ENABLE_MODULES = YES;
				CLANG_ENABLE_OBJC_ARC = YES;
				CLANG_WARN_BOOL_CONVERSION = YES;
				CLANG_WARN_CONSTANT_CONVERSION = YES;
				CLANG_WARN_DIRECT_OBJC_ISA_USAGE = YES_ERROR;
				CLANG_WARN_DOCUMENTATION_COMMENTS = YES;
				CLANG_WARN_EMPTY_BODY = YES;
				CLANG_WARN_ENUM_CONVERSION = YES;
				CLANG_WARN_INFINITE_RECURSION = YES;
				CLANG_WARN_INT_CONVERSION = YES;
				CLANG_WARN_OBJC_ROOT_CLASS = YES_ERROR;
				CLANG_WARN_SUSPICIOUS_MOVE = YES;
				CLANG_WARN_UNREACHABLE_CODE = YES;
				CLANG_WARN__DUPLICATE_METHOD_MATCH = YES;
				"CODE_SIGN_IDENTITY[sdk=iphoneos*]" = "iPhone Developer";
				COPY_PHASE_STRIP = NO;
				DEBUG_INFORMATION_FORMAT = "dwarf-with-dsym";
				ENABLE_NS_ASSERTIONS = NO;
				ENABLE_STRICT_OBJC_MSGSEND = YES;
				GCC_C_LANGUAGE_STANDARD = gnu99;
				GCC_NO_COMMON_BLOCKS = YES;
				GCC_WARN_64_TO_32_BIT_CONVERSION = YES;
				GCC_WARN_ABOUT_RETURN_TYPE = YES_ERROR;
				GCC_WARN_UNDECLARED_SELECTOR = YES;
				GCC_WARN_UNINITIALIZED_AUTOS = YES_AGGRESSIVE;
				GCC_WARN_UNUSED_FUNCTION = YES;
				GCC_WARN_UNUSED_VARIABLE = YES;
				IPHONEOS_DEPLOYMENT_TARGET = 10.2;
				MTL_ENABLE_DEBUG_INFO = NO;
				SDKROOT = iphoneos;
				SWIFT_OPTIMIZATION_LEVEL = "-Owholemodule";
				TARGETED_DEVICE_FAMILY = "1,2";
				VALIDATE_PRODUCT = YES;
			};
			name = Release;
		};
		95802B531E2830F600BA76D2 /* Debug */ = {
			isa = XCBuildConfiguration;
			buildSettings = {
				ASSETCATALOG_COMPILER_APPICON_NAME = AppIcon;
				DEVELOPMENT_TEAM = C24EPTZG2L;
				INFOPLIST_FILE = DreamLister/Info.plist;
				LD_RUNPATH_SEARCH_PATHS = "$(inherited) @executable_path/Frameworks";
				PRODUCT_BUNDLE_IDENTIFIER = com.jeffeng.DreamLister;
				PRODUCT_NAME = "$(TARGET_NAME)";
				SWIFT_VERSION = 3.0;
			};
			name = Debug;
		};
		95802B541E2830F600BA76D2 /* Release */ = {
			isa = XCBuildConfiguration;
			buildSettings = {
				ASSETCATALOG_COMPILER_APPICON_NAME = AppIcon;
				DEVELOPMENT_TEAM = C24EPTZG2L;
				INFOPLIST_FILE = DreamLister/Info.plist;
				LD_RUNPATH_SEARCH_PATHS = "$(inherited) @executable_path/Frameworks";
				PRODUCT_BUNDLE_IDENTIFIER = com.jeffeng.DreamLister;
				PRODUCT_NAME = "$(TARGET_NAME)";
				SWIFT_VERSION = 3.0;
			};
			name = Release;
		};
/* End XCBuildConfiguration section */

/* Begin XCConfigurationList section */
		95802B381E2830F600BA76D2 /* Build configuration list for PBXProject "DreamLister" */ = {
			isa = XCConfigurationList;
			buildConfigurations = (
				95802B501E2830F600BA76D2 /* Debug */,
				95802B511E2830F600BA76D2 /* Release */,
			);
			defaultConfigurationIsVisible = 0;
			defaultConfigurationName = Release;
		};
		95802B521E2830F600BA76D2 /* Build configuration list for PBXNativeTarget "DreamLister" */ = {
			isa = XCConfigurationList;
			buildConfigurations = (
				95802B531E2830F600BA76D2 /* Debug */,
				95802B541E2830F600BA76D2 /* Release */,
			);
			defaultConfigurationIsVisible = 0;
		};
/* End XCConfigurationList section */

/* Begin XCVersionGroup section */
		95802B471E2830F600BA76D2 /* DreamLister.xcdatamodeld */ = {
			isa = XCVersionGroup;
			children = (
				95802B481E2830F600BA76D2 /* DreamLister.xcdatamodel */,
			);
			currentVersion = 95802B481E2830F600BA76D2 /* DreamLister.xcdatamodel */;
			path = DreamLister.xcdatamodeld;
			sourceTree = "<group>";
			versionGroupType = wrapper.xcdatamodel;
		};
/* End XCVersionGroup section */
	};
	rootObject = 95802B351E2830F600BA76D2 /* Project object */;
}
