// !$*UTF8*$!
{
	archiveVersion = 1;
	classes = {
	};
	objectVersion = 46;
	objects = {

/* Begin PBXBuildFile section */
		95DF403A1EAFBE8C00CABB1D /* main.m in Sources */ = {isa = PBXBuildFile; fileRef = 95DF40391EAFBE8C00CABB1D /* main.m */; };
		95DF403D1EAFBE8C00CABB1D /* AppDelegate.m in Sources */ = {isa = PBXBuildFile; fileRef = 95DF403C1EAFBE8C00CABB1D /* AppDelegate.m */; };
		95DF40401EAFBE8C00CABB1D /* ViewController.m in Sources */ = {isa = PBXBuildFile; fileRef = 95DF403F1EAFBE8C00CABB1D /* ViewController.m */; };
		95DF40431EAFBE8C00CABB1D /* Main.storyboard in Resources */ = {isa = PBXBuildFile; fileRef = 95DF40411EAFBE8C00CABB1D /* Main.storyboard */; };
		95DF40451EAFBE8C00CABB1D /* Assets.xcassets in Resources */ = {isa = PBXBuildFile; fileRef = 95DF40441EAFBE8C00CABB1D /* Assets.xcassets */; };
		95DF40481EAFBE8C00CABB1D /* LaunchScreen.storyboard in Resources */ = {isa = PBXBuildFile; fileRef = 95DF40461EAFBE8C00CABB1D /* LaunchScreen.storyboard */; };
		95DF40511EAFC21400CABB1D /* Honda.m in Sources */ = {isa = PBXBuildFile; fileRef = 95DF40501EAFC21400CABB1D /* Honda.m */; };
		95DF40541EAFC36100CABB1D /* Honda+SupedUp.m in Sources */ = {isa = PBXBuildFile; fileRef = 95DF40531EAFC36100CABB1D /* Honda+SupedUp.m */; };
		95DF40571EAFCCBD00CABB1D /* TeslaModelS.m in Sources */ = {isa = PBXBuildFile; fileRef = 95DF40561EAFCCBD00CABB1D /* TeslaModelS.m */; };
		95DF405A1EAFCEE500CABB1D /* TeslaModelS+PremiumUpgrades.m in Sources */ = {isa = PBXBuildFile; fileRef = 95DF40591EAFCEE500CABB1D /* TeslaModelS+PremiumUpgrades.m */; };
/* End PBXBuildFile section */

/* Begin PBXFileReference section */
		95DF40351EAFBE8C00CABB1D /* Categories.app */ = {isa = PBXFileReference; explicitFileType = wrapper.application; includeInIndex = 0; path = Categories.app; sourceTree = BUILT_PRODUCTS_DIR; };
		95DF40391EAFBE8C00CABB1D /* main.m */ = {isa = PBXFileReference; lastKnownFileType = sourcecode.c.objc; path = main.m; sourceTree = "<group>"; };
		95DF403B1EAFBE8C00CABB1D /* AppDelegate.h */ = {isa = PBXFileReference; lastKnownFileType = sourcecode.c.h; path = AppDelegate.h; sourceTree = "<group>"; };
		95DF403C1EAFBE8C00CABB1D /* AppDelegate.m */ = {isa = PBXFileReference; lastKnownFileType = sourcecode.c.objc; path = AppDelegate.m; sourceTree = "<group>"; };
		95DF403E1EAFBE8C00CABB1D /* ViewController.h */ = {isa = PBXFileReference; lastKnownFileType = sourcecode.c.h; path = ViewController.h; sourceTree = "<group>"; };
		95DF403F1EAFBE8C00CABB1D /* ViewController.m */ = {isa = PBXFileReference; lastKnownFileType = sourcecode.c.objc; path = ViewController.m; sourceTree = "<group>"; };
		95DF40421EAFBE8C00CABB1D /* Base */ = {isa = PBXFileReference; lastKnownFileType = file.storyboard; name = Base; path = Base.lproj/Main.storyboard; sourceTree = "<group>"; };
		95DF40441EAFBE8C00CABB1D /* Assets.xcassets */ = {isa = PBXFileReference; lastKnownFileType = folder.assetcatalog; path = Assets.xcassets; sourceTree = "<group>"; };
		95DF40471EAFBE8C00CABB1D /* Base */ = {isa = PBXFileReference; lastKnownFileType = file.storyboard; name = Base; path = Base.lproj/LaunchScreen.storyboard; sourceTree = "<group>"; };
		95DF40491EAFBE8C00CABB1D /* Info.plist */ = {isa = PBXFileReference; lastKnownFileType = text.plist.xml; path = Info.plist; sourceTree = "<group>"; };
		95DF404F1EAFC21400CABB1D /* Honda.h */ = {isa = PBXFileReference; fileEncoding = 4; lastKnownFileType = sourcecode.c.h; path = Honda.h; sourceTree = "<group>"; };
		95DF40501EAFC21400CABB1D /* Honda.m */ = {isa = PBXFileReference; fileEncoding = 4; lastKnownFileType = sourcecode.c.objc; path = Honda.m; sourceTree = "<group>"; };
		95DF40521EAFC36100CABB1D /* Honda+SupedUp.h */ = {isa = PBXFileReference; fileEncoding = 4; lastKnownFileType = sourcecode.c.h; path = "Honda+SupedUp.h"; sourceTree = "<group>"; };
		95DF40531EAFC36100CABB1D /* Honda+SupedUp.m */ = {isa = PBXFileReference; fileEncoding = 4; lastKnownFileType = sourcecode.c.objc; path = "Honda+SupedUp.m"; sourceTree = "<group>"; };
		95DF40551EAFCCBD00CABB1D /* TeslaModelS.h */ = {isa = PBXFileReference; fileEncoding = 4; lastKnownFileType = sourcecode.c.h; path = TeslaModelS.h; sourceTree = "<group>"; };
		95DF40561EAFCCBD00CABB1D /* TeslaModelS.m */ = {isa = PBXFileReference; fileEncoding = 4; lastKnownFileType = sourcecode.c.objc; path = TeslaModelS.m; sourceTree = "<group>"; };
		95DF40581EAFCEE500CABB1D /* TeslaModelS+PremiumUpgrades.h */ = {isa = PBXFileReference; fileEncoding = 4; lastKnownFileType = sourcecode.c.h; path = "TeslaModelS+PremiumUpgrades.h"; sourceTree = "<group>"; };
		95DF40591EAFCEE500CABB1D /* TeslaModelS+PremiumUpgrades.m */ = {isa = PBXFileReference; fileEncoding = 4; lastKnownFileType = sourcecode.c.objc; path = "TeslaModelS+PremiumUpgrades.m"; sourceTree = "<group>"; };
/* End PBXFileReference section */

/* Begin PBXFrameworksBuildPhase section */
		95DF40321EAFBE8C00CABB1D /* Frameworks */ = {
			isa = PBXFrameworksBuildPhase;
			buildActionMask = 2147483647;
			files = (
			);
			runOnlyForDeploymentPostprocessing = 0;
		};
/* End PBXFrameworksBuildPhase section */

/* Begin PBXGroup section */
		95DF402C1EAFBE8C00CABB1D = {
			isa = PBXGroup;
			children = (
				95DF40371EAFBE8C00CABB1D /* Categories */,
				95DF40361EAFBE8C00CABB1D /* Products */,
			);
			sourceTree = "<group>";
		};
		95DF40361EAFBE8C00CABB1D /* Products */ = {
			isa = PBXGroup;
			children = (
				95DF40351EAFBE8C00CABB1D /* Categories.app */,
			);
			name = Products;
			sourceTree = "<group>";
		};
		95DF40371EAFBE8C00CABB1D /* Categories */ = {
			isa = PBXGroup;
			children = (
				95DF403B1EAFBE8C00CABB1D /* AppDelegate.h */,
				95DF404F1EAFC21400CABB1D /* Honda.h */,
				95DF40501EAFC21400CABB1D /* Honda.m */,
				95DF403C1EAFBE8C00CABB1D /* AppDelegate.m */,
				95DF403E1EAFBE8C00CABB1D /* ViewController.h */,
				95DF403F1EAFBE8C00CABB1D /* ViewController.m */,
				95DF40411EAFBE8C00CABB1D /* Main.storyboard */,
				95DF40441EAFBE8C00CABB1D /* Assets.xcassets */,
				95DF40461EAFBE8C00CABB1D /* LaunchScreen.storyboard */,
				95DF40491EAFBE8C00CABB1D /* Info.plist */,
				95DF40381EAFBE8C00CABB1D /* Supporting Files */,
				95DF40521EAFC36100CABB1D /* Honda+SupedUp.h */,
				95DF40531EAFC36100CABB1D /* Honda+SupedUp.m */,
				95DF40551EAFCCBD00CABB1D /* TeslaModelS.h */,
				95DF40561EAFCCBD00CABB1D /* TeslaModelS.m */,
				95DF40581EAFCEE500CABB1D /* TeslaModelS+PremiumUpgrades.h */,
				95DF40591EAFCEE500CABB1D /* TeslaModelS+PremiumUpgrades.m */,
			);
			path = Categories;
			sourceTree = "<group>";
		};
		95DF40381EAFBE8C00CABB1D /* Supporting Files */ = {
			isa = PBXGroup;
			children = (
				95DF40391EAFBE8C00CABB1D /* main.m */,
			);
			name = "Supporting Files";
			sourceTree = "<group>";
		};
/* End PBXGroup section */

/* Begin PBXNativeTarget section */
		95DF40341EAFBE8C00CABB1D /* Categories */ = {
			isa = PBXNativeTarget;
			buildConfigurationList = 95DF404C1EAFBE8C00CABB1D /* Build configuration list for PBXNativeTarget "Categories" */;
			buildPhases = (
				95DF40311EAFBE8C00CABB1D /* Sources */,
				95DF40321EAFBE8C00CABB1D /* Frameworks */,
				95DF40331EAFBE8C00CABB1D /* Resources */,
			);
			buildRules = (
			);
			dependencies = (
			);
			name = Categories;
			productName = Categories;
			productReference = 95DF40351EAFBE8C00CABB1D /* Categories.app */;
			productType = "com.apple.product-type.application";
		};
/* End PBXNativeTarget section */

/* Begin PBXProject section */
		95DF402D1EAFBE8C00CABB1D /* Project object */ = {
			isa = PBXProject;
			attributes = {
				LastUpgradeCheck = 0830;
				ORGANIZATIONNAME = "Jeffrey Eng";
				TargetAttributes = {
					95DF40341EAFBE8C00CABB1D = {
						CreatedOnToolsVersion = 8.3.2;
						ProvisioningStyle = Automatic;
					};
				};
			};
			buildConfigurationList = 95DF40301EAFBE8C00CABB1D /* Build configuration list for PBXProject "Categories" */;
			compatibilityVersion = "Xcode 3.2";
			developmentRegion = English;
			hasScannedForEncodings = 0;
			knownRegions = (
				en,
				Base,
			);
			mainGroup = 95DF402C1EAFBE8C00CABB1D;
			productRefGroup = 95DF40361EAFBE8C00CABB1D /* Products */;
			projectDirPath = "";
			projectRoot = "";
			targets = (
				95DF40341EAFBE8C00CABB1D /* Categories */,
			);
		};
/* End PBXProject section */

/* Begin PBXResourcesBuildPhase section */
		95DF40331EAFBE8C00CABB1D /* Resources */ = {
			isa = PBXResourcesBuildPhase;
			buildActionMask = 2147483647;
			files = (
				95DF40481EAFBE8C00CABB1D /* LaunchScreen.storyboard in Resources */,
				95DF40451EAFBE8C00CABB1D /* Assets.xcassets in Resources */,
				95DF40431EAFBE8C00CABB1D /* Main.storyboard in Resources */,
			);
			runOnlyForDeploymentPostprocessing = 0;
		};
/* End PBXResourcesBuildPhase section */

/* Begin PBXSourcesBuildPhase section */
		95DF40311EAFBE8C00CABB1D /* Sources */ = {
			isa = PBXSourcesBuildPhase;
			buildActionMask = 2147483647;
			files = (
				95DF40511EAFC21400CABB1D /* Honda.m in Sources */,
				95DF405A1EAFCEE500CABB1D /* TeslaModelS+PremiumUpgrades.m in Sources */,
				95DF40571EAFCCBD00CABB1D /* TeslaModelS.m in Sources */,
				95DF40401EAFBE8C00CABB1D /* ViewController.m in Sources */,
				95DF403D1EAFBE8C00CABB1D /* AppDelegate.m in Sources */,
				95DF40541EAFC36100CABB1D /* Honda+SupedUp.m in Sources */,
				95DF403A1EAFBE8C00CABB1D /* main.m in Sources */,
			);
			runOnlyForDeploymentPostprocessing = 0;
		};
/* End PBXSourcesBuildPhase section */

/* Begin PBXVariantGroup section */
		95DF40411EAFBE8C00CABB1D /* Main.storyboard */ = {
			isa = PBXVariantGroup;
			children = (
				95DF40421EAFBE8C00CABB1D /* Base */,
			);
			name = Main.storyboard;
			sourceTree = "<group>";
		};
		95DF40461EAFBE8C00CABB1D /* LaunchScreen.storyboard */ = {
			isa = PBXVariantGroup;
			children = (
				95DF40471EAFBE8C00CABB1D /* Base */,
			);
			name = LaunchScreen.storyboard;
			sourceTree = "<group>";
		};
/* End PBXVariantGroup section */

/* Begin XCBuildConfiguration section */
		95DF404A1EAFBE8C00CABB1D /* Debug */ = {
			isa = XCBuildConfiguration;
			buildSettings = {
				ALWAYS_SEARCH_USER_PATHS = NO;
				CLANG_ANALYZER_NONNULL = YES;
				CLANG_ANALYZER_NUMBER_OBJECT_CONVERSION = YES_AGGRESSIVE;
				CLANG_CXX_LANGUAGE_STANDARD = "gnu++0x";
				CLANG_CXX_LIBRARY = "libc++";
				CLANG_ENABLE_MODULES = YES;
				CLANG_ENABLE_OBJC_ARC = YES;
				CLANG_WARN_BOOL_CONVERSION = YES;
				CLANG_WARN_CONSTANT_CONVERSION = YES;
				CLANG_WARN_DIRECT_OBJC_ISA_USAGE = YES_ERROR;
				CLANG_WARN_DOCUMENTATION_COMMENTS = YES;
				CLANG_WARN_EMPTY_BODY = YES;
				CLANG_WARN_ENUM_CONVERSION = YES;
				CLANG_WARN_INFINITE_RECURSION = YES;
				CLANG_WARN_INT_CONVERSION = YES;
				CLANG_WARN_OBJC_ROOT_CLASS = YES_ERROR;
				CLANG_WARN_SUSPICIOUS_MOVE = YES;
				CLANG_WARN_UNREACHABLE_CODE = YES;
				CLANG_WARN__DUPLICATE_METHOD_MATCH = YES;
				"CODE_SIGN_IDENTITY[sdk=iphoneos*]" = "iPhone Developer";
				COPY_PHASE_STRIP = NO;
				DEBUG_INFORMATION_FORMAT = dwarf;
				ENABLE_STRICT_OBJC_MSGSEND = YES;
				ENABLE_TESTABILITY = YES;
				GCC_C_LANGUAGE_STANDARD = gnu99;
				GCC_DYNAMIC_NO_PIC = NO;
				GCC_NO_COMMON_BLOCKS = YES;
				GCC_OPTIMIZATION_LEVEL = 0;
				GCC_PREPROCESSOR_DEFINITIONS = (
					"DEBUG=1",
					"$(inherited)",
				);
				GCC_WARN_64_TO_32_BIT_CONVERSION = YES;
				GCC_WARN_ABOUT_RETURN_TYPE = YES_ERROR;
				GCC_WARN_UNDECLARED_SELECTOR = YES;
				GCC_WARN_UNINITIALIZED_AUTOS = YES_AGGRESSIVE;
				GCC_WARN_UNUSED_FUNCTION = YES;
				GCC_WARN_UNUSED_VARIABLE = YES;
				IPHONEOS_DEPLOYMENT_TARGET = 10.3;
				MTL_ENABLE_DEBUG_INFO = YES;
				ONLY_ACTIVE_ARCH = YES;
				SDKROOT = iphoneos;
				TARGETED_DEVICE_FAMILY = "1,2";
			};
			name = Debug;
		};
		95DF404B1EAFBE8C00CABB1D /* Release */ = {
			isa = XCBuildConfiguration;
			buildSettings = {
				ALWAYS_SEARCH_USER_PATHS = NO;
				CLANG_ANALYZER_NONNULL = YES;
				CLANG_ANALYZER_NUMBER_OBJECT_CONVERSION = YES_AGGRESSIVE;
				CLANG_CXX_LANGUAGE_STANDARD = "gnu++0x";
				CLANG_CXX_LIBRARY = "libc++";
				CLANG_ENABLE_MODULES = YES;
				CLANG_ENABLE_OBJC_ARC = YES;
				CLANG_WARN_BOOL_CONVERSION = YES;
				CLANG_WARN_CONSTANT_CONVERSION = YES;
				CLANG_WARN_DIRECT_OBJC_ISA_USAGE = YES_ERROR;
				CLANG_WARN_DOCUMENTATION_COMMENTS = YES;
				CLANG_WARN_EMPTY_BODY = YES;
				CLANG_WARN_ENUM_CONVERSION = YES;
				CLANG_WARN_INFINITE_RECURSION = YES;
				CLANG_WARN_INT_CONVERSION = YES;
				CLANG_WARN_OBJC_ROOT_CLASS = YES_ERROR;
				CLANG_WARN_SUSPICIOUS_MOVE = YES;
				CLANG_WARN_UNREACHABLE_CODE = YES;
				CLANG_WARN__DUPLICATE_METHOD_MATCH = YES;
				"CODE_SIGN_IDENTITY[sdk=iphoneos*]" = "iPhone Developer";
				COPY_PHASE_STRIP = NO;
				DEBUG_INFORMATION_FORMAT = "dwarf-with-dsym";
				ENABLE_NS_ASSERTIONS = NO;
				ENABLE_STRICT_OBJC_MSGSEND = YES;
				GCC_C_LANGUAGE_STANDARD = gnu99;
				GCC_NO_COMMON_BLOCKS = YES;
				GCC_WARN_64_TO_32_BIT_CONVERSION = YES;
				GCC_WARN_ABOUT_RETURN_TYPE = YES_ERROR;
				GCC_WARN_UNDECLARED_SELECTOR = YES;
				GCC_WARN_UNINITIALIZED_AUTOS = YES_AGGRESSIVE;
				GCC_WARN_UNUSED_FUNCTION = YES;
				GCC_WARN_UNUSED_VARIABLE = YES;
				IPHONEOS_DEPLOYMENT_TARGET = 10.3;
				MTL_ENABLE_DEBUG_INFO = NO;
				SDKROOT = iphoneos;
				TARGETED_DEVICE_FAMILY = "1,2";
				VALIDATE_PRODUCT = YES;
			};
			name = Release;
		};
		95DF404D1EAFBE8C00CABB1D /* Debug */ = {
			isa = XCBuildConfiguration;
			buildSettings = {
				ASSETCATALOG_COMPILER_APPICON_NAME = AppIcon;
				INFOPLIST_FILE = Categories/Info.plist;
				LD_RUNPATH_SEARCH_PATHS = "$(inherited) @executable_path/Frameworks";
				PRODUCT_BUNDLE_IDENTIFIER = com.jeffeng.Categories;
				PRODUCT_NAME = "$(TARGET_NAME)";
			};
			name = Debug;
		};
		95DF404E1EAFBE8C00CABB1D /* Release */ = {
			isa = XCBuildConfiguration;
			buildSettings = {
				ASSETCATALOG_COMPILER_APPICON_NAME = AppIcon;
				INFOPLIST_FILE = Categories/Info.plist;
				LD_RUNPATH_SEARCH_PATHS = "$(inherited) @executable_path/Frameworks";
				PRODUCT_BUNDLE_IDENTIFIER = com.jeffeng.Categories;
				PRODUCT_NAME = "$(TARGET_NAME)";
			};
			name = Release;
		};
/* End XCBuildConfiguration section */

/* Begin XCConfigurationList section */
		95DF40301EAFBE8C00CABB1D /* Build configuration list for PBXProject "Categories" */ = {
			isa = XCConfigurationList;
			buildConfigurations = (
				95DF404A1EAFBE8C00CABB1D /* Debug */,
				95DF404B1EAFBE8C00CABB1D /* Release */,
			);
			defaultConfigurationIsVisible = 0;
			defaultConfigurationName = Release;
		};
		95DF404C1EAFBE8C00CABB1D /* Build configuration list for PBXNativeTarget "Categories" */ = {
			isa = XCConfigurationList;
			buildConfigurations = (
				95DF404D1EAFBE8C00CABB1D /* Debug */,
				95DF404E1EAFBE8C00CABB1D /* Release */,
			);
			defaultConfigurationIsVisible = 0;
		};
/* End XCConfigurationList section */
	};
	rootObject = 95DF402D1EAFBE8C00CABB1D /* Project object */;
}
