// !$*UTF8*$!
{
	archiveVersion = 1;
	classes = {
	};
	objectVersion = 46;
	objects = {

/* Begin PBXBuildFile section */
		95D49A071EA96064003D946D /* main.m in Sources */ = {isa = PBXBuildFile; fileRef = 95D49A061EA96064003D946D /* main.m */; };
		95D49A0A1EA96064003D946D /* AppDelegate.m in Sources */ = {isa = PBXBuildFile; fileRef = 95D49A091EA96064003D946D /* AppDelegate.m */; };
		95D49A0D1EA96064003D946D /* ViewController.m in Sources */ = {isa = PBXBuildFile; fileRef = 95D49A0C1EA96064003D946D /* ViewController.m */; };
		95D49A101EA96064003D946D /* Main.storyboard in Resources */ = {isa = PBXBuildFile; fileRef = 95D49A0E1EA96064003D946D /* Main.storyboard */; };
		95D49A121EA96064003D946D /* Assets.xcassets in Resources */ = {isa = PBXBuildFile; fileRef = 95D49A111EA96064003D946D /* Assets.xcassets */; };
		95D49A151EA96064003D946D /* LaunchScreen.storyboard in Resources */ = {isa = PBXBuildFile; fileRef = 95D49A131EA96064003D946D /* LaunchScreen.storyboard */; };
/* End PBXBuildFile section */

/* Begin PBXFileReference section */
		95D49A021EA96064003D946D /* Bool.app */ = {isa = PBXFileReference; explicitFileType = wrapper.application; includeInIndex = 0; path = Bool.app; sourceTree = BUILT_PRODUCTS_DIR; };
		95D49A061EA96064003D946D /* main.m */ = {isa = PBXFileReference; lastKnownFileType = sourcecode.c.objc; path = main.m; sourceTree = "<group>"; };
		95D49A081EA96064003D946D /* AppDelegate.h */ = {isa = PBXFileReference; lastKnownFileType = sourcecode.c.h; path = AppDelegate.h; sourceTree = "<group>"; };
		95D49A091EA96064003D946D /* AppDelegate.m */ = {isa = PBXFileReference; lastKnownFileType = sourcecode.c.objc; path = AppDelegate.m; sourceTree = "<group>"; };
		95D49A0B1EA96064003D946D /* ViewController.h */ = {isa = PBXFileReference; lastKnownFileType = sourcecode.c.h; path = ViewController.h; sourceTree = "<group>"; };
		95D49A0C1EA96064003D946D /* ViewController.m */ = {isa = PBXFileReference; lastKnownFileType = sourcecode.c.objc; path = ViewController.m; sourceTree = "<group>"; };
		95D49A0F1EA96064003D946D /* Base */ = {isa = PBXFileReference; lastKnownFileType = file.storyboard; name = Base; path = Base.lproj/Main.storyboard; sourceTree = "<group>"; };
		95D49A111EA96064003D946D /* Assets.xcassets */ = {isa = PBXFileReference; lastKnownFileType = folder.assetcatalog; path = Assets.xcassets; sourceTree = "<group>"; };
		95D49A141EA96064003D946D /* Base */ = {isa = PBXFileReference; lastKnownFileType = file.storyboard; name = Base; path = Base.lproj/LaunchScreen.storyboard; sourceTree = "<group>"; };
		95D49A161EA96064003D946D /* Info.plist */ = {isa = PBXFileReference; lastKnownFileType = text.plist.xml; path = Info.plist; sourceTree = "<group>"; };
/* End PBXFileReference section */

/* Begin PBXFrameworksBuildPhase section */
		95D499FF1EA96064003D946D /* Frameworks */ = {
			isa = PBXFrameworksBuildPhase;
			buildActionMask = 2147483647;
			files = (
			);
			runOnlyForDeploymentPostprocessing = 0;
		};
/* End PBXFrameworksBuildPhase section */

/* Begin PBXGroup section */
		95D499F91EA96064003D946D = {
			isa = PBXGroup;
			children = (
				95D49A041EA96064003D946D /* Bool */,
				95D49A031EA96064003D946D /* Products */,
			);
			sourceTree = "<group>";
		};
		95D49A031EA96064003D946D /* Products */ = {
			isa = PBXGroup;
			children = (
				95D49A021EA96064003D946D /* Bool.app */,
			);
			name = Products;
			sourceTree = "<group>";
		};
		95D49A041EA96064003D946D /* Bool */ = {
			isa = PBXGroup;
			children = (
				95D49A081EA96064003D946D /* AppDelegate.h */,
				95D49A091EA96064003D946D /* AppDelegate.m */,
				95D49A0B1EA96064003D946D /* ViewController.h */,
				95D49A0C1EA96064003D946D /* ViewController.m */,
				95D49A0E1EA96064003D946D /* Main.storyboard */,
				95D49A111EA96064003D946D /* Assets.xcassets */,
				95D49A131EA96064003D946D /* LaunchScreen.storyboard */,
				95D49A161EA96064003D946D /* Info.plist */,
				95D49A051EA96064003D946D /* Supporting Files */,
			);
			path = Bool;
			sourceTree = "<group>";
		};
		95D49A051EA96064003D946D /* Supporting Files */ = {
			isa = PBXGroup;
			children = (
				95D49A061EA96064003D946D /* main.m */,
			);
			name = "Supporting Files";
			sourceTree = "<group>";
		};
/* End PBXGroup section */

/* Begin PBXNativeTarget section */
		95D49A011EA96064003D946D /* Bool */ = {
			isa = PBXNativeTarget;
			buildConfigurationList = 95D49A191EA96064003D946D /* Build configuration list for PBXNativeTarget "Bool" */;
			buildPhases = (
				95D499FE1EA96064003D946D /* Sources */,
				95D499FF1EA96064003D946D /* Frameworks */,
				95D49A001EA96064003D946D /* Resources */,
			);
			buildRules = (
			);
			dependencies = (
			);
			name = Bool;
			productName = Bool;
			productReference = 95D49A021EA96064003D946D /* Bool.app */;
			productType = "com.apple.product-type.application";
		};
/* End PBXNativeTarget section */

/* Begin PBXProject section */
		95D499FA1EA96064003D946D /* Project object */ = {
			isa = PBXProject;
			attributes = {
				LastUpgradeCheck = 0830;
				ORGANIZATIONNAME = "Jeffrey Eng";
				TargetAttributes = {
					95D49A011EA96064003D946D = {
						CreatedOnToolsVersion = 8.3.2;
						DevelopmentTeam = C24EPTZG2L;
						ProvisioningStyle = Automatic;
					};
				};
			};
			buildConfigurationList = 95D499FD1EA96064003D946D /* Build configuration list for PBXProject "Bool" */;
			compatibilityVersion = "Xcode 3.2";
			developmentRegion = English;
			hasScannedForEncodings = 0;
			knownRegions = (
				en,
				Base,
			);
			mainGroup = 95D499F91EA96064003D946D;
			productRefGroup = 95D49A031EA96064003D946D /* Products */;
			projectDirPath = "";
			projectRoot = "";
			targets = (
				95D49A011EA96064003D946D /* Bool */,
			);
		};
/* End PBXProject section */

/* Begin PBXResourcesBuildPhase section */
		95D49A001EA96064003D946D /* Resources */ = {
			isa = PBXResourcesBuildPhase;
			buildActionMask = 2147483647;
			files = (
				95D49A151EA96064003D946D /* LaunchScreen.storyboard in Resources */,
				95D49A121EA96064003D946D /* Assets.xcassets in Resources */,
				95D49A101EA96064003D946D /* Main.storyboard in Resources */,
			);
			runOnlyForDeploymentPostprocessing = 0;
		};
/* End PBXResourcesBuildPhase section */

/* Begin PBXSourcesBuildPhase section */
		95D499FE1EA96064003D946D /* Sources */ = {
			isa = PBXSourcesBuildPhase;
			buildActionMask = 2147483647;
			files = (
				95D49A0D1EA96064003D946D /* ViewController.m in Sources */,
				95D49A0A1EA96064003D946D /* AppDelegate.m in Sources */,
				95D49A071EA96064003D946D /* main.m in Sources */,
			);
			runOnlyForDeploymentPostprocessing = 0;
		};
/* End PBXSourcesBuildPhase section */

/* Begin PBXVariantGroup section */
		95D49A0E1EA96064003D946D /* Main.storyboard */ = {
			isa = PBXVariantGroup;
			children = (
				95D49A0F1EA96064003D946D /* Base */,
			);
			name = Main.storyboard;
			sourceTree = "<group>";
		};
		95D49A131EA96064003D946D /* LaunchScreen.storyboard */ = {
			isa = PBXVariantGroup;
			children = (
				95D49A141EA96064003D946D /* Base */,
			);
			name = LaunchScreen.storyboard;
			sourceTree = "<group>";
		};
/* End PBXVariantGroup section */

/* Begin XCBuildConfiguration section */
		95D49A171EA96064003D946D /* Debug */ = {
			isa = XCBuildConfiguration;
			buildSettings = {
				ALWAYS_SEARCH_USER_PATHS = NO;
				CLANG_ANALYZER_NONNULL = YES;
				CLANG_ANALYZER_NUMBER_OBJECT_CONVERSION = YES_AGGRESSIVE;
				CLANG_CXX_LANGUAGE_STANDARD = "gnu++0x";
				CLANG_CXX_LIBRARY = "libc++";
				CLANG_ENABLE_MODULES = YES;
				CLANG_ENABLE_OBJC_ARC = YES;
				CLANG_WARN_BOOL_CONVERSION = YES;
				CLANG_WARN_CONSTANT_CONVERSION = YES;
				CLANG_WARN_DIRECT_OBJC_ISA_USAGE = YES_ERROR;
				CLANG_WARN_DOCUMENTATION_COMMENTS = YES;
				CLANG_WARN_EMPTY_BODY = YES;
				CLANG_WARN_ENUM_CONVERSION = YES;
				CLANG_WARN_INFINITE_RECURSION = YES;
				CLANG_WARN_INT_CONVERSION = YES;
				CLANG_WARN_OBJC_ROOT_CLASS = YES_ERROR;
				CLANG_WARN_SUSPICIOUS_MOVE = YES;
				CLANG_WARN_UNREACHABLE_CODE = YES;
				CLANG_WARN__DUPLICATE_METHOD_MATCH = YES;
				"CODE_SIGN_IDENTITY[sdk=iphoneos*]" = "iPhone Developer";
				COPY_PHASE_STRIP = NO;
				DEBUG_INFORMATION_FORMAT = dwarf;
				ENABLE_STRICT_OBJC_MSGSEND = YES;
				ENABLE_TESTABILITY = YES;
				GCC_C_LANGUAGE_STANDARD = gnu99;
				GCC_DYNAMIC_NO_PIC = NO;
				GCC_NO_COMMON_BLOCKS = YES;
				GCC_OPTIMIZATION_LEVEL = 0;
				GCC_PREPROCESSOR_DEFINITIONS = (
					"DEBUG=1",
					"$(inherited)",
				);
				GCC_WARN_64_TO_32_BIT_CONVERSION = YES;
				GCC_WARN_ABOUT_RETURN_TYPE = YES_ERROR;
				GCC_WARN_UNDECLARED_SELECTOR = YES;
				GCC_WARN_UNINITIALIZED_AUTOS = YES_AGGRESSIVE;
				GCC_WARN_UNUSED_FUNCTION = YES;
				GCC_WARN_UNUSED_VARIABLE = YES;
				IPHONEOS_DEPLOYMENT_TARGET = 10.3;
				MTL_ENABLE_DEBUG_INFO = YES;
				ONLY_ACTIVE_ARCH = YES;
				SDKROOT = iphoneos;
				TARGETED_DEVICE_FAMILY = "1,2";
			};
			name = Debug;
		};
		95D49A181EA96064003D946D /* Release */ = {
			isa = XCBuildConfiguration;
			buildSettings = {
				ALWAYS_SEARCH_USER_PATHS = NO;
				CLANG_ANALYZER_NONNULL = YES;
				CLANG_ANALYZER_NUMBER_OBJECT_CONVERSION = YES_AGGRESSIVE;
				CLANG_CXX_LANGUAGE_STANDARD = "gnu++0x";
				CLANG_CXX_LIBRARY = "libc++";
				CLANG_ENABLE_MODULES = YES;
				CLANG_ENABLE_OBJC_ARC = YES;
				CLANG_WARN_BOOL_CONVERSION = YES;
				CLANG_WARN_CONSTANT_CONVERSION = YES;
				CLANG_WARN_DIRECT_OBJC_ISA_USAGE = YES_ERROR;
				CLANG_WARN_DOCUMENTATION_COMMENTS = YES;
				CLANG_WARN_EMPTY_BODY = YES;
				CLANG_WARN_ENUM_CONVERSION = YES;
				CLANG_WARN_INFINITE_RECURSION = YES;
				CLANG_WARN_INT_CONVERSION = YES;
				CLANG_WARN_OBJC_ROOT_CLASS = YES_ERROR;
				CLANG_WARN_SUSPICIOUS_MOVE = YES;
				CLANG_WARN_UNREACHABLE_CODE = YES;
				CLANG_WARN__DUPLICATE_METHOD_MATCH = YES;
				"CODE_SIGN_IDENTITY[sdk=iphoneos*]" = "iPhone Developer";
				COPY_PHASE_STRIP = NO;
				DEBUG_INFORMATION_FORMAT = "dwarf-with-dsym";
				ENABLE_NS_ASSERTIONS = NO;
				ENABLE_STRICT_OBJC_MSGSEND = YES;
				GCC_C_LANGUAGE_STANDARD = gnu99;
				GCC_NO_COMMON_BLOCKS = YES;
				GCC_WARN_64_TO_32_BIT_CONVERSION = YES;
				GCC_WARN_ABOUT_RETURN_TYPE = YES_ERROR;
				GCC_WARN_UNDECLARED_SELECTOR = YES;
				GCC_WARN_UNINITIALIZED_AUTOS = YES_AGGRESSIVE;
				GCC_WARN_UNUSED_FUNCTION = YES;
				GCC_WARN_UNUSED_VARIABLE = YES;
				IPHONEOS_DEPLOYMENT_TARGET = 10.3;
				MTL_ENABLE_DEBUG_INFO = NO;
				SDKROOT = iphoneos;
				TARGETED_DEVICE_FAMILY = "1,2";
				VALIDATE_PRODUCT = YES;
			};
			name = Release;
		};
		95D49A1A1EA96064003D946D /* Debug */ = {
			isa = XCBuildConfiguration;
			buildSettings = {
				ASSETCATALOG_COMPILER_APPICON_NAME = AppIcon;
				DEVELOPMENT_TEAM = C24EPTZG2L;
				INFOPLIST_FILE = Bool/Info.plist;
				LD_RUNPATH_SEARCH_PATHS = "$(inherited) @executable_path/Frameworks";
				PRODUCT_BUNDLE_IDENTIFIER = com.jeffeng.Bool;
				PRODUCT_NAME = "$(TARGET_NAME)";
			};
			name = Debug;
		};
		95D49A1B1EA96064003D946D /* Release */ = {
			isa = XCBuildConfiguration;
			buildSettings = {
				ASSETCATALOG_COMPILER_APPICON_NAME = AppIcon;
				DEVELOPMENT_TEAM = C24EPTZG2L;
				INFOPLIST_FILE = Bool/Info.plist;
				LD_RUNPATH_SEARCH_PATHS = "$(inherited) @executable_path/Frameworks";
				PRODUCT_BUNDLE_IDENTIFIER = com.jeffeng.Bool;
				PRODUCT_NAME = "$(TARGET_NAME)";
			};
			name = Release;
		};
/* End XCBuildConfiguration section */

/* Begin XCConfigurationList section */
		95D499FD1EA96064003D946D /* Build configuration list for PBXProject "Bool" */ = {
			isa = XCConfigurationList;
			buildConfigurations = (
				95D49A171EA96064003D946D /* Debug */,
				95D49A181EA96064003D946D /* Release */,
			);
			defaultConfigurationIsVisible = 0;
			defaultConfigurationName = Release;
		};
		95D49A191EA96064003D946D /* Build configuration list for PBXNativeTarget "Bool" */ = {
			isa = XCConfigurationList;
			buildConfigurations = (
				95D49A1A1EA96064003D946D /* Debug */,
				95D49A1B1EA96064003D946D /* Release */,
			);
			defaultConfigurationIsVisible = 0;
		};
/* End XCConfigurationList section */
	};
	rootObject = 95D499FA1EA96064003D946D /* Project object */;
}
