// !$*UTF8*$!
{
	archiveVersion = 1;
	classes = {
	};
	objectVersion = 46;
	objects = {

/* Begin PBXBuildFile section */
		952614731E4125AF009EC57F /* AppDelegate.swift in Sources */ = {isa = PBXBuildFile; fileRef = 952614721E4125AF009EC57F /* AppDelegate.swift */; };
		952614751E4125AF009EC57F /* MainVC.swift in Sources */ = {isa = PBXBuildFile; fileRef = 952614741E4125AF009EC57F /* MainVC.swift */; };
		952614781E4125AF009EC57F /* Main.storyboard in Resources */ = {isa = PBXBuildFile; fileRef = 952614761E4125AF009EC57F /* Main.storyboard */; };
		9526147A1E4125AF009EC57F /* Assets.xcassets in Resources */ = {isa = PBXBuildFile; fileRef = 952614791E4125AF009EC57F /* Assets.xcassets */; };
		9526147D1E4125AF009EC57F /* LaunchScreen.storyboard in Resources */ = {isa = PBXBuildFile; fileRef = 9526147B1E4125AF009EC57F /* LaunchScreen.storyboard */; };
		952614851E412976009EC57F /* pokemon.csv in Resources */ = {isa = PBXBuildFile; fileRef = 952614841E412976009EC57F /* pokemon.csv */; };
		952614881E413E9C009EC57F /* Pokemon.swift in Sources */ = {isa = PBXBuildFile; fileRef = 952614871E413E9C009EC57F /* Pokemon.swift */; };
		9526148B1E416195009EC57F /* PokeCell.swift in Sources */ = {isa = PBXBuildFile; fileRef = 9526148A1E416195009EC57F /* PokeCell.swift */; };
		9526148E1E42A0F6009EC57F /* csv.swift in Sources */ = {isa = PBXBuildFile; fileRef = 9526148D1E42A0F6009EC57F /* csv.swift */; };
		952614901E42CE2B009EC57F /* pokemonfont.ttf in Resources */ = {isa = PBXBuildFile; fileRef = 9526148F1E42CE2B009EC57F /* pokemonfont.ttf */; };
		952614951E42D350009EC57F /* music.mp3 in Resources */ = {isa = PBXBuildFile; fileRef = 952614931E42D350009EC57F /* music.mp3 */; };
		952614961E42D350009EC57F /* music.png in Resources */ = {isa = PBXBuildFile; fileRef = 952614941E42D350009EC57F /* music.png */; };
		952614981E4504F1009EC57F /* PokemonDetailVC.swift in Sources */ = {isa = PBXBuildFile; fileRef = 952614971E4504F1009EC57F /* PokemonDetailVC.swift */; };
/* End PBXBuildFile section */

/* Begin PBXFileReference section */
		9526146F1E4125AF009EC57F /* pokedex.app */ = {isa = PBXFileReference; explicitFileType = wrapper.application; includeInIndex = 0; path = pokedex.app; sourceTree = BUILT_PRODUCTS_DIR; };
		952614721E4125AF009EC57F /* AppDelegate.swift */ = {isa = PBXFileReference; lastKnownFileType = sourcecode.swift; path = AppDelegate.swift; sourceTree = "<group>"; };
		952614741E4125AF009EC57F /* MainVC.swift */ = {isa = PBXFileReference; lastKnownFileType = sourcecode.swift; path = MainVC.swift; sourceTree = "<group>"; };
		952614771E4125AF009EC57F /* Base */ = {isa = PBXFileReference; lastKnownFileType = file.storyboard; name = Base; path = Base.lproj/Main.storyboard; sourceTree = "<group>"; };
		952614791E4125AF009EC57F /* Assets.xcassets */ = {isa = PBXFileReference; lastKnownFileType = folder.assetcatalog; path = Assets.xcassets; sourceTree = "<group>"; };
		9526147C1E4125AF009EC57F /* Base */ = {isa = PBXFileReference; lastKnownFileType = file.storyboard; name = Base; path = Base.lproj/LaunchScreen.storyboard; sourceTree = "<group>"; };
		9526147E1E4125AF009EC57F /* Info.plist */ = {isa = PBXFileReference; lastKnownFileType = text.plist.xml; path = Info.plist; sourceTree = "<group>"; };
		952614841E412976009EC57F /* pokemon.csv */ = {isa = PBXFileReference; fileEncoding = 4; lastKnownFileType = text; path = pokemon.csv; sourceTree = "<group>"; };
		952614871E413E9C009EC57F /* Pokemon.swift */ = {isa = PBXFileReference; fileEncoding = 4; lastKnownFileType = sourcecode.swift; path = Pokemon.swift; sourceTree = "<group>"; };
		9526148A1E416195009EC57F /* PokeCell.swift */ = {isa = PBXFileReference; fileEncoding = 4; lastKnownFileType = sourcecode.swift; path = PokeCell.swift; sourceTree = "<group>"; };
		9526148D1E42A0F6009EC57F /* csv.swift */ = {isa = PBXFileReference; fileEncoding = 4; lastKnownFileType = sourcecode.swift; path = csv.swift; sourceTree = "<group>"; };
		9526148F1E42CE2B009EC57F /* pokemonfont.ttf */ = {isa = PBXFileReference; lastKnownFileType = file; path = pokemonfont.ttf; sourceTree = "<group>"; };
		952614931E42D350009EC57F /* music.mp3 */ = {isa = PBXFileReference; lastKnownFileType = audio.mp3; path = music.mp3; sourceTree = "<group>"; };
		952614941E42D350009EC57F /* music.png */ = {isa = PBXFileReference; lastKnownFileType = image.png; path = music.png; sourceTree = "<group>"; };
		952614971E4504F1009EC57F /* PokemonDetailVC.swift */ = {isa = PBXFileReference; fileEncoding = 4; lastKnownFileType = sourcecode.swift; path = PokemonDetailVC.swift; sourceTree = "<group>"; };
/* End PBXFileReference section */

/* Begin PBXFrameworksBuildPhase section */
		9526146C1E4125AF009EC57F /* Frameworks */ = {
			isa = PBXFrameworksBuildPhase;
			buildActionMask = 2147483647;
			files = (
			);
			runOnlyForDeploymentPostprocessing = 0;
		};
/* End PBXFrameworksBuildPhase section */

/* Begin PBXGroup section */
		952614661E4125AF009EC57F = {
			isa = PBXGroup;
			children = (
				952614711E4125AF009EC57F /* pokedex */,
				952614701E4125AF009EC57F /* Products */,
			);
			sourceTree = "<group>";
		};
		952614701E4125AF009EC57F /* Products */ = {
			isa = PBXGroup;
			children = (
				9526146F1E4125AF009EC57F /* pokedex.app */,
			);
			name = Products;
			sourceTree = "<group>";
		};
		952614711E4125AF009EC57F /* pokedex */ = {
			isa = PBXGroup;
			children = (
				952614861E413D9D009EC57F /* Model */,
				952614891E416105009EC57F /* View */,
				9526148C1E4265E3009EC57F /* Controller */,
				952614911E42CEC5009EC57F /* Resources */,
				952614921E42CEE3009EC57F /* Utilities */,
				952614721E4125AF009EC57F /* AppDelegate.swift */,
				952614761E4125AF009EC57F /* Main.storyboard */,
				9526147B1E4125AF009EC57F /* LaunchScreen.storyboard */,
				952614791E4125AF009EC57F /* Assets.xcassets */,
				9526147E1E4125AF009EC57F /* Info.plist */,
			);
			path = pokedex;
			sourceTree = "<group>";
		};
		952614861E413D9D009EC57F /* Model */ = {
			isa = PBXGroup;
			children = (
				952614871E413E9C009EC57F /* Pokemon.swift */,
			);
			name = Model;
			sourceTree = "<group>";
		};
		952614891E416105009EC57F /* View */ = {
			isa = PBXGroup;
			children = (
				9526148A1E416195009EC57F /* PokeCell.swift */,
			);
			name = View;
			sourceTree = "<group>";
		};
		9526148C1E4265E3009EC57F /* Controller */ = {
			isa = PBXGroup;
			children = (
				952614741E4125AF009EC57F /* MainVC.swift */,
				952614971E4504F1009EC57F /* PokemonDetailVC.swift */,
			);
			name = Controller;
			sourceTree = "<group>";
		};
		952614911E42CEC5009EC57F /* Resources */ = {
			isa = PBXGroup;
			children = (
				952614841E412976009EC57F /* pokemon.csv */,
				9526148F1E42CE2B009EC57F /* pokemonfont.ttf */,
				952614931E42D350009EC57F /* music.mp3 */,
				952614941E42D350009EC57F /* music.png */,
			);
			name = Resources;
			sourceTree = "<group>";
		};
		952614921E42CEE3009EC57F /* Utilities */ = {
			isa = PBXGroup;
			children = (
				9526148D1E42A0F6009EC57F /* csv.swift */,
			);
			name = Utilities;
			sourceTree = "<group>";
		};
/* End PBXGroup section */

/* Begin PBXNativeTarget section */
		9526146E1E4125AF009EC57F /* pokedex */ = {
			isa = PBXNativeTarget;
			buildConfigurationList = 952614811E4125AF009EC57F /* Build configuration list for PBXNativeTarget "pokedex" */;
			buildPhases = (
				9526146B1E4125AF009EC57F /* Sources */,
				9526146C1E4125AF009EC57F /* Frameworks */,
				9526146D1E4125AF009EC57F /* Resources */,
			);
			buildRules = (
			);
			dependencies = (
			);
			name = pokedex;
			productName = pokedex;
			productReference = 9526146F1E4125AF009EC57F /* pokedex.app */;
			productType = "com.apple.product-type.application";
		};
/* End PBXNativeTarget section */

/* Begin PBXProject section */
		952614671E4125AF009EC57F /* Project object */ = {
			isa = PBXProject;
			attributes = {
				LastSwiftUpdateCheck = 0820;
				LastUpgradeCheck = 0820;
				ORGANIZATIONNAME = "Jeffrey Eng";
				TargetAttributes = {
					9526146E1E4125AF009EC57F = {
						CreatedOnToolsVersion = 8.2.1;
						DevelopmentTeam = C24EPTZG2L;
						LastSwiftMigration = 0820;
						ProvisioningStyle = Automatic;
					};
				};
			};
			buildConfigurationList = 9526146A1E4125AF009EC57F /* Build configuration list for PBXProject "pokedex" */;
			compatibilityVersion = "Xcode 3.2";
			developmentRegion = English;
			hasScannedForEncodings = 0;
			knownRegions = (
				en,
				Base,
			);
			mainGroup = 952614661E4125AF009EC57F;
			productRefGroup = 952614701E4125AF009EC57F /* Products */;
			projectDirPath = "";
			projectRoot = "";
			targets = (
				9526146E1E4125AF009EC57F /* pokedex */,
			);
		};
/* End PBXProject section */

/* Begin PBXResourcesBuildPhase section */
		9526146D1E4125AF009EC57F /* Resources */ = {
			isa = PBXResourcesBuildPhase;
			buildActionMask = 2147483647;
			files = (
				952614901E42CE2B009EC57F /* pokemonfont.ttf in Resources */,
				952614961E42D350009EC57F /* music.png in Resources */,
				9526147D1E4125AF009EC57F /* LaunchScreen.storyboard in Resources */,
				952614951E42D350009EC57F /* music.mp3 in Resources */,
				9526147A1E4125AF009EC57F /* Assets.xcassets in Resources */,
				952614851E412976009EC57F /* pokemon.csv in Resources */,
				952614781E4125AF009EC57F /* Main.storyboard in Resources */,
			);
			runOnlyForDeploymentPostprocessing = 0;
		};
/* End PBXResourcesBuildPhase section */

/* Begin PBXSourcesBuildPhase section */
		9526146B1E4125AF009EC57F /* Sources */ = {
			isa = PBXSourcesBuildPhase;
			buildActionMask = 2147483647;
			files = (
				9526148B1E416195009EC57F /* PokeCell.swift in Sources */,
				952614751E4125AF009EC57F /* MainVC.swift in Sources */,
				952614731E4125AF009EC57F /* AppDelegate.swift in Sources */,
				952614981E4504F1009EC57F /* PokemonDetailVC.swift in Sources */,
				952614881E413E9C009EC57F /* Pokemon.swift in Sources */,
				9526148E1E42A0F6009EC57F /* csv.swift in Sources */,
			);
			runOnlyForDeploymentPostprocessing = 0;
		};
/* End PBXSourcesBuildPhase section */

/* Begin PBXVariantGroup section */
		952614761E4125AF009EC57F /* Main.storyboard */ = {
			isa = PBXVariantGroup;
			children = (
				952614771E4125AF009EC57F /* Base */,
			);
			name = Main.storyboard;
			sourceTree = "<group>";
		};
		9526147B1E4125AF009EC57F /* LaunchScreen.storyboard */ = {
			isa = PBXVariantGroup;
			children = (
				9526147C1E4125AF009EC57F /* Base */,
			);
			name = LaunchScreen.storyboard;
			sourceTree = "<group>";
		};
/* End PBXVariantGroup section */

/* Begin XCBuildConfiguration section */
		9526147F1E4125AF009EC57F /* Debug */ = {
			isa = XCBuildConfiguration;
			buildSettings = {
				ALWAYS_SEARCH_USER_PATHS = NO;
				CLANG_ANALYZER_NONNULL = YES;
				CLANG_CXX_LANGUAGE_STANDARD = "gnu++0x";
				CLANG_CXX_LIBRARY = "libc++";
				CLANG_ENABLE_MODULES = YES;
				CLANG_ENABLE_OBJC_ARC = YES;
				CLANG_WARN_BOOL_CONVERSION = YES;
				CLANG_WARN_CONSTANT_CONVERSION = YES;
				CLANG_WARN_DIRECT_OBJC_ISA_USAGE = YES_ERROR;
				CLANG_WARN_DOCUMENTATION_COMMENTS = YES;
				CLANG_WARN_EMPTY_BODY = YES;
				CLANG_WARN_ENUM_CONVERSION = YES;
				CLANG_WARN_INFINITE_RECURSION = YES;
				CLANG_WARN_INT_CONVERSION = YES;
				CLANG_WARN_OBJC_ROOT_CLASS = YES_ERROR;
				CLANG_WARN_SUSPICIOUS_MOVE = YES;
				CLANG_WARN_UNREACHABLE_CODE = YES;
				CLANG_WARN__DUPLICATE_METHOD_MATCH = YES;
				"CODE_SIGN_IDENTITY[sdk=iphoneos*]" = "iPhone Developer";
				COPY_PHASE_STRIP = NO;
				DEBUG_INFORMATION_FORMAT = dwarf;
				ENABLE_STRICT_OBJC_MSGSEND = YES;
				ENABLE_TESTABILITY = YES;
				GCC_C_LANGUAGE_STANDARD = gnu99;
				GCC_DYNAMIC_NO_PIC = NO;
				GCC_NO_COMMON_BLOCKS = YES;
				GCC_OPTIMIZATION_LEVEL = 0;
				GCC_PREPROCESSOR_DEFINITIONS = (
					"DEBUG=1",
					"$(inherited)",
				);
				GCC_WARN_64_TO_32_BIT_CONVERSION = YES;
				GCC_WARN_ABOUT_RETURN_TYPE = YES_ERROR;
				GCC_WARN_UNDECLARED_SELECTOR = YES;
				GCC_WARN_UNINITIALIZED_AUTOS = YES_AGGRESSIVE;
				GCC_WARN_UNUSED_FUNCTION = YES;
				GCC_WARN_UNUSED_VARIABLE = YES;
				IPHONEOS_DEPLOYMENT_TARGET = 10.2;
				MTL_ENABLE_DEBUG_INFO = YES;
				ONLY_ACTIVE_ARCH = YES;
				SDKROOT = iphoneos;
				SWIFT_ACTIVE_COMPILATION_CONDITIONS = DEBUG;
				SWIFT_OPTIMIZATION_LEVEL = "-Onone";
				TARGETED_DEVICE_FAMILY = "1,2";
			};
			name = Debug;
		};
		952614801E4125AF009EC57F /* Release */ = {
			isa = XCBuildConfiguration;
			buildSettings = {
				ALWAYS_SEARCH_USER_PATHS = NO;
				CLANG_ANALYZER_NONNULL = YES;
				CLANG_CXX_LANGUAGE_STANDARD = "gnu++0x";
				CLANG_CXX_LIBRARY = "libc++";
				CLANG_ENABLE_MODULES = YES;
				CLANG_ENABLE_OBJC_ARC = YES;
				CLANG_WARN_BOOL_CONVERSION = YES;
				CLANG_WARN_CONSTANT_CONVERSION = YES;
				CLANG_WARN_DIRECT_OBJC_ISA_USAGE = YES_ERROR;
				CLANG_WARN_DOCUMENTATION_COMMENTS = YES;
				CLANG_WARN_EMPTY_BODY = YES;
				CLANG_WARN_ENUM_CONVERSION = YES;
				CLANG_WARN_INFINITE_RECURSION = YES;
				CLANG_WARN_INT_CONVERSION = YES;
				CLANG_WARN_OBJC_ROOT_CLASS = YES_ERROR;
				CLANG_WARN_SUSPICIOUS_MOVE = YES;
				CLANG_WARN_UNREACHABLE_CODE = YES;
				CLANG_WARN__DUPLICATE_METHOD_MATCH = YES;
				"CODE_SIGN_IDENTITY[sdk=iphoneos*]" = "iPhone Developer";
				COPY_PHASE_STRIP = NO;
				DEBUG_INFORMATION_FORMAT = "dwarf-with-dsym";
				ENABLE_NS_ASSERTIONS = NO;
				ENABLE_STRICT_OBJC_MSGSEND = YES;
				GCC_C_LANGUAGE_STANDARD = gnu99;
				GCC_NO_COMMON_BLOCKS = YES;
				GCC_WARN_64_TO_32_BIT_CONVERSION = YES;
				GCC_WARN_ABOUT_RETURN_TYPE = YES_ERROR;
				GCC_WARN_UNDECLARED_SELECTOR = YES;
				GCC_WARN_UNINITIALIZED_AUTOS = YES_AGGRESSIVE;
				GCC_WARN_UNUSED_FUNCTION = YES;
				GCC_WARN_UNUSED_VARIABLE = YES;
				IPHONEOS_DEPLOYMENT_TARGET = 10.2;
				MTL_ENABLE_DEBUG_INFO = NO;
				SDKROOT = iphoneos;
				SWIFT_OPTIMIZATION_LEVEL = "-Owholemodule";
				TARGETED_DEVICE_FAMILY = "1,2";
				VALIDATE_PRODUCT = YES;
			};
			name = Release;
		};
		952614821E4125AF009EC57F /* Debug */ = {
			isa = XCBuildConfiguration;
			buildSettings = {
				ASSETCATALOG_COMPILER_APPICON_NAME = AppIcon;
				DEVELOPMENT_TEAM = C24EPTZG2L;
				INFOPLIST_FILE = pokedex/Info.plist;
				LD_RUNPATH_SEARCH_PATHS = "$(inherited) @executable_path/Frameworks";
				PRODUCT_BUNDLE_IDENTIFIER = com.jeffeng.pokedex;
				PRODUCT_NAME = "$(TARGET_NAME)";
				SWIFT_VERSION = 3.0;
			};
			name = Debug;
		};
		952614831E4125AF009EC57F /* Release */ = {
			isa = XCBuildConfiguration;
			buildSettings = {
				ASSETCATALOG_COMPILER_APPICON_NAME = AppIcon;
				DEVELOPMENT_TEAM = C24EPTZG2L;
				INFOPLIST_FILE = pokedex/Info.plist;
				LD_RUNPATH_SEARCH_PATHS = "$(inherited) @executable_path/Frameworks";
				PRODUCT_BUNDLE_IDENTIFIER = com.jeffeng.pokedex;
				PRODUCT_NAME = "$(TARGET_NAME)";
				SWIFT_VERSION = 3.0;
			};
			name = Release;
		};
/* End XCBuildConfiguration section */

/* Begin XCConfigurationList section */
		9526146A1E4125AF009EC57F /* Build configuration list for PBXProject "pokedex" */ = {
			isa = XCConfigurationList;
			buildConfigurations = (
				9526147F1E4125AF009EC57F /* Debug */,
				952614801E4125AF009EC57F /* Release */,
			);
			defaultConfigurationIsVisible = 0;
			defaultConfigurationName = Release;
		};
		952614811E4125AF009EC57F /* Build configuration list for PBXNativeTarget "pokedex" */ = {
			isa = XCConfigurationList;
			buildConfigurations = (
				952614821E4125AF009EC57F /* Debug */,
				952614831E4125AF009EC57F /* Release */,
			);
			defaultConfigurationIsVisible = 0;
			defaultConfigurationName = Release;
		};
/* End XCConfigurationList section */
	};
	rootObject = 952614671E4125AF009EC57F /* Project object */;
}
