// !$*UTF8*$!
{
	archiveVersion = 1;
	classes = {
	};
	objectVersion = 46;
	objects = {

/* Begin PBXBuildFile section */
		95CEFA3F1EA9879400C299CA /* main.m in Sources */ = {isa = PBXBuildFile; fileRef = 95CEFA3E1EA9879400C299CA /* main.m */; };
		95CEFA421EA9879400C299CA /* AppDelegate.m in Sources */ = {isa = PBXBuildFile; fileRef = 95CEFA411EA9879400C299CA /* AppDelegate.m */; };
		95CEFA451EA9879400C299CA /* ViewController.m in Sources */ = {isa = PBXBuildFile; fileRef = 95CEFA441EA9879400C299CA /* ViewController.m */; };
		95CEFA481EA9879400C299CA /* Main.storyboard in Resources */ = {isa = PBXBuildFile; fileRef = 95CEFA461EA9879400C299CA /* Main.storyboard */; };
		95CEFA4A1EA9879400C299CA /* Assets.xcassets in Resources */ = {isa = PBXBuildFile; fileRef = 95CEFA491EA9879400C299CA /* Assets.xcassets */; };
		95CEFA4D1EA9879400C299CA /* LaunchScreen.storyboard in Resources */ = {isa = PBXBuildFile; fileRef = 95CEFA4B1EA9879400C299CA /* LaunchScreen.storyboard */; };
		95CEFA561EA98D2100C299CA /* Vehicle.m in Sources */ = {isa = PBXBuildFile; fileRef = 95CEFA551EA98D2100C299CA /* Vehicle.m */; };
		95CEFA591EA98E4000C299CA /* Civic.m in Sources */ = {isa = PBXBuildFile; fileRef = 95CEFA581EA98E4000C299CA /* Civic.m */; };
/* End PBXBuildFile section */

/* Begin PBXFileReference section */
		95CEFA3A1EA9879400C299CA /* OOP.app */ = {isa = PBXFileReference; explicitFileType = wrapper.application; includeInIndex = 0; path = OOP.app; sourceTree = BUILT_PRODUCTS_DIR; };
		95CEFA3E1EA9879400C299CA /* main.m */ = {isa = PBXFileReference; lastKnownFileType = sourcecode.c.objc; path = main.m; sourceTree = "<group>"; };
		95CEFA401EA9879400C299CA /* AppDelegate.h */ = {isa = PBXFileReference; lastKnownFileType = sourcecode.c.h; path = AppDelegate.h; sourceTree = "<group>"; };
		95CEFA411EA9879400C299CA /* AppDelegate.m */ = {isa = PBXFileReference; lastKnownFileType = sourcecode.c.objc; path = AppDelegate.m; sourceTree = "<group>"; };
		95CEFA431EA9879400C299CA /* ViewController.h */ = {isa = PBXFileReference; lastKnownFileType = sourcecode.c.h; path = ViewController.h; sourceTree = "<group>"; };
		95CEFA441EA9879400C299CA /* ViewController.m */ = {isa = PBXFileReference; lastKnownFileType = sourcecode.c.objc; path = ViewController.m; sourceTree = "<group>"; };
		95CEFA471EA9879400C299CA /* Base */ = {isa = PBXFileReference; lastKnownFileType = file.storyboard; name = Base; path = Base.lproj/Main.storyboard; sourceTree = "<group>"; };
		95CEFA491EA9879400C299CA /* Assets.xcassets */ = {isa = PBXFileReference; lastKnownFileType = folder.assetcatalog; path = Assets.xcassets; sourceTree = "<group>"; };
		95CEFA4C1EA9879400C299CA /* Base */ = {isa = PBXFileReference; lastKnownFileType = file.storyboard; name = Base; path = Base.lproj/LaunchScreen.storyboard; sourceTree = "<group>"; };
		95CEFA4E1EA9879400C299CA /* Info.plist */ = {isa = PBXFileReference; lastKnownFileType = text.plist.xml; path = Info.plist; sourceTree = "<group>"; };
		95CEFA541EA98D2100C299CA /* Vehicle.h */ = {isa = PBXFileReference; fileEncoding = 4; lastKnownFileType = sourcecode.c.h; path = Vehicle.h; sourceTree = "<group>"; };
		95CEFA551EA98D2100C299CA /* Vehicle.m */ = {isa = PBXFileReference; fileEncoding = 4; lastKnownFileType = sourcecode.c.objc; path = Vehicle.m; sourceTree = "<group>"; };
		95CEFA571EA98E4000C299CA /* Civic.h */ = {isa = PBXFileReference; fileEncoding = 4; lastKnownFileType = sourcecode.c.h; path = Civic.h; sourceTree = "<group>"; };
		95CEFA581EA98E4000C299CA /* Civic.m */ = {isa = PBXFileReference; fileEncoding = 4; lastKnownFileType = sourcecode.c.objc; path = Civic.m; sourceTree = "<group>"; };
/* End PBXFileReference section */

/* Begin PBXFrameworksBuildPhase section */
		95CEFA371EA9879400C299CA /* Frameworks */ = {
			isa = PBXFrameworksBuildPhase;
			buildActionMask = 2147483647;
			files = (
			);
			runOnlyForDeploymentPostprocessing = 0;
		};
/* End PBXFrameworksBuildPhase section */

/* Begin PBXGroup section */
		95CEFA311EA9879400C299CA = {
			isa = PBXGroup;
			children = (
				95CEFA3C1EA9879400C299CA /* OOP */,
				95CEFA3B1EA9879400C299CA /* Products */,
			);
			sourceTree = "<group>";
		};
		95CEFA3B1EA9879400C299CA /* Products */ = {
			isa = PBXGroup;
			children = (
				95CEFA3A1EA9879400C299CA /* OOP.app */,
			);
			name = Products;
			sourceTree = "<group>";
		};
		95CEFA3C1EA9879400C299CA /* OOP */ = {
			isa = PBXGroup;
			children = (
				95CEFA401EA9879400C299CA /* AppDelegate.h */,
				95CEFA411EA9879400C299CA /* AppDelegate.m */,
				95CEFA431EA9879400C299CA /* ViewController.h */,
				95CEFA441EA9879400C299CA /* ViewController.m */,
				95CEFA461EA9879400C299CA /* Main.storyboard */,
				95CEFA491EA9879400C299CA /* Assets.xcassets */,
				95CEFA4B1EA9879400C299CA /* LaunchScreen.storyboard */,
				95CEFA4E1EA9879400C299CA /* Info.plist */,
				95CEFA3D1EA9879400C299CA /* Supporting Files */,
				95CEFA541EA98D2100C299CA /* Vehicle.h */,
				95CEFA551EA98D2100C299CA /* Vehicle.m */,
				95CEFA571EA98E4000C299CA /* Civic.h */,
				95CEFA581EA98E4000C299CA /* Civic.m */,
			);
			path = OOP;
			sourceTree = "<group>";
		};
		95CEFA3D1EA9879400C299CA /* Supporting Files */ = {
			isa = PBXGroup;
			children = (
				95CEFA3E1EA9879400C299CA /* main.m */,
			);
			name = "Supporting Files";
			sourceTree = "<group>";
		};
/* End PBXGroup section */

/* Begin PBXNativeTarget section */
		95CEFA391EA9879400C299CA /* OOP */ = {
			isa = PBXNativeTarget;
			buildConfigurationList = 95CEFA511EA9879400C299CA /* Build configuration list for PBXNativeTarget "OOP" */;
			buildPhases = (
				95CEFA361EA9879400C299CA /* Sources */,
				95CEFA371EA9879400C299CA /* Frameworks */,
				95CEFA381EA9879400C299CA /* Resources */,
			);
			buildRules = (
			);
			dependencies = (
			);
			name = OOP;
			productName = OOP;
			productReference = 95CEFA3A1EA9879400C299CA /* OOP.app */;
			productType = "com.apple.product-type.application";
		};
/* End PBXNativeTarget section */

/* Begin PBXProject section */
		95CEFA321EA9879400C299CA /* Project object */ = {
			isa = PBXProject;
			attributes = {
				LastUpgradeCheck = 0830;
				ORGANIZATIONNAME = "Jeffrey Eng";
				TargetAttributes = {
					95CEFA391EA9879400C299CA = {
						CreatedOnToolsVersion = 8.3.2;
						ProvisioningStyle = Manual;
					};
				};
			};
			buildConfigurationList = 95CEFA351EA9879400C299CA /* Build configuration list for PBXProject "OOP" */;
			compatibilityVersion = "Xcode 3.2";
			developmentRegion = English;
			hasScannedForEncodings = 0;
			knownRegions = (
				en,
				Base,
			);
			mainGroup = 95CEFA311EA9879400C299CA;
			productRefGroup = 95CEFA3B1EA9879400C299CA /* Products */;
			projectDirPath = "";
			projectRoot = "";
			targets = (
				95CEFA391EA9879400C299CA /* OOP */,
			);
		};
/* End PBXProject section */

/* Begin PBXResourcesBuildPhase section */
		95CEFA381EA9879400C299CA /* Resources */ = {
			isa = PBXResourcesBuildPhase;
			buildActionMask = 2147483647;
			files = (
				95CEFA4D1EA9879400C299CA /* LaunchScreen.storyboard in Resources */,
				95CEFA4A1EA9879400C299CA /* Assets.xcassets in Resources */,
				95CEFA481EA9879400C299CA /* Main.storyboard in Resources */,
			);
			runOnlyForDeploymentPostprocessing = 0;
		};
/* End PBXResourcesBuildPhase section */

/* Begin PBXSourcesBuildPhase section */
		95CEFA361EA9879400C299CA /* Sources */ = {
			isa = PBXSourcesBuildPhase;
			buildActionMask = 2147483647;
			files = (
				95CEFA561EA98D2100C299CA /* Vehicle.m in Sources */,
				95CEFA591EA98E4000C299CA /* Civic.m in Sources */,
				95CEFA451EA9879400C299CA /* ViewController.m in Sources */,
				95CEFA421EA9879400C299CA /* AppDelegate.m in Sources */,
				95CEFA3F1EA9879400C299CA /* main.m in Sources */,
			);
			runOnlyForDeploymentPostprocessing = 0;
		};
/* End PBXSourcesBuildPhase section */

/* Begin PBXVariantGroup section */
		95CEFA461EA9879400C299CA /* Main.storyboard */ = {
			isa = PBXVariantGroup;
			children = (
				95CEFA471EA9879400C299CA /* Base */,
			);
			name = Main.storyboard;
			sourceTree = "<group>";
		};
		95CEFA4B1EA9879400C299CA /* LaunchScreen.storyboard */ = {
			isa = PBXVariantGroup;
			children = (
				95CEFA4C1EA9879400C299CA /* Base */,
			);
			name = LaunchScreen.storyboard;
			sourceTree = "<group>";
		};
/* End PBXVariantGroup section */

/* Begin XCBuildConfiguration section */
		95CEFA4F1EA9879400C299CA /* Debug */ = {
			isa = XCBuildConfiguration;
			buildSettings = {
				ALWAYS_SEARCH_USER_PATHS = NO;
				CLANG_ANALYZER_NONNULL = YES;
				CLANG_ANALYZER_NUMBER_OBJECT_CONVERSION = YES_AGGRESSIVE;
				CLANG_CXX_LANGUAGE_STANDARD = "gnu++0x";
				CLANG_CXX_LIBRARY = "libc++";
				CLANG_ENABLE_MODULES = YES;
				CLANG_ENABLE_OBJC_ARC = YES;
				CLANG_WARN_BOOL_CONVERSION = YES;
				CLANG_WARN_CONSTANT_CONVERSION = YES;
				CLANG_WARN_DIRECT_OBJC_ISA_USAGE = YES_ERROR;
				CLANG_WARN_DOCUMENTATION_COMMENTS = YES;
				CLANG_WARN_EMPTY_BODY = YES;
				CLANG_WARN_ENUM_CONVERSION = YES;
				CLANG_WARN_INFINITE_RECURSION = YES;
				CLANG_WARN_INT_CONVERSION = YES;
				CLANG_WARN_OBJC_ROOT_CLASS = YES_ERROR;
				CLANG_WARN_SUSPICIOUS_MOVE = YES;
				CLANG_WARN_UNREACHABLE_CODE = YES;
				CLANG_WARN__DUPLICATE_METHOD_MATCH = YES;
				"CODE_SIGN_IDENTITY[sdk=iphoneos*]" = "iPhone Developer";
				COPY_PHASE_STRIP = NO;
				DEBUG_INFORMATION_FORMAT = dwarf;
				ENABLE_STRICT_OBJC_MSGSEND = YES;
				ENABLE_TESTABILITY = YES;
				GCC_C_LANGUAGE_STANDARD = gnu99;
				GCC_DYNAMIC_NO_PIC = NO;
				GCC_NO_COMMON_BLOCKS = YES;
				GCC_OPTIMIZATION_LEVEL = 0;
				GCC_PREPROCESSOR_DEFINITIONS = (
					"DEBUG=1",
					"$(inherited)",
				);
				GCC_WARN_64_TO_32_BIT_CONVERSION = YES;
				GCC_WARN_ABOUT_RETURN_TYPE = YES_ERROR;
				GCC_WARN_UNDECLARED_SELECTOR = YES;
				GCC_WARN_UNINITIALIZED_AUTOS = YES_AGGRESSIVE;
				GCC_WARN_UNUSED_FUNCTION = YES;
				GCC_WARN_UNUSED_VARIABLE = YES;
				IPHONEOS_DEPLOYMENT_TARGET = 10.3;
				MTL_ENABLE_DEBUG_INFO = YES;
				ONLY_ACTIVE_ARCH = YES;
				SDKROOT = iphoneos;
				TARGETED_DEVICE_FAMILY = "1,2";
			};
			name = Debug;
		};
		95CEFA501EA9879400C299CA /* Release */ = {
			isa = XCBuildConfiguration;
			buildSettings = {
				ALWAYS_SEARCH_USER_PATHS = NO;
				CLANG_ANALYZER_NONNULL = YES;
				CLANG_ANALYZER_NUMBER_OBJECT_CONVERSION = YES_AGGRESSIVE;
				CLANG_CXX_LANGUAGE_STANDARD = "gnu++0x";
				CLANG_CXX_LIBRARY = "libc++";
				CLANG_ENABLE_MODULES = YES;
				CLANG_ENABLE_OBJC_ARC = YES;
				CLANG_WARN_BOOL_CONVERSION = YES;
				CLANG_WARN_CONSTANT_CONVERSION = YES;
				CLANG_WARN_DIRECT_OBJC_ISA_USAGE = YES_ERROR;
				CLANG_WARN_DOCUMENTATION_COMMENTS = YES;
				CLANG_WARN_EMPTY_BODY = YES;
				CLANG_WARN_ENUM_CONVERSION = YES;
				CLANG_WARN_INFINITE_RECURSION = YES;
				CLANG_WARN_INT_CONVERSION = YES;
				CLANG_WARN_OBJC_ROOT_CLASS = YES_ERROR;
				CLANG_WARN_SUSPICIOUS_MOVE = YES;
				CLANG_WARN_UNREACHABLE_CODE = YES;
				CLANG_WARN__DUPLICATE_METHOD_MATCH = YES;
				"CODE_SIGN_IDENTITY[sdk=iphoneos*]" = "iPhone Developer";
				COPY_PHASE_STRIP = NO;
				DEBUG_INFORMATION_FORMAT = "dwarf-with-dsym";
				ENABLE_NS_ASSERTIONS = NO;
				ENABLE_STRICT_OBJC_MSGSEND = YES;
				GCC_C_LANGUAGE_STANDARD = gnu99;
				GCC_NO_COMMON_BLOCKS = YES;
				GCC_WARN_64_TO_32_BIT_CONVERSION = YES;
				GCC_WARN_ABOUT_RETURN_TYPE = YES_ERROR;
				GCC_WARN_UNDECLARED_SELECTOR = YES;
				GCC_WARN_UNINITIALIZED_AUTOS = YES_AGGRESSIVE;
				GCC_WARN_UNUSED_FUNCTION = YES;
				GCC_WARN_UNUSED_VARIABLE = YES;
				IPHONEOS_DEPLOYMENT_TARGET = 10.3;
				MTL_ENABLE_DEBUG_INFO = NO;
				SDKROOT = iphoneos;
				TARGETED_DEVICE_FAMILY = "1,2";
				VALIDATE_PRODUCT = YES;
			};
			name = Release;
		};
		95CEFA521EA9879400C299CA /* Debug */ = {
			isa = XCBuildConfiguration;
			buildSettings = {
				ASSETCATALOG_COMPILER_APPICON_NAME = AppIcon;
				DEVELOPMENT_TEAM = "";
				INFOPLIST_FILE = OOP/Info.plist;
				LD_RUNPATH_SEARCH_PATHS = "$(inherited) @executable_path/Frameworks";
				PRODUCT_BUNDLE_IDENTIFIER = com.jeffeng.OOP;
				PRODUCT_NAME = "$(TARGET_NAME)";
				PROVISIONING_PROFILE_SPECIFIER = "";
			};
			name = Debug;
		};
		95CEFA531EA9879400C299CA /* Release */ = {
			isa = XCBuildConfiguration;
			buildSettings = {
				ASSETCATALOG_COMPILER_APPICON_NAME = AppIcon;
				DEVELOPMENT_TEAM = "";
				INFOPLIST_FILE = OOP/Info.plist;
				LD_RUNPATH_SEARCH_PATHS = "$(inherited) @executable_path/Frameworks";
				PRODUCT_BUNDLE_IDENTIFIER = com.jeffeng.OOP;
				PRODUCT_NAME = "$(TARGET_NAME)";
				PROVISIONING_PROFILE_SPECIFIER = "";
			};
			name = Release;
		};
/* End XCBuildConfiguration section */

/* Begin XCConfigurationList section */
		95CEFA351EA9879400C299CA /* Build configuration list for PBXProject "OOP" */ = {
			isa = XCConfigurationList;
			buildConfigurations = (
				95CEFA4F1EA9879400C299CA /* Debug */,
				95CEFA501EA9879400C299CA /* Release */,
			);
			defaultConfigurationIsVisible = 0;
			defaultConfigurationName = Release;
		};
		95CEFA511EA9879400C299CA /* Build configuration list for PBXNativeTarget "OOP" */ = {
			isa = XCConfigurationList;
			buildConfigurations = (
				95CEFA521EA9879400C299CA /* Debug */,
				95CEFA531EA9879400C299CA /* Release */,
			);
			defaultConfigurationIsVisible = 0;
		};
/* End XCConfigurationList section */
	};
	rootObject = 95CEFA321EA9879400C299CA /* Project object */;
}
